// !$*UTF8*$!
{
	archiveVersion = 1;
	classes = {
	};
	objectVersion = 55;
	objects = {

/* Begin PBXBuildFile section */
		3E6575C428378FB1006B0C81 /* Window.cpp in Sources */ = {isa = PBXBuildFile; fileRef = 3E6575C228378FB1006B0C81 /* Window.cpp */; };
		3E6575C528378FB1006B0C81 /* Window.hpp in Headers */ = {isa = PBXBuildFile; fileRef = 3E6575C328378FB1006B0C81 /* Window.hpp */; };
		3E6575CA28378FD8006B0C81 /* MacWindow.cpp in Sources */ = {isa = PBXBuildFile; fileRef = 3E6575C828378FD8006B0C81 /* MacWindow.cpp */; };
		3E6575CB28378FD8006B0C81 /* MacWindow.hpp in Headers */ = {isa = PBXBuildFile; fileRef = 3E6575C928378FD8006B0C81 /* MacWindow.hpp */; };
		3E6575D628379414006B0C81 /* Event.h in Headers */ = {isa = PBXBuildFile; fileRef = 3E6575D228379414006B0C81 /* Event.h */; };
		3E6575D728379414006B0C81 /* KeyEvent.h in Headers */ = {isa = PBXBuildFile; fileRef = 3E6575D328379414006B0C81 /* KeyEvent.h */; };
		3E6575D828379414006B0C81 /* ApplicationEvent.h in Headers */ = {isa = PBXBuildFile; fileRef = 3E6575D428379414006B0C81 /* ApplicationEvent.h */; };
		3E6575D928379414006B0C81 /* MouseEvent.h in Headers */ = {isa = PBXBuildFile; fileRef = 3E6575D528379414006B0C81 /* MouseEvent.h */; };
		3E6575DC28379491006B0C81 /* MouseCodes.h in Headers */ = {isa = PBXBuildFile; fileRef = 3E6575DA28379491006B0C81 /* MouseCodes.h */; };
		3E6575DD28379491006B0C81 /* KeyCodes.h in Headers */ = {isa = PBXBuildFile; fileRef = 3E6575DB28379491006B0C81 /* KeyCodes.h */; };
		3E6575DF283798B5006B0C81 /* iKanCommon.h in Headers */ = {isa = PBXBuildFile; fileRef = 3E6575DE283798B5006B0C81 /* iKanCommon.h */; };
		3E6575E128379C0E006B0C81 /* Timestep.hpp in Headers */ = {isa = PBXBuildFile; fileRef = 3E6575E028379C0A006B0C81 /* Timestep.hpp */; };
		3E6575E328379C3E006B0C81 /* Timestep.cpp in Sources */ = {isa = PBXBuildFile; fileRef = 3E6575E228379C3E006B0C81 /* Timestep.cpp */; };
		3E6575E62837AFAB006B0C81 /* libglfw3.a in Frameworks */ = {isa = PBXBuildFile; fileRef = 3E6575E52837AFAB006B0C81 /* libglfw3.a */; };
		3E6575EF2837B2A4006B0C81 /* Profiler.cpp in Sources */ = {isa = PBXBuildFile; fileRef = 3E6575ED2837B2A4006B0C81 /* Profiler.cpp */; };
		3E6575F02837B2A4006B0C81 /* Profiler.hpp in Headers */ = {isa = PBXBuildFile; fileRef = 3E6575EE2837B2A4006B0C81 /* Profiler.hpp */; };
		3E6575F92837B662006B0C81 /* Renderer.cpp in Sources */ = {isa = PBXBuildFile; fileRef = 3E6575F72837B662006B0C81 /* Renderer.cpp */; };
		3E6575FA2837B662006B0C81 /* Renderer.hpp in Headers */ = {isa = PBXBuildFile; fileRef = 3E6575F82837B662006B0C81 /* Renderer.hpp */; };
		3E6575FD2837B8E1006B0C81 /* RendererAPI.cpp in Sources */ = {isa = PBXBuildFile; fileRef = 3E6575FB2837B8E1006B0C81 /* RendererAPI.cpp */; };
		3E6575FE2837B8E1006B0C81 /* RendererAPI.hpp in Headers */ = {isa = PBXBuildFile; fileRef = 3E6575FC2837B8E1006B0C81 /* RendererAPI.hpp */; };
		3E6576022837BA08006B0C81 /* OpenGLRendererAPI.cpp in Sources */ = {isa = PBXBuildFile; fileRef = 3E6576002837BA08006B0C81 /* OpenGLRendererAPI.cpp */; };
		3E6576032837BA08006B0C81 /* OpenGLRendererAPI.hpp in Headers */ = {isa = PBXBuildFile; fileRef = 3E6576012837BA08006B0C81 /* OpenGLRendererAPI.hpp */; };
		3E65762B2837BE74006B0C81 /* libglad.a in Frameworks */ = {isa = PBXBuildFile; fileRef = 3E6576202837BE33006B0C81 /* libglad.a */; };
		3E65762E2837BEDA006B0C81 /* OpenGLRendererContext.cpp in Sources */ = {isa = PBXBuildFile; fileRef = 3E65762C2837BEDA006B0C81 /* OpenGLRendererContext.cpp */; };
		3E65762F2837BEDA006B0C81 /* OpenGLRendererContext.hpp in Headers */ = {isa = PBXBuildFile; fileRef = 3E65762D2837BEDA006B0C81 /* OpenGLRendererContext.hpp */; };
		3E6576322837BF09006B0C81 /* RendererContext.cpp in Sources */ = {isa = PBXBuildFile; fileRef = 3E6576302837BF09006B0C81 /* RendererContext.cpp */; };
		3E6576332837BF09006B0C81 /* RendererContext.hpp in Headers */ = {isa = PBXBuildFile; fileRef = 3E6576312837BF09006B0C81 /* RendererContext.hpp */; };
		3E65763B2837C785006B0C81 /* Buffer.cpp in Sources */ = {isa = PBXBuildFile; fileRef = 3E6576392837C785006B0C81 /* Buffer.cpp */; };
		3E65763C2837C785006B0C81 /* Buffer.hpp in Headers */ = {isa = PBXBuildFile; fileRef = 3E65763A2837C785006B0C81 /* Buffer.hpp */; };
		3E65763F2837CA95006B0C81 /* MacInput.cpp in Sources */ = {isa = PBXBuildFile; fileRef = 3E65763D2837CA95006B0C81 /* MacInput.cpp */; };
		3E6576402837CA95006B0C81 /* Input.hpp in Headers */ = {isa = PBXBuildFile; fileRef = 3E65763E2837CA95006B0C81 /* Input.hpp */; };
		3E65765E2837CF88006B0C81 /* libgui.a in Frameworks */ = {isa = PBXBuildFile; fileRef = 3E65765D2837CEB5006B0C81 /* libgui.a */; };
		3E6578DB2837D10B006B0C81 /* ImguiLayer.cpp in Sources */ = {isa = PBXBuildFile; fileRef = 3E6578D92837D10B006B0C81 /* ImguiLayer.cpp */; };
		3E6578DC2837D10B006B0C81 /* ImguiLayer.hpp in Headers */ = {isa = PBXBuildFile; fileRef = 3E6578DA2837D10B006B0C81 /* ImguiLayer.hpp */; };
		3E6578DE2837D278006B0C81 /* ImguiBuild.cpp in Sources */ = {isa = PBXBuildFile; fileRef = 3E6578DD2837D278006B0C81 /* ImguiBuild.cpp */; };
		3E6578EF2837DE49006B0C81 /* PropertyGrid.cpp in Sources */ = {isa = PBXBuildFile; fileRef = 3E6578ED2837DE49006B0C81 /* PropertyGrid.cpp */; };
		3E6578F02837DE49006B0C81 /* PropertyGrid.hpp in Headers */ = {isa = PBXBuildFile; fileRef = 3E6578EE2837DE49006B0C81 /* PropertyGrid.hpp */; };
		3E6578F32837DF04006B0C81 /* ImguiAPI.cpp in Sources */ = {isa = PBXBuildFile; fileRef = 3E6578F12837DF04006B0C81 /* ImguiAPI.cpp */; };
		3E6578F42837DF04006B0C81 /* ImguiAPI.hpp in Headers */ = {isa = PBXBuildFile; fileRef = 3E6578F22837DF04006B0C81 /* ImguiAPI.hpp */; };
		3E6A4D6928360A2B003578F4 /* PrefixHeader.pch in Headers */ = {isa = PBXBuildFile; fileRef = 3E6A4D6828360A2B003578F4 /* PrefixHeader.pch */; };
		3E6A4D6C28360E74003578F4 /* Entrypoint.h in Headers */ = {isa = PBXBuildFile; fileRef = 3E6A4D6B28360E74003578F4 /* Entrypoint.h */; };
		3E6A4D6E28360F1B003578F4 /* iKanHeaders.h in Headers */ = {isa = PBXBuildFile; fileRef = 3E6A4D6D28360F1B003578F4 /* iKanHeaders.h */; };
		3E6A4D7228360F7C003578F4 /* Application.cpp in Sources */ = {isa = PBXBuildFile; fileRef = 3E6A4D7028360F7C003578F4 /* Application.cpp */; };
		3E6A4D7328360F7C003578F4 /* Application.hpp in Headers */ = {isa = PBXBuildFile; fileRef = 3E6A4D7128360F7C003578F4 /* Application.hpp */; };
		3E6A4D7728362759003578F4 /* Logger.cpp in Sources */ = {isa = PBXBuildFile; fileRef = 3E6A4D7528362759003578F4 /* Logger.cpp */; };
		3E6A4D7828362759003578F4 /* Logger.hpp in Headers */ = {isa = PBXBuildFile; fileRef = 3E6A4D7628362759003578F4 /* Logger.hpp */; };
		3E6A4D7D28364303003578F4 /* Asserts.h in Headers */ = {isa = PBXBuildFile; fileRef = 3E6A4D7C28364303003578F4 /* Asserts.h */; };
		3E6A4D7F283643AD003578F4 /* iKanCore.h in Headers */ = {isa = PBXBuildFile; fileRef = 3E6A4D7E283643AD003578F4 /* iKanCore.h */; };
		3E6A4D8128364481003578F4 /* LoggerCoreAPI.h in Headers */ = {isa = PBXBuildFile; fileRef = 3E6A4D8028364481003578F4 /* LoggerCoreAPI.h */; };
		3E6A4D8428364497003578F4 /* AssertsCoreAPI.h in Headers */ = {isa = PBXBuildFile; fileRef = 3E6A4D8328364497003578F4 /* AssertsCoreAPI.h */; };
		3E6A4D8C28369025003578F4 /* Layer.hpp in Headers */ = {isa = PBXBuildFile; fileRef = 3E6A4D8A28369025003578F4 /* Layer.hpp */; };
		3E6A4D932836979C003578F4 /* LayerStack.cpp in Sources */ = {isa = PBXBuildFile; fileRef = 3E6A4D912836979C003578F4 /* LayerStack.cpp */; };
		3E6A4D942836979C003578F4 /* LayerStack.hpp in Headers */ = {isa = PBXBuildFile; fileRef = 3E6A4D922836979C003578F4 /* LayerStack.hpp */; };
/* End PBXBuildFile section */

/* Begin PBXContainerItemProxy section */
		3E65761F2837BE33006B0C81 /* PBXContainerItemProxy */ = {
			isa = PBXContainerItemProxy;
			containerPortal = 3E65761B2837BE32006B0C81 /* glad.xcodeproj */;
			proxyType = 2;
			remoteGlobalIDString = 3E65760D2837BE32006B0C81;
			remoteInfo = glad;
		};
		3E65765C2837CEB5006B0C81 /* PBXContainerItemProxy */ = {
			isa = PBXContainerItemProxy;
			containerPortal = 3E6576582837CEB5006B0C81 /* gui.xcodeproj */;
			proxyType = 2;
			remoteGlobalIDString = 3E65764A2837CEB4006B0C81;
			remoteInfo = gui;
		};
/* End PBXContainerItemProxy section */

/* Begin PBXFileReference section */
		3E6575C228378FB1006B0C81 /* Window.cpp */ = {isa = PBXFileReference; lastKnownFileType = sourcecode.cpp.cpp; path = Window.cpp; sourceTree = "<group>"; };
		3E6575C328378FB1006B0C81 /* Window.hpp */ = {isa = PBXFileReference; lastKnownFileType = sourcecode.cpp.h; path = Window.hpp; sourceTree = "<group>"; };
		3E6575C828378FD8006B0C81 /* MacWindow.cpp */ = {isa = PBXFileReference; lastKnownFileType = sourcecode.cpp.cpp; path = MacWindow.cpp; sourceTree = "<group>"; };
		3E6575C928378FD8006B0C81 /* MacWindow.hpp */ = {isa = PBXFileReference; lastKnownFileType = sourcecode.cpp.h; path = MacWindow.hpp; sourceTree = "<group>"; };
		3E6575D228379414006B0C81 /* Event.h */ = {isa = PBXFileReference; fileEncoding = 4; lastKnownFileType = sourcecode.c.h; path = Event.h; sourceTree = "<group>"; };
		3E6575D328379414006B0C81 /* KeyEvent.h */ = {isa = PBXFileReference; fileEncoding = 4; lastKnownFileType = sourcecode.c.h; path = KeyEvent.h; sourceTree = "<group>"; };
		3E6575D428379414006B0C81 /* ApplicationEvent.h */ = {isa = PBXFileReference; fileEncoding = 4; lastKnownFileType = sourcecode.c.h; path = ApplicationEvent.h; sourceTree = "<group>"; };
		3E6575D528379414006B0C81 /* MouseEvent.h */ = {isa = PBXFileReference; fileEncoding = 4; lastKnownFileType = sourcecode.c.h; path = MouseEvent.h; sourceTree = "<group>"; };
		3E6575DA28379491006B0C81 /* MouseCodes.h */ = {isa = PBXFileReference; fileEncoding = 4; lastKnownFileType = sourcecode.c.h; path = MouseCodes.h; sourceTree = "<group>"; };
		3E6575DB28379491006B0C81 /* KeyCodes.h */ = {isa = PBXFileReference; fileEncoding = 4; lastKnownFileType = sourcecode.c.h; path = KeyCodes.h; sourceTree = "<group>"; };
		3E6575DE283798B5006B0C81 /* iKanCommon.h */ = {isa = PBXFileReference; lastKnownFileType = sourcecode.c.h; path = iKanCommon.h; sourceTree = "<group>"; };
		3E6575E028379C0A006B0C81 /* Timestep.hpp */ = {isa = PBXFileReference; lastKnownFileType = sourcecode.cpp.h; path = Timestep.hpp; sourceTree = "<group>"; };
		3E6575E228379C3E006B0C81 /* Timestep.cpp */ = {isa = PBXFileReference; lastKnownFileType = sourcecode.cpp.cpp; path = Timestep.cpp; sourceTree = "<group>"; };
		3E6575E52837AFAB006B0C81 /* libglfw3.a */ = {isa = PBXFileReference; lastKnownFileType = archive.ar; name = libglfw3.a; path = vendors/glfw/lib/libglfw3.a; sourceTree = "<group>"; };
		3E6575ED2837B2A4006B0C81 /* Profiler.cpp */ = {isa = PBXFileReference; lastKnownFileType = sourcecode.cpp.cpp; path = Profiler.cpp; sourceTree = "<group>"; };
		3E6575EE2837B2A4006B0C81 /* Profiler.hpp */ = {isa = PBXFileReference; lastKnownFileType = sourcecode.cpp.h; path = Profiler.hpp; sourceTree = "<group>"; };
		3E6575F72837B662006B0C81 /* Renderer.cpp */ = {isa = PBXFileReference; lastKnownFileType = sourcecode.cpp.cpp; path = Renderer.cpp; sourceTree = "<group>"; };
		3E6575F82837B662006B0C81 /* Renderer.hpp */ = {isa = PBXFileReference; lastKnownFileType = sourcecode.cpp.h; path = Renderer.hpp; sourceTree = "<group>"; };
		3E6575FB2837B8E1006B0C81 /* RendererAPI.cpp */ = {isa = PBXFileReference; lastKnownFileType = sourcecode.cpp.cpp; path = RendererAPI.cpp; sourceTree = "<group>"; };
		3E6575FC2837B8E1006B0C81 /* RendererAPI.hpp */ = {isa = PBXFileReference; lastKnownFileType = sourcecode.cpp.h; path = RendererAPI.hpp; sourceTree = "<group>"; };
		3E6576002837BA08006B0C81 /* OpenGLRendererAPI.cpp */ = {isa = PBXFileReference; lastKnownFileType = sourcecode.cpp.cpp; path = OpenGLRendererAPI.cpp; sourceTree = "<group>"; };
		3E6576012837BA08006B0C81 /* OpenGLRendererAPI.hpp */ = {isa = PBXFileReference; lastKnownFileType = sourcecode.cpp.h; path = OpenGLRendererAPI.hpp; sourceTree = "<group>"; };
		3E65761B2837BE32006B0C81 /* glad.xcodeproj */ = {isa = PBXFileReference; lastKnownFileType = "wrapper.pb-project"; name = glad.xcodeproj; path = glad/glad.xcodeproj; sourceTree = "<group>"; };
		3E65762C2837BEDA006B0C81 /* OpenGLRendererContext.cpp */ = {isa = PBXFileReference; lastKnownFileType = sourcecode.cpp.cpp; path = OpenGLRendererContext.cpp; sourceTree = "<group>"; };
		3E65762D2837BEDA006B0C81 /* OpenGLRendererContext.hpp */ = {isa = PBXFileReference; lastKnownFileType = sourcecode.cpp.h; path = OpenGLRendererContext.hpp; sourceTree = "<group>"; };
		3E6576302837BF09006B0C81 /* RendererContext.cpp */ = {isa = PBXFileReference; lastKnownFileType = sourcecode.cpp.cpp; path = RendererContext.cpp; sourceTree = "<group>"; };
		3E6576312837BF09006B0C81 /* RendererContext.hpp */ = {isa = PBXFileReference; lastKnownFileType = sourcecode.cpp.h; path = RendererContext.hpp; sourceTree = "<group>"; };
		3E6576392837C785006B0C81 /* Buffer.cpp */ = {isa = PBXFileReference; lastKnownFileType = sourcecode.cpp.cpp; path = Buffer.cpp; sourceTree = "<group>"; };
		3E65763A2837C785006B0C81 /* Buffer.hpp */ = {isa = PBXFileReference; lastKnownFileType = sourcecode.cpp.h; path = Buffer.hpp; sourceTree = "<group>"; };
		3E65763D2837CA95006B0C81 /* MacInput.cpp */ = {isa = PBXFileReference; lastKnownFileType = sourcecode.cpp.cpp; path = MacInput.cpp; sourceTree = "<group>"; };
		3E65763E2837CA95006B0C81 /* Input.hpp */ = {isa = PBXFileReference; lastKnownFileType = sourcecode.cpp.h; path = Input.hpp; sourceTree = "<group>"; };
		3E6576582837CEB5006B0C81 /* gui.xcodeproj */ = {isa = PBXFileReference; lastKnownFileType = "wrapper.pb-project"; name = gui.xcodeproj; path = gui/gui.xcodeproj; sourceTree = "<group>"; };
		3E6578D92837D10B006B0C81 /* ImguiLayer.cpp */ = {isa = PBXFileReference; lastKnownFileType = sourcecode.cpp.cpp; path = ImguiLayer.cpp; sourceTree = "<group>"; };
		3E6578DA2837D10B006B0C81 /* ImguiLayer.hpp */ = {isa = PBXFileReference; lastKnownFileType = sourcecode.cpp.h; path = ImguiLayer.hpp; sourceTree = "<group>"; };
		3E6578DD2837D278006B0C81 /* ImguiBuild.cpp */ = {isa = PBXFileReference; lastKnownFileType = sourcecode.cpp.cpp; path = ImguiBuild.cpp; sourceTree = "<group>"; };
		3E6578ED2837DE49006B0C81 /* PropertyGrid.cpp */ = {isa = PBXFileReference; lastKnownFileType = sourcecode.cpp.cpp; path = PropertyGrid.cpp; sourceTree = "<group>"; };
		3E6578EE2837DE49006B0C81 /* PropertyGrid.hpp */ = {isa = PBXFileReference; lastKnownFileType = sourcecode.cpp.h; path = PropertyGrid.hpp; sourceTree = "<group>"; };
		3E6578F12837DF04006B0C81 /* ImguiAPI.cpp */ = {isa = PBXFileReference; lastKnownFileType = sourcecode.cpp.cpp; path = ImguiAPI.cpp; sourceTree = "<group>"; };
		3E6578F22837DF04006B0C81 /* ImguiAPI.hpp */ = {isa = PBXFileReference; lastKnownFileType = sourcecode.cpp.h; path = ImguiAPI.hpp; sourceTree = "<group>"; };
		3E6A4D3C2836091E003578F4 /* libiKan.a */ = {isa = PBXFileReference; explicitFileType = archive.ar; includeInIndex = 0; path = libiKan.a; sourceTree = BUILT_PRODUCTS_DIR; };
		3E6A4D6828360A2B003578F4 /* PrefixHeader.pch */ = {isa = PBXFileReference; lastKnownFileType = sourcecode.c.h; path = PrefixHeader.pch; sourceTree = "<group>"; };
		3E6A4D6B28360E74003578F4 /* Entrypoint.h */ = {isa = PBXFileReference; lastKnownFileType = sourcecode.c.h; path = Entrypoint.h; sourceTree = "<group>"; };
		3E6A4D6D28360F1B003578F4 /* iKanHeaders.h */ = {isa = PBXFileReference; lastKnownFileType = sourcecode.c.h; path = iKanHeaders.h; sourceTree = "<group>"; };
		3E6A4D7028360F7C003578F4 /* Application.cpp */ = {isa = PBXFileReference; lastKnownFileType = sourcecode.cpp.cpp; path = Application.cpp; sourceTree = "<group>"; };
		3E6A4D7128360F7C003578F4 /* Application.hpp */ = {isa = PBXFileReference; lastKnownFileType = sourcecode.cpp.h; path = Application.hpp; sourceTree = "<group>"; };
		3E6A4D7528362759003578F4 /* Logger.cpp */ = {isa = PBXFileReference; lastKnownFileType = sourcecode.cpp.cpp; path = Logger.cpp; sourceTree = "<group>"; };
		3E6A4D7628362759003578F4 /* Logger.hpp */ = {isa = PBXFileReference; lastKnownFileType = sourcecode.cpp.h; path = Logger.hpp; sourceTree = "<group>"; };
		3E6A4D7C28364303003578F4 /* Asserts.h */ = {isa = PBXFileReference; lastKnownFileType = sourcecode.c.h; path = Asserts.h; sourceTree = "<group>"; };
		3E6A4D7E283643AD003578F4 /* iKanCore.h */ = {isa = PBXFileReference; lastKnownFileType = sourcecode.c.h; path = iKanCore.h; sourceTree = "<group>"; };
		3E6A4D8028364481003578F4 /* LoggerCoreAPI.h */ = {isa = PBXFileReference; lastKnownFileType = sourcecode.c.h; path = LoggerCoreAPI.h; sourceTree = "<group>"; };
		3E6A4D8328364497003578F4 /* AssertsCoreAPI.h */ = {isa = PBXFileReference; lastKnownFileType = sourcecode.c.h; path = AssertsCoreAPI.h; sourceTree = "<group>"; };
		3E6A4D8A28369025003578F4 /* Layer.hpp */ = {isa = PBXFileReference; lastKnownFileType = sourcecode.cpp.h; path = Layer.hpp; sourceTree = "<group>"; };
		3E6A4D912836979C003578F4 /* LayerStack.cpp */ = {isa = PBXFileReference; lastKnownFileType = sourcecode.cpp.cpp; path = LayerStack.cpp; sourceTree = "<group>"; };
		3E6A4D922836979C003578F4 /* LayerStack.hpp */ = {isa = PBXFileReference; lastKnownFileType = sourcecode.cpp.h; path = LayerStack.hpp; sourceTree = "<group>"; };
/* End PBXFileReference section */

/* Begin PBXFrameworksBuildPhase section */
		3E6A4D3A2836091E003578F4 /* Frameworks */ = {
			isa = PBXFrameworksBuildPhase;
			buildActionMask = 2147483647;
			files = (
				3E65765E2837CF88006B0C81 /* libgui.a in Frameworks */,
				3E65762B2837BE74006B0C81 /* libglad.a in Frameworks */,
				3E6575E62837AFAB006B0C81 /* libglfw3.a in Frameworks */,
			);
			runOnlyForDeploymentPostprocessing = 0;
		};
/* End PBXFrameworksBuildPhase section */

/* Begin PBXGroup section */
		3E6575C628378FB7006B0C81 /* Platform */ = {
			isa = PBXGroup;
			children = (
				3E6575FF2837B9F9006B0C81 /* OpenGL */,
				3E6575C728378FC1006B0C81 /* MacOS */,
			);
			path = Platform;
			sourceTree = "<group>";
		};
		3E6575C728378FC1006B0C81 /* MacOS */ = {
			isa = PBXGroup;
			children = (
				3E6575C828378FD8006B0C81 /* MacWindow.cpp */,
				3E6575C928378FD8006B0C81 /* MacWindow.hpp */,
				3E65763D2837CA95006B0C81 /* MacInput.cpp */,
			);
			path = MacOS;
			sourceTree = "<group>";
		};
		3E6575D128379414006B0C81 /* Event */ = {
			isa = PBXGroup;
			children = (
				3E6575D228379414006B0C81 /* Event.h */,
				3E6575D428379414006B0C81 /* ApplicationEvent.h */,
				3E6575D328379414006B0C81 /* KeyEvent.h */,
				3E6575D528379414006B0C81 /* MouseEvent.h */,
			);
			path = Event;
			sourceTree = "<group>";
		};
		3E6575E42837AFAA006B0C81 /* Frameworks */ = {
			isa = PBXGroup;
			children = (
				3E6575E52837AFAB006B0C81 /* libglfw3.a */,
			);
			name = Frameworks;
			sourceTree = "<group>";
		};
		3E6575F12837B62C006B0C81 /* Renderer */ = {
			isa = PBXGroup;
			children = (
				3E6575F32837B644006B0C81 /* Utils */,
				3E6575F42837B648006B0C81 /* Graphics */,
			);
			path = Renderer;
			sourceTree = "<group>";
		};
		3E6575F22837B63B006B0C81 /* Renderer */ = {
			isa = PBXGroup;
			children = (
				3E6575F62837B656006B0C81 /* Utils */,
				3E6575F52837B651006B0C81 /* Graphics */,
			);
			path = Renderer;
			sourceTree = "<group>";
		};
		3E6575F32837B644006B0C81 /* Utils */ = {
			isa = PBXGroup;
			children = (
				3E6575F82837B662006B0C81 /* Renderer.hpp */,
				3E6575FC2837B8E1006B0C81 /* RendererAPI.hpp */,
			);
			path = Utils;
			sourceTree = "<group>";
		};
		3E6575F42837B648006B0C81 /* Graphics */ = {
			isa = PBXGroup;
			children = (
				3E6576312837BF09006B0C81 /* RendererContext.hpp */,
			);
			path = Graphics;
			sourceTree = "<group>";
		};
		3E6575F52837B651006B0C81 /* Graphics */ = {
			isa = PBXGroup;
			children = (
				3E6576302837BF09006B0C81 /* RendererContext.cpp */,
			);
			path = Graphics;
			sourceTree = "<group>";
		};
		3E6575F62837B656006B0C81 /* Utils */ = {
			isa = PBXGroup;
			children = (
				3E6575F72837B662006B0C81 /* Renderer.cpp */,
				3E6575FB2837B8E1006B0C81 /* RendererAPI.cpp */,
			);
			path = Utils;
			sourceTree = "<group>";
		};
		3E6575FF2837B9F9006B0C81 /* OpenGL */ = {
			isa = PBXGroup;
			children = (
				3E6576002837BA08006B0C81 /* OpenGLRendererAPI.cpp */,
				3E6576012837BA08006B0C81 /* OpenGLRendererAPI.hpp */,
				3E65762C2837BEDA006B0C81 /* OpenGLRendererContext.cpp */,
				3E65762D2837BEDA006B0C81 /* OpenGLRendererContext.hpp */,
			);
			path = OpenGL;
			sourceTree = "<group>";
		};
		3E65761C2837BE32006B0C81 /* Products */ = {
			isa = PBXGroup;
			children = (
				3E6576202837BE33006B0C81 /* libglad.a */,
			);
			name = Products;
			sourceTree = "<group>";
		};
		3E6576592837CEB5006B0C81 /* Products */ = {
			isa = PBXGroup;
			children = (
				3E65765D2837CEB5006B0C81 /* libgui.a */,
			);
			name = Products;
			sourceTree = "<group>";
		};
		3E6578D72837D071006B0C81 /* Gui */ = {
			isa = PBXGroup;
			children = (
				3E6578DA2837D10B006B0C81 /* ImguiLayer.hpp */,
				3E6578F22837DF04006B0C81 /* ImguiAPI.hpp */,
			);
			path = Gui;
			sourceTree = "<group>";
		};
		3E6578D82837D098006B0C81 /* Gui */ = {
			isa = PBXGroup;
			children = (
				3E6578D92837D10B006B0C81 /* ImguiLayer.cpp */,
				3E6578DD2837D278006B0C81 /* ImguiBuild.cpp */,
				3E6578F12837DF04006B0C81 /* ImguiAPI.cpp */,
			);
			path = Gui;
			sourceTree = "<group>";
		};
		3E6578E92837DE1C006B0C81 /* Editor */ = {
			isa = PBXGroup;
			children = (
				3E6578EE2837DE49006B0C81 /* PropertyGrid.hpp */,
			);
			path = Editor;
			sourceTree = "<group>";
		};
		3E6578EC2837DE2B006B0C81 /* Editor */ = {
			isa = PBXGroup;
			children = (
				3E6578ED2837DE49006B0C81 /* PropertyGrid.cpp */,
			);
			path = Editor;
			sourceTree = "<group>";
		};
		3E6A4D332836091E003578F4 = {
			isa = PBXGroup;
			children = (
				3E6A4D6828360A2B003578F4 /* PrefixHeader.pch */,
				3E6A4D5D2836098E003578F4 /* assets */,
				3E6A4D3E2836091E003578F4 /* interface */,
				3E6A4D5F28360997003578F4 /* implementation */,
				3E6A4D63283609E9003578F4 /* vendors */,
				3E6A4D3D2836091E003578F4 /* Products */,
				3E6575E42837AFAA006B0C81 /* Frameworks */,
			);
			sourceTree = "<group>";
		};
		3E6A4D3D2836091E003578F4 /* Products */ = {
			isa = PBXGroup;
			children = (
				3E6A4D3C2836091E003578F4 /* libiKan.a */,
			);
			name = Products;
			sourceTree = "<group>";
		};
		3E6A4D3E2836091E003578F4 /* interface */ = {
			isa = PBXGroup;
			children = (
				3E6A4D6D28360F1B003578F4 /* iKanHeaders.h */,
				3E6A4D6B28360E74003578F4 /* Entrypoint.h */,
				3E6575DE283798B5006B0C81 /* iKanCommon.h */,
				3E6A4D6F28360F66003578F4 /* Core */,
				3E6578E92837DE1C006B0C81 /* Editor */,
				3E6575F12837B62C006B0C81 /* Renderer */,
				3E6578D72837D071006B0C81 /* Gui */,
			);
			path = interface;
			sourceTree = "<group>";
		};
		3E6A4D5D2836098E003578F4 /* assets */ = {
			isa = PBXGroup;
			children = (
			);
			path = assets;
			sourceTree = "<group>";
		};
		3E6A4D5F28360997003578F4 /* implementation */ = {
			isa = PBXGroup;
			children = (
				3E6A4D7428360F7F003578F4 /* Core */,
				3E6578EC2837DE2B006B0C81 /* Editor */,
				3E6575F22837B63B006B0C81 /* Renderer */,
				3E6578D82837D098006B0C81 /* Gui */,
				3E6575C628378FB7006B0C81 /* Platform */,
			);
			path = implementation;
			sourceTree = "<group>";
		};
		3E6A4D63283609E9003578F4 /* vendors */ = {
			isa = PBXGroup;
			children = (
				3E6576582837CEB5006B0C81 /* gui.xcodeproj */,
				3E65761B2837BE32006B0C81 /* glad.xcodeproj */,
			);
			path = vendors;
			sourceTree = "<group>";
		};
		3E6A4D6F28360F66003578F4 /* Core */ = {
			isa = PBXGroup;
			children = (
				3E6575D128379414006B0C81 /* Event */,
				3E6A4D792836277D003578F4 /* Debug */,
				3E6A4D7B28364272003578F4 /* Utils */,
				3E6A4D7E283643AD003578F4 /* iKanCore.h */,
				3E6A4D7128360F7C003578F4 /* Application.hpp */,
				3E6A4D8A28369025003578F4 /* Layer.hpp */,
				3E6A4D922836979C003578F4 /* LayerStack.hpp */,
				3E6575DB28379491006B0C81 /* KeyCodes.h */,
				3E6575DA28379491006B0C81 /* MouseCodes.h */,
				3E6575C328378FB1006B0C81 /* Window.hpp */,
				3E65763E2837CA95006B0C81 /* Input.hpp */,
			);
			path = Core;
			sourceTree = "<group>";
		};
		3E6A4D7428360F7F003578F4 /* Core */ = {
			isa = PBXGroup;
			children = (
				3E6A4D7A28362785003578F4 /* Debug */,
				3E6A4D8228364485003578F4 /* Utils */,
				3E6A4D7028360F7C003578F4 /* Application.cpp */,
				3E6A4D912836979C003578F4 /* LayerStack.cpp */,
				3E6575C228378FB1006B0C81 /* Window.cpp */,
			);
			path = Core;
			sourceTree = "<group>";
		};
		3E6A4D792836277D003578F4 /* Debug */ = {
			isa = PBXGroup;
			children = (
				3E6A4D7628362759003578F4 /* Logger.hpp */,
				3E6575EE2837B2A4006B0C81 /* Profiler.hpp */,
			);
			path = Debug;
			sourceTree = "<group>";
		};
		3E6A4D7A28362785003578F4 /* Debug */ = {
			isa = PBXGroup;
			children = (
				3E6A4D7528362759003578F4 /* Logger.cpp */,
				3E6A4D8028364481003578F4 /* LoggerCoreAPI.h */,
				3E6575ED2837B2A4006B0C81 /* Profiler.cpp */,
			);
			path = Debug;
			sourceTree = "<group>";
		};
		3E6A4D7B28364272003578F4 /* Utils */ = {
			isa = PBXGroup;
			children = (
				3E6A4D7C28364303003578F4 /* Asserts.h */,
				3E6575E028379C0A006B0C81 /* Timestep.hpp */,
				3E65763A2837C785006B0C81 /* Buffer.hpp */,
			);
			path = Utils;
			sourceTree = "<group>";
		};
		3E6A4D8228364485003578F4 /* Utils */ = {
			isa = PBXGroup;
			children = (
				3E6A4D8328364497003578F4 /* AssertsCoreAPI.h */,
				3E6575E228379C3E006B0C81 /* Timestep.cpp */,
				3E6576392837C785006B0C81 /* Buffer.cpp */,
			);
			path = Utils;
			sourceTree = "<group>";
		};
/* End PBXGroup section */

/* Begin PBXHeadersBuildPhase section */
		3E6A4D382836091E003578F4 /* Headers */ = {
			isa = PBXHeadersBuildPhase;
			buildActionMask = 2147483647;
			files = (
				3E6A4D8128364481003578F4 /* LoggerCoreAPI.h in Headers */,
				3E6A4D6C28360E74003578F4 /* Entrypoint.h in Headers */,
				3E6A4D7F283643AD003578F4 /* iKanCore.h in Headers */,
				3E6A4D7828362759003578F4 /* Logger.hpp in Headers */,
				3E6575D928379414006B0C81 /* MouseEvent.h in Headers */,
				3E6A4D942836979C003578F4 /* LayerStack.hpp in Headers */,
				3E6576032837BA08006B0C81 /* OpenGLRendererAPI.hpp in Headers */,
				3E65763C2837C785006B0C81 /* Buffer.hpp in Headers */,
				3E6575FE2837B8E1006B0C81 /* RendererAPI.hpp in Headers */,
				3E6576332837BF09006B0C81 /* RendererContext.hpp in Headers */,
				3E6576402837CA95006B0C81 /* Input.hpp in Headers */,
				3E6575D628379414006B0C81 /* Event.h in Headers */,
				3E6A4D8C28369025003578F4 /* Layer.hpp in Headers */,
				3E6575FA2837B662006B0C81 /* Renderer.hpp in Headers */,
				3E6A4D7D28364303003578F4 /* Asserts.h in Headers */,
				3E6575E128379C0E006B0C81 /* Timestep.hpp in Headers */,
				3E6578DC2837D10B006B0C81 /* ImguiLayer.hpp in Headers */,
				3E6A4D7328360F7C003578F4 /* Application.hpp in Headers */,
				3E6575C528378FB1006B0C81 /* Window.hpp in Headers */,
				3E6A4D6928360A2B003578F4 /* PrefixHeader.pch in Headers */,
				3E6575DD28379491006B0C81 /* KeyCodes.h in Headers */,
				3E6A4D6E28360F1B003578F4 /* iKanHeaders.h in Headers */,
				3E65762F2837BEDA006B0C81 /* OpenGLRendererContext.hpp in Headers */,
				3E6578F42837DF04006B0C81 /* ImguiAPI.hpp in Headers */,
				3E6A4D8428364497003578F4 /* AssertsCoreAPI.h in Headers */,
				3E6575CB28378FD8006B0C81 /* MacWindow.hpp in Headers */,
				3E6575DC28379491006B0C81 /* MouseCodes.h in Headers */,
				3E6575DF283798B5006B0C81 /* iKanCommon.h in Headers */,
				3E6575D828379414006B0C81 /* ApplicationEvent.h in Headers */,
				3E6578F02837DE49006B0C81 /* PropertyGrid.hpp in Headers */,
				3E6575D728379414006B0C81 /* KeyEvent.h in Headers */,
				3E6575F02837B2A4006B0C81 /* Profiler.hpp in Headers */,
			);
			runOnlyForDeploymentPostprocessing = 0;
		};
/* End PBXHeadersBuildPhase section */

/* Begin PBXNativeTarget section */
		3E6A4D3B2836091E003578F4 /* iKan */ = {
			isa = PBXNativeTarget;
			buildConfigurationList = 3E6A4D472836091E003578F4 /* Build configuration list for PBXNativeTarget "iKan" */;
			buildPhases = (
				3E6A4D382836091E003578F4 /* Headers */,
				3E6A4D392836091E003578F4 /* Sources */,
				3E6A4D3A2836091E003578F4 /* Frameworks */,
			);
			buildRules = (
			);
			dependencies = (
			);
			name = iKan;
			productName = iKan;
			productReference = 3E6A4D3C2836091E003578F4 /* libiKan.a */;
			productType = "com.apple.product-type.library.static";
		};
/* End PBXNativeTarget section */

/* Begin PBXProject section */
		3E6A4D342836091E003578F4 /* Project object */ = {
			isa = PBXProject;
			attributes = {
				BuildIndependentTargetsInParallel = 1;
				DefaultBuildSystemTypeForWorkspace = Original;
				LastUpgradeCheck = 1340;
				TargetAttributes = {
					3E6A4D3B2836091E003578F4 = {
						CreatedOnToolsVersion = 13.4;
					};
				};
			};
			buildConfigurationList = 3E6A4D372836091E003578F4 /* Build configuration list for PBXProject "iKan" */;
			compatibilityVersion = "Xcode 13.0";
			developmentRegion = en;
			hasScannedForEncodings = 0;
			knownRegions = (
				en,
				Base,
			);
			mainGroup = 3E6A4D332836091E003578F4;
			productRefGroup = 3E6A4D3D2836091E003578F4 /* Products */;
			projectDirPath = "";
			projectReferences = (
				{
					ProductGroup = 3E65761C2837BE32006B0C81 /* Products */;
					ProjectRef = 3E65761B2837BE32006B0C81 /* glad.xcodeproj */;
				},
				{
					ProductGroup = 3E6576592837CEB5006B0C81 /* Products */;
					ProjectRef = 3E6576582837CEB5006B0C81 /* gui.xcodeproj */;
				},
			);
			projectRoot = "";
			targets = (
				3E6A4D3B2836091E003578F4 /* iKan */,
			);
		};
/* End PBXProject section */

/* Begin PBXReferenceProxy section */
		3E6576202837BE33006B0C81 /* libglad.a */ = {
			isa = PBXReferenceProxy;
			fileType = archive.ar;
			path = libglad.a;
			remoteRef = 3E65761F2837BE33006B0C81 /* PBXContainerItemProxy */;
			sourceTree = BUILT_PRODUCTS_DIR;
		};
		3E65765D2837CEB5006B0C81 /* libgui.a */ = {
			isa = PBXReferenceProxy;
			fileType = archive.ar;
			path = libgui.a;
			remoteRef = 3E65765C2837CEB5006B0C81 /* PBXContainerItemProxy */;
			sourceTree = BUILT_PRODUCTS_DIR;
		};
/* End PBXReferenceProxy section */

/* Begin PBXSourcesBuildPhase section */
		3E6A4D392836091E003578F4 /* Sources */ = {
			isa = PBXSourcesBuildPhase;
			buildActionMask = 2147483647;
			files = (
				3E6575CA28378FD8006B0C81 /* MacWindow.cpp in Sources */,
				3E6A4D7228360F7C003578F4 /* Application.cpp in Sources */,
				3E6575E328379C3E006B0C81 /* Timestep.cpp in Sources */,
				3E6575FD2837B8E1006B0C81 /* RendererAPI.cpp in Sources */,
				3E65762E2837BEDA006B0C81 /* OpenGLRendererContext.cpp in Sources */,
				3E6A4D7728362759003578F4 /* Logger.cpp in Sources */,
				3E6578DB2837D10B006B0C81 /* ImguiLayer.cpp in Sources */,
				3E6575F92837B662006B0C81 /* Renderer.cpp in Sources */,
				3E6576022837BA08006B0C81 /* OpenGLRendererAPI.cpp in Sources */,
				3E6576322837BF09006B0C81 /* RendererContext.cpp in Sources */,
				3E6578DE2837D278006B0C81 /* ImguiBuild.cpp in Sources */,
				3E6578EF2837DE49006B0C81 /* PropertyGrid.cpp in Sources */,
				3E6575EF2837B2A4006B0C81 /* Profiler.cpp in Sources */,
				3E65763F2837CA95006B0C81 /* MacInput.cpp in Sources */,
				3E65763B2837C785006B0C81 /* Buffer.cpp in Sources */,
				3E6A4D932836979C003578F4 /* LayerStack.cpp in Sources */,
				3E6578F32837DF04006B0C81 /* ImguiAPI.cpp in Sources */,
				3E6575C428378FB1006B0C81 /* Window.cpp in Sources */,
			);
			runOnlyForDeploymentPostprocessing = 0;
		};
/* End PBXSourcesBuildPhase section */

/* Begin XCBuildConfiguration section */
		3E6A4D452836091E003578F4 /* Debug */ = {
			isa = XCBuildConfiguration;
			buildSettings = {
				ALWAYS_SEARCH_USER_PATHS = NO;
				CLANG_ANALYZER_NONNULL = YES;
				CLANG_ANALYZER_NUMBER_OBJECT_CONVERSION = YES_AGGRESSIVE;
				CLANG_CXX_LANGUAGE_STANDARD = "gnu++17";
				CLANG_ENABLE_MODULES = YES;
				CLANG_ENABLE_OBJC_ARC = YES;
				CLANG_ENABLE_OBJC_WEAK = YES;
				CLANG_WARN_BLOCK_CAPTURE_AUTORELEASING = YES;
				CLANG_WARN_BOOL_CONVERSION = YES;
				CLANG_WARN_COMMA = YES;
				CLANG_WARN_CONSTANT_CONVERSION = YES;
				CLANG_WARN_DEPRECATED_OBJC_IMPLEMENTATIONS = YES;
				CLANG_WARN_DIRECT_OBJC_ISA_USAGE = YES_ERROR;
				CLANG_WARN_DOCUMENTATION_COMMENTS = YES;
				CLANG_WARN_EMPTY_BODY = YES;
				CLANG_WARN_ENUM_CONVERSION = YES;
				CLANG_WARN_INFINITE_RECURSION = YES;
				CLANG_WARN_INT_CONVERSION = YES;
				CLANG_WARN_NON_LITERAL_NULL_CONVERSION = YES;
				CLANG_WARN_OBJC_IMPLICIT_RETAIN_SELF = YES;
				CLANG_WARN_OBJC_LITERAL_CONVERSION = YES;
				CLANG_WARN_OBJC_ROOT_CLASS = YES_ERROR;
				CLANG_WARN_QUOTED_INCLUDE_IN_FRAMEWORK_HEADER = YES;
				CLANG_WARN_RANGE_LOOP_ANALYSIS = YES;
				CLANG_WARN_STRICT_PROTOTYPES = YES;
				CLANG_WARN_SUSPICIOUS_MOVE = YES;
				CLANG_WARN_UNGUARDED_AVAILABILITY = YES_AGGRESSIVE;
				CLANG_WARN_UNREACHABLE_CODE = YES;
				CLANG_WARN__DUPLICATE_METHOD_MATCH = YES;
				COPY_PHASE_STRIP = NO;
				DEBUG_INFORMATION_FORMAT = dwarf;
				ENABLE_STRICT_OBJC_MSGSEND = YES;
				ENABLE_TESTABILITY = YES;
				GCC_C_LANGUAGE_STANDARD = gnu11;
				GCC_DYNAMIC_NO_PIC = NO;
				GCC_NO_COMMON_BLOCKS = YES;
				GCC_OPTIMIZATION_LEVEL = 0;
				GCC_PREPROCESSOR_DEFINITIONS = (
					"DEBUG=1",
					"$(inherited)",
				);
				GCC_WARN_64_TO_32_BIT_CONVERSION = YES;
				GCC_WARN_ABOUT_RETURN_TYPE = YES_ERROR;
				GCC_WARN_UNDECLARED_SELECTOR = YES;
				GCC_WARN_UNINITIALIZED_AUTOS = YES_AGGRESSIVE;
				GCC_WARN_UNUSED_FUNCTION = YES;
				GCC_WARN_UNUSED_VARIABLE = YES;
				MACOSX_DEPLOYMENT_TARGET = 12.3;
				MTL_ENABLE_DEBUG_INFO = INCLUDE_SOURCE;
				MTL_FAST_MATH = YES;
				ONLY_ACTIVE_ARCH = YES;
				SDKROOT = macosx;
			};
			name = Debug;
		};
		3E6A4D462836091E003578F4 /* Release */ = {
			isa = XCBuildConfiguration;
			buildSettings = {
				ALWAYS_SEARCH_USER_PATHS = NO;
				CLANG_ANALYZER_NONNULL = YES;
				CLANG_ANALYZER_NUMBER_OBJECT_CONVERSION = YES_AGGRESSIVE;
				CLANG_CXX_LANGUAGE_STANDARD = "gnu++17";
				CLANG_ENABLE_MODULES = YES;
				CLANG_ENABLE_OBJC_ARC = YES;
				CLANG_ENABLE_OBJC_WEAK = YES;
				CLANG_WARN_BLOCK_CAPTURE_AUTORELEASING = YES;
				CLANG_WARN_BOOL_CONVERSION = YES;
				CLANG_WARN_COMMA = YES;
				CLANG_WARN_CONSTANT_CONVERSION = YES;
				CLANG_WARN_DEPRECATED_OBJC_IMPLEMENTATIONS = YES;
				CLANG_WARN_DIRECT_OBJC_ISA_USAGE = YES_ERROR;
				CLANG_WARN_DOCUMENTATION_COMMENTS = YES;
				CLANG_WARN_EMPTY_BODY = YES;
				CLANG_WARN_ENUM_CONVERSION = YES;
				CLANG_WARN_INFINITE_RECURSION = YES;
				CLANG_WARN_INT_CONVERSION = YES;
				CLANG_WARN_NON_LITERAL_NULL_CONVERSION = YES;
				CLANG_WARN_OBJC_IMPLICIT_RETAIN_SELF = YES;
				CLANG_WARN_OBJC_LITERAL_CONVERSION = YES;
				CLANG_WARN_OBJC_ROOT_CLASS = YES_ERROR;
				CLANG_WARN_QUOTED_INCLUDE_IN_FRAMEWORK_HEADER = YES;
				CLANG_WARN_RANGE_LOOP_ANALYSIS = YES;
				CLANG_WARN_STRICT_PROTOTYPES = YES;
				CLANG_WARN_SUSPICIOUS_MOVE = YES;
				CLANG_WARN_UNGUARDED_AVAILABILITY = YES_AGGRESSIVE;
				CLANG_WARN_UNREACHABLE_CODE = YES;
				CLANG_WARN__DUPLICATE_METHOD_MATCH = YES;
				COPY_PHASE_STRIP = NO;
				DEBUG_INFORMATION_FORMAT = "dwarf-with-dsym";
				ENABLE_NS_ASSERTIONS = NO;
				ENABLE_STRICT_OBJC_MSGSEND = YES;
				GCC_C_LANGUAGE_STANDARD = gnu11;
				GCC_NO_COMMON_BLOCKS = YES;
				GCC_WARN_64_TO_32_BIT_CONVERSION = YES;
				GCC_WARN_ABOUT_RETURN_TYPE = YES_ERROR;
				GCC_WARN_UNDECLARED_SELECTOR = YES;
				GCC_WARN_UNINITIALIZED_AUTOS = YES_AGGRESSIVE;
				GCC_WARN_UNUSED_FUNCTION = YES;
				GCC_WARN_UNUSED_VARIABLE = YES;
				MACOSX_DEPLOYMENT_TARGET = 12.3;
				MTL_ENABLE_DEBUG_INFO = NO;
				MTL_FAST_MATH = YES;
				SDKROOT = macosx;
			};
			name = Release;
		};
		3E6A4D482836091E003578F4 /* Debug */ = {
			isa = XCBuildConfiguration;
			buildSettings = {
				CODE_SIGN_STYLE = Automatic;
				EXECUTABLE_PREFIX = lib;
				GCC_ENABLE_CPP_EXCEPTIONS = YES;
				GCC_ENABLE_CPP_RTTI = YES;
				GCC_INCREASE_PRECOMPILED_HEADER_SHARING = NO;
				GCC_PRECOMPILE_PREFIX_HEADER = YES;
				GCC_PREFIX_HEADER = "${PROJECT_DIR}/PrefixHeader.pch";
				GCC_PREPROCESSOR_DEFINITIONS = (
					"DEBUG=1",
					"$(inherited)",
					IK_ENABLE_LOG,
					IK_DEBUG_FEATURE,
				);
				GCC_WARN_ABOUT_DEPRECATED_FUNCTIONS = NO;
				HEADER_SEARCH_PATHS = (
					"${PROJECT_DIR}/interface",
					"${PROJECT_DIR}/implementation",
					"${PROJECT_DIR}/vendors/spdlog/include",
					"${PROJECT_DIR}/vendors/glfw/include",
					"${PROJECT_DIR}/vendors/glad/include",
					"${PROJECT_DIR}/vendors/glm",
					"${PROJECT_DIR}/vendors/gui/gui",
				);
				LIBRARY_SEARCH_PATHS = (
					"$(inherited)",
					"$(PROJECT_DIR)/vendors/glfw/lib",
				);
				PRODUCT_NAME = "$(TARGET_NAME)";
				SKIP_INSTALL = YES;
			};
			name = Debug;
		};
		3E6A4D492836091E003578F4 /* Release */ = {
			isa = XCBuildConfiguration;
			buildSettings = {
				CODE_SIGN_STYLE = Automatic;
				EXECUTABLE_PREFIX = lib;
				GCC_ENABLE_CPP_EXCEPTIONS = YES;
				GCC_ENABLE_CPP_RTTI = YES;
				GCC_INCREASE_PRECOMPILED_HEADER_SHARING = NO;
				GCC_PRECOMPILE_PREFIX_HEADER = YES;
				GCC_PREFIX_HEADER = "${PROJECT_DIR}/PrefixHeader.pch";
				GCC_WARN_ABOUT_DEPRECATED_FUNCTIONS = NO;
				HEADER_SEARCH_PATHS = (
					"${PROJECT_DIR}/interface",
					"${PROJECT_DIR}/implementation",
					"${PROJECT_DIR}/vendors/spdlog/include",
					"${PROJECT_DIR}/vendors/glfw/include",
					"${PROJECT_DIR}/vendors/glad/include",
					"${PROJECT_DIR}/vendors/glm",
					"${PROJECT_DIR}/vendors/gui/gui",
				);
				LIBRARY_SEARCH_PATHS = (
					"$(inherited)",
					"$(PROJECT_DIR)/vendors/glfw/lib",
				);
				PRODUCT_NAME = "$(TARGET_NAME)";
				SKIP_INSTALL = YES;
			};
			name = Release;
		};
/* End XCBuildConfiguration section */

/* Begin XCConfigurationList section */
		3E6A4D372836091E003578F4 /* Build configuration list for PBXProject "iKan" */ = {
			isa = XCConfigurationList;
			buildConfigurations = (
				3E6A4D452836091E003578F4 /* Debug */,
				3E6A4D462836091E003578F4 /* Release */,
			);
			defaultConfigurationIsVisible = 0;
			defaultConfigurationName = Release;
		};
		3E6A4D472836091E003578F4 /* Build configuration list for PBXNativeTarget "iKan" */ = {
			isa = XCConfigurationList;
			buildConfigurations = (
				3E6A4D482836091E003578F4 /* Debug */,
				3E6A4D492836091E003578F4 /* Release */,
			);
			defaultConfigurationIsVisible = 0;
			defaultConfigurationName = Release;
		};
/* End XCConfigurationList section */
	};
	rootObject = 3E6A4D342836091E003578F4 /* Project object */;
}
