// !$*UTF8*$!
{
	archiveVersion = 1;
	classes = {
	};
	objectVersion = 56;
	objects = {

/* Begin PBXBuildFile section */
		B2250CCF29585E310067C43B /* prefix_header.pch in Headers */ = {isa = PBXBuildFile; fileRef = B2250CCE29585E310067C43B /* prefix_header.pch */; };
		B2250CD4295860420067C43B /* core_entry_point.h in Headers */ = {isa = PBXBuildFile; fileRef = B2250CD3295860420067C43B /* core_entry_point.h */; };
		B2250CDB295861BF0067C43B /* core_application.cpp in Sources */ = {isa = PBXBuildFile; fileRef = B2250CD9295861BF0067C43B /* core_application.cpp */; };
		B2250CDC295861BF0067C43B /* core_application.hpp in Headers */ = {isa = PBXBuildFile; fileRef = B2250CDA295861BF0067C43B /* core_application.hpp */; };
		B2250CE729586A660067C43B /* asserts.h in Headers */ = {isa = PBXBuildFile; fileRef = B2250CE629586A660067C43B /* asserts.h */; };
		B2250CEA29586A770067C43B /* core_asserts.h in Headers */ = {isa = PBXBuildFile; fileRef = B2250CE929586A770067C43B /* core_asserts.h */; };
		B2250CFF295873330067C43B /* logger.cpp in Sources */ = {isa = PBXBuildFile; fileRef = B2250CFD295873330067C43B /* logger.cpp */; };
		B2250D00295873330067C43B /* logger.hpp in Headers */ = {isa = PBXBuildFile; fileRef = B2250CFE295873330067C43B /* logger.hpp */; };
		B2250D02295873A70067C43B /* ikan_common.h in Headers */ = {isa = PBXBuildFile; fileRef = B2250D01295873A70067C43B /* ikan_common.h */; };
		B2250D042958751E0067C43B /* core_logger.h in Headers */ = {isa = PBXBuildFile; fileRef = B2250D032958751E0067C43B /* core_logger.h */; };
		B2FC3E862958796F00447A1A /* ikan_headers.h in Headers */ = {isa = PBXBuildFile; fileRef = B2FC3E852958796F00447A1A /* ikan_headers.h */; };
/* End PBXBuildFile section */

/* Begin PBXFileReference section */
		B2250CBD29584D060067C43B /* libikan.a */ = {isa = PBXFileReference; explicitFileType = archive.ar; includeInIndex = 0; path = libikan.a; sourceTree = BUILT_PRODUCTS_DIR; };
		B2250CCE29585E310067C43B /* prefix_header.pch */ = {isa = PBXFileReference; lastKnownFileType = sourcecode.c.h; path = prefix_header.pch; sourceTree = "<group>"; };
		B2250CD3295860420067C43B /* core_entry_point.h */ = {isa = PBXFileReference; lastKnownFileType = sourcecode.c.h; path = core_entry_point.h; sourceTree = "<group>"; };
		B2250CD9295861BF0067C43B /* core_application.cpp */ = {isa = PBXFileReference; lastKnownFileType = sourcecode.cpp.cpp; path = core_application.cpp; sourceTree = "<group>"; };
		B2250CDA295861BF0067C43B /* core_application.hpp */ = {isa = PBXFileReference; lastKnownFileType = sourcecode.cpp.h; path = core_application.hpp; sourceTree = "<group>"; };
		B2250CE629586A660067C43B /* asserts.h */ = {isa = PBXFileReference; lastKnownFileType = sourcecode.c.h; path = asserts.h; sourceTree = "<group>"; };
		B2250CE929586A770067C43B /* core_asserts.h */ = {isa = PBXFileReference; lastKnownFileType = sourcecode.c.h; path = core_asserts.h; sourceTree = "<group>"; };
		B2250CFD295873330067C43B /* logger.cpp */ = {isa = PBXFileReference; lastKnownFileType = sourcecode.cpp.cpp; path = logger.cpp; sourceTree = "<group>"; };
		B2250CFE295873330067C43B /* logger.hpp */ = {isa = PBXFileReference; lastKnownFileType = sourcecode.cpp.h; path = logger.hpp; sourceTree = "<group>"; };
		B2250D01295873A70067C43B /* ikan_common.h */ = {isa = PBXFileReference; lastKnownFileType = sourcecode.c.h; path = ikan_common.h; sourceTree = "<group>"; };
		B2250D032958751E0067C43B /* core_logger.h */ = {isa = PBXFileReference; lastKnownFileType = sourcecode.c.h; path = core_logger.h; sourceTree = "<group>"; };
		B2FC3E852958796F00447A1A /* ikan_headers.h */ = {isa = PBXFileReference; lastKnownFileType = sourcecode.c.h; path = ikan_headers.h; sourceTree = "<group>"; };
/* End PBXFileReference section */

/* Begin PBXFrameworksBuildPhase section */
		B2250CBB29584D060067C43B /* Frameworks */ = {
			isa = PBXFrameworksBuildPhase;
			buildActionMask = 2147483647;
			files = (
			);
			runOnlyForDeploymentPostprocessing = 0;
		};
/* End PBXFrameworksBuildPhase section */

/* Begin PBXGroup section */
		B2250CB429584D060067C43B = {
			isa = PBXGroup;
			children = (
				B2250CCE29585E310067C43B /* prefix_header.pch */,
				B2250CD129585FB70067C43B /* interface */,
				B2250CD229585FC60067C43B /* implementation */,
				B2250CBE29584D060067C43B /* Products */,
			);
			sourceTree = "<group>";
		};
		B2250CBE29584D060067C43B /* Products */ = {
			isa = PBXGroup;
			children = (
				B2250CBD29584D060067C43B /* libikan.a */,
			);
			name = Products;
			sourceTree = "<group>";
		};
		B2250CD129585FB70067C43B /* interface */ = {
			isa = PBXGroup;
			children = (
				B2250CD3295860420067C43B /* core_entry_point.h */,
				B2250D01295873A70067C43B /* ikan_common.h */,
				B2FC3E852958796F00447A1A /* ikan_headers.h */,
				B2250CD82958616B0067C43B /* core */,
			);
			path = interface;
			sourceTree = "<group>";
		};
		B2250CD229585FC60067C43B /* implementation */ = {
			isa = PBXGroup;
			children = (
				B2250CE42958639D0067C43B /* core */,
			);
			path = implementation;
			sourceTree = "<group>";
		};
		B2250CD82958616B0067C43B /* core */ = {
			isa = PBXGroup;
			children = (
				B2250CFB295873260067C43B /* debug */,
				B2250CE529586A350067C43B /* utils */,
				B2250CDA295861BF0067C43B /* core_application.hpp */,
			);
			path = core;
			sourceTree = "<group>";
		};
		B2250CE42958639D0067C43B /* core */ = {
			isa = PBXGroup;
			children = (
				B2250CFC2958732B0067C43B /* debug */,
				B2250CE829586A690067C43B /* utils */,
				B2250CD9295861BF0067C43B /* core_application.cpp */,
			);
			path = core;
			sourceTree = "<group>";
		};
		B2250CE529586A350067C43B /* utils */ = {
			isa = PBXGroup;
			children = (
				B2250CE629586A660067C43B /* asserts.h */,
			);
			path = utils;
			sourceTree = "<group>";
		};
		B2250CE829586A690067C43B /* utils */ = {
			isa = PBXGroup;
			children = (
				B2250CE929586A770067C43B /* core_asserts.h */,
			);
			path = utils;
			sourceTree = "<group>";
		};
		B2250CFB295873260067C43B /* debug */ = {
			isa = PBXGroup;
			children = (
				B2250CFE295873330067C43B /* logger.hpp */,
			);
			path = debug;
			sourceTree = "<group>";
		};
		B2250CFC2958732B0067C43B /* debug */ = {
			isa = PBXGroup;
			children = (
				B2250CFD295873330067C43B /* logger.cpp */,
				B2250D032958751E0067C43B /* core_logger.h */,
			);
			path = debug;
			sourceTree = "<group>";
		};
/* End PBXGroup section */

/* Begin PBXHeadersBuildPhase section */
		B2250CB929584D060067C43B /* Headers */ = {
			isa = PBXHeadersBuildPhase;
			buildActionMask = 2147483647;
			files = (
				B2FC3E862958796F00447A1A /* ikan_headers.h in Headers */,
				B2250CE729586A660067C43B /* asserts.h in Headers */,
				B2250CCF29585E310067C43B /* prefix_header.pch in Headers */,
				B2250D02295873A70067C43B /* ikan_common.h in Headers */,
				B2250D042958751E0067C43B /* core_logger.h in Headers */,
				B2250CEA29586A770067C43B /* core_asserts.h in Headers */,
				B2250CD4295860420067C43B /* core_entry_point.h in Headers */,
				B2250D00295873330067C43B /* logger.hpp in Headers */,
				B2250CDC295861BF0067C43B /* core_application.hpp in Headers */,
			);
			runOnlyForDeploymentPostprocessing = 0;
		};
/* End PBXHeadersBuildPhase section */

/* Begin PBXNativeTarget section */
		B2250CBC29584D060067C43B /* ikan */ = {
			isa = PBXNativeTarget;
			buildConfigurationList = B2250CC829584D060067C43B /* Build configuration list for PBXNativeTarget "ikan" */;
			buildPhases = (
				B2250CB929584D060067C43B /* Headers */,
				B2250CBA29584D060067C43B /* Sources */,
				B2250CBB29584D060067C43B /* Frameworks */,
			);
			buildRules = (
			);
			dependencies = (
			);
			name = ikan;
			productName = ikan;
			productReference = B2250CBD29584D060067C43B /* libikan.a */;
			productType = "com.apple.product-type.library.static";
		};
/* End PBXNativeTarget section */

/* Begin PBXProject section */
		B2250CB529584D060067C43B /* Project object */ = {
			isa = PBXProject;
			attributes = {
				BuildIndependentTargetsInParallel = 1;
				LastUpgradeCheck = 1420;
				TargetAttributes = {
					B2250CBC29584D060067C43B = {
						CreatedOnToolsVersion = 14.2;
					};
				};
			};
			buildConfigurationList = B2250CB829584D060067C43B /* Build configuration list for PBXProject "ikan" */;
			compatibilityVersion = "Xcode 14.0";
			developmentRegion = en;
			hasScannedForEncodings = 0;
			knownRegions = (
				en,
				Base,
			);
			mainGroup = B2250CB429584D060067C43B;
			productRefGroup = B2250CBE29584D060067C43B /* Products */;
			projectDirPath = "";
			projectRoot = "";
			targets = (
				B2250CBC29584D060067C43B /* ikan */,
			);
		};
/* End PBXProject section */

/* Begin PBXSourcesBuildPhase section */
		B2250CBA29584D060067C43B /* Sources */ = {
			isa = PBXSourcesBuildPhase;
			buildActionMask = 2147483647;
			files = (
				B2250CDB295861BF0067C43B /* core_application.cpp in Sources */,
				B2250CFF295873330067C43B /* logger.cpp in Sources */,
			);
			runOnlyForDeploymentPostprocessing = 0;
		};
/* End PBXSourcesBuildPhase section */

/* Begin XCBuildConfiguration section */
		B2250CC629584D060067C43B /* Debug */ = {
			isa = XCBuildConfiguration;
			buildSettings = {
				ALWAYS_SEARCH_USER_PATHS = NO;
				CLANG_ANALYZER_NONNULL = YES;
				CLANG_ANALYZER_NUMBER_OBJECT_CONVERSION = YES_AGGRESSIVE;
				CLANG_CXX_LANGUAGE_STANDARD = "gnu++20";
				CLANG_ENABLE_MODULES = YES;
				CLANG_ENABLE_OBJC_ARC = YES;
				CLANG_ENABLE_OBJC_WEAK = YES;
				CLANG_WARN_BLOCK_CAPTURE_AUTORELEASING = YES;
				CLANG_WARN_BOOL_CONVERSION = YES;
				CLANG_WARN_COMMA = YES;
				CLANG_WARN_CONSTANT_CONVERSION = YES;
				CLANG_WARN_DEPRECATED_OBJC_IMPLEMENTATIONS = YES;
				CLANG_WARN_DIRECT_OBJC_ISA_USAGE = YES_ERROR;
				CLANG_WARN_DOCUMENTATION_COMMENTS = YES;
				CLANG_WARN_EMPTY_BODY = YES;
				CLANG_WARN_ENUM_CONVERSION = YES;
				CLANG_WARN_INFINITE_RECURSION = YES;
				CLANG_WARN_INT_CONVERSION = YES;
				CLANG_WARN_NON_LITERAL_NULL_CONVERSION = YES;
				CLANG_WARN_OBJC_IMPLICIT_RETAIN_SELF = YES;
				CLANG_WARN_OBJC_LITERAL_CONVERSION = YES;
				CLANG_WARN_OBJC_ROOT_CLASS = YES_ERROR;
				CLANG_WARN_QUOTED_INCLUDE_IN_FRAMEWORK_HEADER = YES;
				CLANG_WARN_RANGE_LOOP_ANALYSIS = YES;
				CLANG_WARN_STRICT_PROTOTYPES = YES;
				CLANG_WARN_SUSPICIOUS_MOVE = YES;
				CLANG_WARN_UNGUARDED_AVAILABILITY = YES_AGGRESSIVE;
				CLANG_WARN_UNREACHABLE_CODE = YES;
				CLANG_WARN__DUPLICATE_METHOD_MATCH = YES;
				COPY_PHASE_STRIP = NO;
				DEBUG_INFORMATION_FORMAT = dwarf;
				ENABLE_STRICT_OBJC_MSGSEND = YES;
				ENABLE_TESTABILITY = YES;
				GCC_C_LANGUAGE_STANDARD = gnu11;
				GCC_DYNAMIC_NO_PIC = NO;
				GCC_NO_COMMON_BLOCKS = YES;
				GCC_OPTIMIZATION_LEVEL = 0;
				GCC_PREPROCESSOR_DEFINITIONS = (
					"DEBUG=1",
					"$(inherited)",
				);
				GCC_WARN_64_TO_32_BIT_CONVERSION = YES;
				GCC_WARN_ABOUT_RETURN_TYPE = YES_ERROR;
				GCC_WARN_UNDECLARED_SELECTOR = YES;
				GCC_WARN_UNINITIALIZED_AUTOS = YES_AGGRESSIVE;
				GCC_WARN_UNUSED_FUNCTION = YES;
				GCC_WARN_UNUSED_VARIABLE = YES;
				MACOSX_DEPLOYMENT_TARGET = 13.1;
				MTL_ENABLE_DEBUG_INFO = INCLUDE_SOURCE;
				MTL_FAST_MATH = YES;
				ONLY_ACTIVE_ARCH = YES;
				SDKROOT = macosx;
			};
			name = Debug;
		};
		B2250CC729584D060067C43B /* Release */ = {
			isa = XCBuildConfiguration;
			buildSettings = {
				ALWAYS_SEARCH_USER_PATHS = NO;
				CLANG_ANALYZER_NONNULL = YES;
				CLANG_ANALYZER_NUMBER_OBJECT_CONVERSION = YES_AGGRESSIVE;
				CLANG_CXX_LANGUAGE_STANDARD = "gnu++20";
				CLANG_ENABLE_MODULES = YES;
				CLANG_ENABLE_OBJC_ARC = YES;
				CLANG_ENABLE_OBJC_WEAK = YES;
				CLANG_WARN_BLOCK_CAPTURE_AUTORELEASING = YES;
				CLANG_WARN_BOOL_CONVERSION = YES;
				CLANG_WARN_COMMA = YES;
				CLANG_WARN_CONSTANT_CONVERSION = YES;
				CLANG_WARN_DEPRECATED_OBJC_IMPLEMENTATIONS = YES;
				CLANG_WARN_DIRECT_OBJC_ISA_USAGE = YES_ERROR;
				CLANG_WARN_DOCUMENTATION_COMMENTS = YES;
				CLANG_WARN_EMPTY_BODY = YES;
				CLANG_WARN_ENUM_CONVERSION = YES;
				CLANG_WARN_INFINITE_RECURSION = YES;
				CLANG_WARN_INT_CONVERSION = YES;
				CLANG_WARN_NON_LITERAL_NULL_CONVERSION = YES;
				CLANG_WARN_OBJC_IMPLICIT_RETAIN_SELF = YES;
				CLANG_WARN_OBJC_LITERAL_CONVERSION = YES;
				CLANG_WARN_OBJC_ROOT_CLASS = YES_ERROR;
				CLANG_WARN_QUOTED_INCLUDE_IN_FRAMEWORK_HEADER = YES;
				CLANG_WARN_RANGE_LOOP_ANALYSIS = YES;
				CLANG_WARN_STRICT_PROTOTYPES = YES;
				CLANG_WARN_SUSPICIOUS_MOVE = YES;
				CLANG_WARN_UNGUARDED_AVAILABILITY = YES_AGGRESSIVE;
				CLANG_WARN_UNREACHABLE_CODE = YES;
				CLANG_WARN__DUPLICATE_METHOD_MATCH = YES;
				COPY_PHASE_STRIP = NO;
				DEBUG_INFORMATION_FORMAT = "dwarf-with-dsym";
				ENABLE_NS_ASSERTIONS = NO;
				ENABLE_STRICT_OBJC_MSGSEND = YES;
				GCC_C_LANGUAGE_STANDARD = gnu11;
				GCC_NO_COMMON_BLOCKS = YES;
				GCC_WARN_64_TO_32_BIT_CONVERSION = YES;
				GCC_WARN_ABOUT_RETURN_TYPE = YES_ERROR;
				GCC_WARN_UNDECLARED_SELECTOR = YES;
				GCC_WARN_UNINITIALIZED_AUTOS = YES_AGGRESSIVE;
				GCC_WARN_UNUSED_FUNCTION = YES;
				GCC_WARN_UNUSED_VARIABLE = YES;
				MACOSX_DEPLOYMENT_TARGET = 13.1;
				MTL_ENABLE_DEBUG_INFO = NO;
				MTL_FAST_MATH = YES;
				SDKROOT = macosx;
			};
			name = Release;
		};
		B2250CC929584D060067C43B /* Debug */ = {
			isa = XCBuildConfiguration;
			buildSettings = {
				CODE_SIGN_STYLE = Automatic;
				DEVELOPMENT_TEAM = 78KTXZ99TW;
				EXECUTABLE_PREFIX = lib;
				GCC_ENABLE_CPP_EXCEPTIONS = YES;
				GCC_ENABLE_CPP_RTTI = YES;
				GCC_PRECOMPILE_PREFIX_HEADER = YES;
				GCC_PREFIX_HEADER = "${PROJECT_DIR}/prefix_header.pch";
				GCC_PREPROCESSOR_DEFINITIONS = (
					"DEBUG=1",
					"$(inherited)",
					IK_ENABLE_LOG,
					IK_DEBUG_FEATURE,
				);
				HEADER_SEARCH_PATHS = (
					"${PROJECT_DIR}/implementation",
					"${PROJECT_DIR}/interface",
					"${PROJECT_DIR}/vendors/spd_log/include",
				);
				PRODUCT_NAME = "$(TARGET_NAME)";
				SKIP_INSTALL = YES;
			};
			name = Debug;
		};
		B2250CCA29584D060067C43B /* Release */ = {
			isa = XCBuildConfiguration;
			buildSettings = {
				CODE_SIGN_STYLE = Automatic;
				DEVELOPMENT_TEAM = 78KTXZ99TW;
				EXECUTABLE_PREFIX = lib;
				GCC_ENABLE_CPP_EXCEPTIONS = YES;
				GCC_ENABLE_CPP_RTTI = YES;
				GCC_PRECOMPILE_PREFIX_HEADER = YES;
				GCC_PREFIX_HEADER = "${PROJECT_DIR}/prefix_header.pch";
				HEADER_SEARCH_PATHS = (
					"${PROJECT_DIR}/implementation",
					"${PROJECT_DIR}/interface",
					"${PROJECT_DIR}/vendors/spd_log/include",
				);
				PRODUCT_NAME = "$(TARGET_NAME)";
				SKIP_INSTALL = YES;
			};
			name = Release;
		};
/* End XCBuildConfiguration section */

/* Begin XCConfigurationList section */
		B2250CB829584D060067C43B /* Build configuration list for PBXProject "ikan" */ = {
			isa = XCConfigurationList;
			buildConfigurations = (
				B2250CC629584D060067C43B /* Debug */,
				B2250CC729584D060067C43B /* Release */,
			);
			defaultConfigurationIsVisible = 0;
			defaultConfigurationName = Release;
		};
		B2250CC829584D060067C43B /* Build configuration list for PBXNativeTarget "ikan" */ = {
			isa = XCConfigurationList;
			buildConfigurations = (
				B2250CC929584D060067C43B /* Debug */,
				B2250CCA29584D060067C43B /* Release */,
			);
			defaultConfigurationIsVisible = 0;
			defaultConfigurationName = Release;
		};
/* End XCConfigurationList section */
	};
	rootObject = B2250CB529584D060067C43B /* Project object */;
}
