// !$*UTF8*$!
{
	archiveVersion = 1;
	classes = {
	};
	objectVersion = 56;
	objects = {

/* Begin PBXBuildFile section */
		B2B6CDC52958DAE600AE609E /* imgui.h in Headers */ = {isa = PBXBuildFile; fileRef = B2B6CDBB2958DAE500AE609E /* imgui.h */; };
		B2B6CDC62958DAE600AE609E /* imstb_truetype.h in Headers */ = {isa = PBXBuildFile; fileRef = B2B6CDBC2958DAE500AE609E /* imstb_truetype.h */; };
		B2B6CDC72958DAE600AE609E /* imgui_demo.cpp in Sources */ = {isa = PBXBuildFile; fileRef = B2B6CDBD2958DAE500AE609E /* imgui_demo.cpp */; };
		B2B6CDC82958DAE600AE609E /* imstb_textedit.h in Headers */ = {isa = PBXBuildFile; fileRef = B2B6CDBE2958DAE500AE609E /* imstb_textedit.h */; };
		B2B6CDC92958DAE600AE609E /* imconfig.h in Headers */ = {isa = PBXBuildFile; fileRef = B2B6CDBF2958DAE500AE609E /* imconfig.h */; };
		B2B6CDCA2958DAE600AE609E /* imstb_rectpack.h in Headers */ = {isa = PBXBuildFile; fileRef = B2B6CDC02958DAE500AE609E /* imstb_rectpack.h */; };
		B2B6CDCB2958DAE600AE609E /* imgui_internal.h in Headers */ = {isa = PBXBuildFile; fileRef = B2B6CDC12958DAE500AE609E /* imgui_internal.h */; };
		B2B6CDCC2958DAE600AE609E /* imgui.cpp in Sources */ = {isa = PBXBuildFile; fileRef = B2B6CDC22958DAE500AE609E /* imgui.cpp */; };
		B2B6CDCD2958DAE600AE609E /* imgui_widgets.cpp in Sources */ = {isa = PBXBuildFile; fileRef = B2B6CDC32958DAE500AE609E /* imgui_widgets.cpp */; };
		B2B6CDCE2958DAE600AE609E /* imgui_draw.cpp in Sources */ = {isa = PBXBuildFile; fileRef = B2B6CDC42958DAE600AE609E /* imgui_draw.cpp */; };
/* End PBXBuildFile section */

/* Begin PBXFileReference section */
		B2B6CD9C2958D7D400AE609E /* libimgui.a */ = {isa = PBXFileReference; explicitFileType = archive.ar; includeInIndex = 0; path = libimgui.a; sourceTree = BUILT_PRODUCTS_DIR; };
		B2B6CDBB2958DAE500AE609E /* imgui.h */ = {isa = PBXFileReference; fileEncoding = 4; lastKnownFileType = sourcecode.c.h; name = imgui.h; path = imgui/imgui.h; sourceTree = "<group>"; };
		B2B6CDBC2958DAE500AE609E /* imstb_truetype.h */ = {isa = PBXFileReference; fileEncoding = 4; lastKnownFileType = sourcecode.c.h; name = imstb_truetype.h; path = imgui/imstb_truetype.h; sourceTree = "<group>"; };
		B2B6CDBD2958DAE500AE609E /* imgui_demo.cpp */ = {isa = PBXFileReference; fileEncoding = 4; lastKnownFileType = sourcecode.cpp.cpp; name = imgui_demo.cpp; path = imgui/imgui_demo.cpp; sourceTree = "<group>"; };
		B2B6CDBE2958DAE500AE609E /* imstb_textedit.h */ = {isa = PBXFileReference; fileEncoding = 4; lastKnownFileType = sourcecode.c.h; name = imstb_textedit.h; path = imgui/imstb_textedit.h; sourceTree = "<group>"; };
		B2B6CDBF2958DAE500AE609E /* imconfig.h */ = {isa = PBXFileReference; fileEncoding = 4; lastKnownFileType = sourcecode.c.h; name = imconfig.h; path = imgui/imconfig.h; sourceTree = "<group>"; };
		B2B6CDC02958DAE500AE609E /* imstb_rectpack.h */ = {isa = PBXFileReference; fileEncoding = 4; lastKnownFileType = sourcecode.c.h; name = imstb_rectpack.h; path = imgui/imstb_rectpack.h; sourceTree = "<group>"; };
		B2B6CDC12958DAE500AE609E /* imgui_internal.h */ = {isa = PBXFileReference; fileEncoding = 4; lastKnownFileType = sourcecode.c.h; name = imgui_internal.h; path = imgui/imgui_internal.h; sourceTree = "<group>"; };
		B2B6CDC22958DAE500AE609E /* imgui.cpp */ = {isa = PBXFileReference; fileEncoding = 4; lastKnownFileType = sourcecode.cpp.cpp; name = imgui.cpp; path = imgui/imgui.cpp; sourceTree = "<group>"; };
		B2B6CDC32958DAE500AE609E /* imgui_widgets.cpp */ = {isa = PBXFileReference; fileEncoding = 4; lastKnownFileType = sourcecode.cpp.cpp; name = imgui_widgets.cpp; path = imgui/imgui_widgets.cpp; sourceTree = "<group>"; };
		B2B6CDC42958DAE600AE609E /* imgui_draw.cpp */ = {isa = PBXFileReference; fileEncoding = 4; lastKnownFileType = sourcecode.cpp.cpp; name = imgui_draw.cpp; path = imgui/imgui_draw.cpp; sourceTree = "<group>"; };
/* End PBXFileReference section */

/* Begin PBXFrameworksBuildPhase section */
		B2B6CD9A2958D7D400AE609E /* Frameworks */ = {
			isa = PBXFrameworksBuildPhase;
			buildActionMask = 2147483647;
			files = (
			);
			runOnlyForDeploymentPostprocessing = 0;
		};
/* End PBXFrameworksBuildPhase section */

/* Begin PBXGroup section */
		B2B6CD932958D7D400AE609E = {
			isa = PBXGroup;
			children = (
				B2B6CDBF2958DAE500AE609E /* imconfig.h */,
				B2B6CDBD2958DAE500AE609E /* imgui_demo.cpp */,
				B2B6CDC42958DAE600AE609E /* imgui_draw.cpp */,
				B2B6CDC12958DAE500AE609E /* imgui_internal.h */,
				B2B6CDC32958DAE500AE609E /* imgui_widgets.cpp */,
				B2B6CDC22958DAE500AE609E /* imgui.cpp */,
				B2B6CDBB2958DAE500AE609E /* imgui.h */,
				B2B6CDC02958DAE500AE609E /* imstb_rectpack.h */,
				B2B6CDBE2958DAE500AE609E /* imstb_textedit.h */,
				B2B6CDBC2958DAE500AE609E /* imstb_truetype.h */,
				B2B6CD9D2958D7D400AE609E /* Products */,
			);
			sourceTree = "<group>";
		};
		B2B6CD9D2958D7D400AE609E /* Products */ = {
			isa = PBXGroup;
			children = (
				B2B6CD9C2958D7D400AE609E /* libimgui.a */,
			);
			name = Products;
			sourceTree = "<group>";
		};
/* End PBXGroup section */

/* Begin PBXHeadersBuildPhase section */
		B2B6CD982958D7D400AE609E /* Headers */ = {
			isa = PBXHeadersBuildPhase;
			buildActionMask = 2147483647;
			files = (
				B2B6CDCA2958DAE600AE609E /* imstb_rectpack.h in Headers */,
				B2B6CDC92958DAE600AE609E /* imconfig.h in Headers */,
				B2B6CDC62958DAE600AE609E /* imstb_truetype.h in Headers */,
				B2B6CDC82958DAE600AE609E /* imstb_textedit.h in Headers */,
				B2B6CDC52958DAE600AE609E /* imgui.h in Headers */,
				B2B6CDCB2958DAE600AE609E /* imgui_internal.h in Headers */,
			);
			runOnlyForDeploymentPostprocessing = 0;
		};
/* End PBXHeadersBuildPhase section */

/* Begin PBXNativeTarget section */
		B2B6CD9B2958D7D400AE609E /* imgui */ = {
			isa = PBXNativeTarget;
			buildConfigurationList = B2B6CDA72958D7D400AE609E /* Build configuration list for PBXNativeTarget "imgui" */;
			buildPhases = (
				B2B6CD982958D7D400AE609E /* Headers */,
				B2B6CD992958D7D400AE609E /* Sources */,
				B2B6CD9A2958D7D400AE609E /* Frameworks */,
			);
			buildRules = (
			);
			dependencies = (
			);
			name = imgui;
			productName = imgui;
			productReference = B2B6CD9C2958D7D400AE609E /* libimgui.a */;
			productType = "com.apple.product-type.library.static";
		};
/* End PBXNativeTarget section */

/* Begin PBXProject section */
		B2B6CD942958D7D400AE609E /* Project object */ = {
			isa = PBXProject;
			attributes = {
				BuildIndependentTargetsInParallel = 1;
				LastUpgradeCheck = 1420;
				TargetAttributes = {
					B2B6CD9B2958D7D400AE609E = {
						CreatedOnToolsVersion = 14.2;
					};
				};
			};
			buildConfigurationList = B2B6CD972958D7D400AE609E /* Build configuration list for PBXProject "imgui" */;
			compatibilityVersion = "Xcode 14.0";
			developmentRegion = en;
			hasScannedForEncodings = 0;
			knownRegions = (
				en,
				Base,
			);
			mainGroup = B2B6CD932958D7D400AE609E;
			productRefGroup = B2B6CD9D2958D7D400AE609E /* Products */;
			projectDirPath = "";
			projectRoot = "";
			targets = (
				B2B6CD9B2958D7D400AE609E /* imgui */,
			);
		};
/* End PBXProject section */

/* Begin PBXSourcesBuildPhase section */
		B2B6CD992958D7D400AE609E /* Sources */ = {
			isa = PBXSourcesBuildPhase;
			buildActionMask = 2147483647;
			files = (
				B2B6CDC72958DAE600AE609E /* imgui_demo.cpp in Sources */,
				B2B6CDCD2958DAE600AE609E /* imgui_widgets.cpp in Sources */,
				B2B6CDCC2958DAE600AE609E /* imgui.cpp in Sources */,
				B2B6CDCE2958DAE600AE609E /* imgui_draw.cpp in Sources */,
			);
			runOnlyForDeploymentPostprocessing = 0;
		};
/* End PBXSourcesBuildPhase section */

/* Begin XCBuildConfiguration section */
		B2B6CDA52958D7D400AE609E /* Debug */ = {
			isa = XCBuildConfiguration;
			buildSettings = {
				ALWAYS_SEARCH_USER_PATHS = NO;
				CLANG_ANALYZER_NONNULL = YES;
				CLANG_ANALYZER_NUMBER_OBJECT_CONVERSION = YES_AGGRESSIVE;
				CLANG_CXX_LANGUAGE_STANDARD = "gnu++20";
				CLANG_ENABLE_MODULES = YES;
				CLANG_ENABLE_OBJC_ARC = YES;
				CLANG_ENABLE_OBJC_WEAK = YES;
				CLANG_WARN_BLOCK_CAPTURE_AUTORELEASING = YES;
				CLANG_WARN_BOOL_CONVERSION = YES;
				CLANG_WARN_COMMA = YES;
				CLANG_WARN_CONSTANT_CONVERSION = YES;
				CLANG_WARN_DEPRECATED_OBJC_IMPLEMENTATIONS = YES;
				CLANG_WARN_DIRECT_OBJC_ISA_USAGE = YES_ERROR;
				CLANG_WARN_DOCUMENTATION_COMMENTS = YES;
				CLANG_WARN_EMPTY_BODY = YES;
				CLANG_WARN_ENUM_CONVERSION = YES;
				CLANG_WARN_INFINITE_RECURSION = YES;
				CLANG_WARN_INT_CONVERSION = YES;
				CLANG_WARN_NON_LITERAL_NULL_CONVERSION = YES;
				CLANG_WARN_OBJC_IMPLICIT_RETAIN_SELF = YES;
				CLANG_WARN_OBJC_LITERAL_CONVERSION = YES;
				CLANG_WARN_OBJC_ROOT_CLASS = YES_ERROR;
				CLANG_WARN_QUOTED_INCLUDE_IN_FRAMEWORK_HEADER = YES;
				CLANG_WARN_RANGE_LOOP_ANALYSIS = YES;
				CLANG_WARN_STRICT_PROTOTYPES = YES;
				CLANG_WARN_SUSPICIOUS_MOVE = YES;
				CLANG_WARN_UNGUARDED_AVAILABILITY = YES_AGGRESSIVE;
				CLANG_WARN_UNREACHABLE_CODE = YES;
				CLANG_WARN__DUPLICATE_METHOD_MATCH = YES;
				COPY_PHASE_STRIP = NO;
				DEBUG_INFORMATION_FORMAT = dwarf;
				ENABLE_STRICT_OBJC_MSGSEND = YES;
				ENABLE_TESTABILITY = YES;
				GCC_C_LANGUAGE_STANDARD = gnu11;
				GCC_DYNAMIC_NO_PIC = NO;
				GCC_NO_COMMON_BLOCKS = YES;
				GCC_OPTIMIZATION_LEVEL = 0;
				GCC_PREPROCESSOR_DEFINITIONS = (
					"DEBUG=1",
					"$(inherited)",
				);
				GCC_WARN_64_TO_32_BIT_CONVERSION = YES;
				GCC_WARN_ABOUT_RETURN_TYPE = YES_ERROR;
				GCC_WARN_UNDECLARED_SELECTOR = YES;
				GCC_WARN_UNINITIALIZED_AUTOS = YES_AGGRESSIVE;
				GCC_WARN_UNUSED_FUNCTION = YES;
				GCC_WARN_UNUSED_VARIABLE = YES;
				MACOSX_DEPLOYMENT_TARGET = 13.1;
				MTL_ENABLE_DEBUG_INFO = INCLUDE_SOURCE;
				MTL_FAST_MATH = YES;
				ONLY_ACTIVE_ARCH = YES;
				SDKROOT = macosx;
			};
			name = Debug;
		};
		B2B6CDA62958D7D400AE609E /* Release */ = {
			isa = XCBuildConfiguration;
			buildSettings = {
				ALWAYS_SEARCH_USER_PATHS = NO;
				CLANG_ANALYZER_NONNULL = YES;
				CLANG_ANALYZER_NUMBER_OBJECT_CONVERSION = YES_AGGRESSIVE;
				CLANG_CXX_LANGUAGE_STANDARD = "gnu++20";
				CLANG_ENABLE_MODULES = YES;
				CLANG_ENABLE_OBJC_ARC = YES;
				CLANG_ENABLE_OBJC_WEAK = YES;
				CLANG_WARN_BLOCK_CAPTURE_AUTORELEASING = YES;
				CLANG_WARN_BOOL_CONVERSION = YES;
				CLANG_WARN_COMMA = YES;
				CLANG_WARN_CONSTANT_CONVERSION = YES;
				CLANG_WARN_DEPRECATED_OBJC_IMPLEMENTATIONS = YES;
				CLANG_WARN_DIRECT_OBJC_ISA_USAGE = YES_ERROR;
				CLANG_WARN_DOCUMENTATION_COMMENTS = YES;
				CLANG_WARN_EMPTY_BODY = YES;
				CLANG_WARN_ENUM_CONVERSION = YES;
				CLANG_WARN_INFINITE_RECURSION = YES;
				CLANG_WARN_INT_CONVERSION = YES;
				CLANG_WARN_NON_LITERAL_NULL_CONVERSION = YES;
				CLANG_WARN_OBJC_IMPLICIT_RETAIN_SELF = YES;
				CLANG_WARN_OBJC_LITERAL_CONVERSION = YES;
				CLANG_WARN_OBJC_ROOT_CLASS = YES_ERROR;
				CLANG_WARN_QUOTED_INCLUDE_IN_FRAMEWORK_HEADER = YES;
				CLANG_WARN_RANGE_LOOP_ANALYSIS = YES;
				CLANG_WARN_STRICT_PROTOTYPES = YES;
				CLANG_WARN_SUSPICIOUS_MOVE = YES;
				CLANG_WARN_UNGUARDED_AVAILABILITY = YES_AGGRESSIVE;
				CLANG_WARN_UNREACHABLE_CODE = YES;
				CLANG_WARN__DUPLICATE_METHOD_MATCH = YES;
				COPY_PHASE_STRIP = NO;
				DEBUG_INFORMATION_FORMAT = "dwarf-with-dsym";
				ENABLE_NS_ASSERTIONS = NO;
				ENABLE_STRICT_OBJC_MSGSEND = YES;
				GCC_C_LANGUAGE_STANDARD = gnu11;
				GCC_NO_COMMON_BLOCKS = YES;
				GCC_WARN_64_TO_32_BIT_CONVERSION = YES;
				GCC_WARN_ABOUT_RETURN_TYPE = YES_ERROR;
				GCC_WARN_UNDECLARED_SELECTOR = YES;
				GCC_WARN_UNINITIALIZED_AUTOS = YES_AGGRESSIVE;
				GCC_WARN_UNUSED_FUNCTION = YES;
				GCC_WARN_UNUSED_VARIABLE = YES;
				MACOSX_DEPLOYMENT_TARGET = 13.1;
				MTL_ENABLE_DEBUG_INFO = NO;
				MTL_FAST_MATH = YES;
				SDKROOT = macosx;
			};
			name = Release;
		};
		B2B6CDA82958D7D400AE609E /* Debug */ = {
			isa = XCBuildConfiguration;
			buildSettings = {
				CODE_SIGN_STYLE = Automatic;
				DEVELOPMENT_TEAM = 78KTXZ99TW;
				EXECUTABLE_PREFIX = lib;
				GCC_ENABLE_CPP_EXCEPTIONS = YES;
				GCC_ENABLE_CPP_RTTI = YES;
				HEADER_SEARCH_PATHS = "${PROJECT_DIR}/imgui";
				PRODUCT_NAME = "$(TARGET_NAME)";
				SKIP_INSTALL = YES;
			};
			name = Debug;
		};
		B2B6CDA92958D7D400AE609E /* Release */ = {
			isa = XCBuildConfiguration;
			buildSettings = {
				CODE_SIGN_STYLE = Automatic;
				DEVELOPMENT_TEAM = 78KTXZ99TW;
				EXECUTABLE_PREFIX = lib;
				GCC_ENABLE_CPP_EXCEPTIONS = YES;
				GCC_ENABLE_CPP_RTTI = YES;
				HEADER_SEARCH_PATHS = "${PROJECT_DIR}/imgui";
				PRODUCT_NAME = "$(TARGET_NAME)";
				SKIP_INSTALL = YES;
			};
			name = Release;
		};
/* End XCBuildConfiguration section */

/* Begin XCConfigurationList section */
		B2B6CD972958D7D400AE609E /* Build configuration list for PBXProject "imgui" */ = {
			isa = XCConfigurationList;
			buildConfigurations = (
				B2B6CDA52958D7D400AE609E /* Debug */,
				B2B6CDA62958D7D400AE609E /* Release */,
			);
			defaultConfigurationIsVisible = 0;
			defaultConfigurationName = Release;
		};
		B2B6CDA72958D7D400AE609E /* Build configuration list for PBXNativeTarget "imgui" */ = {
			isa = XCConfigurationList;
			buildConfigurations = (
				B2B6CDA82958D7D400AE609E /* Debug */,
				B2B6CDA92958D7D400AE609E /* Release */,
			);
			defaultConfigurationIsVisible = 0;
			defaultConfigurationName = Release;
		};
/* End XCConfigurationList section */
	};
	rootObject = B2B6CD942958D7D400AE609E /* Project object */;
}
