// !$*UTF8*$!
{
	archiveVersion = 1;
	classes = {
	};
	objectVersion = 55;
	objects = {

/* Begin PBXBuildFile section */
		3EF2AABA283D015B009764F8 /* libiKan.a in Frameworks */ = {isa = PBXBuildFile; fileRef = 3EF2AAB9283D015B009764F8 /* libiKan.a */; };
		3EF2AABD283D016E009764F8 /* libIrrXML.dylib in Frameworks */ = {isa = PBXBuildFile; fileRef = 3EF2AABB283D016E009764F8 /* libIrrXML.dylib */; };
		3EF2AABE283D016E009764F8 /* libassimp.5.dylib in Frameworks */ = {isa = PBXBuildFile; fileRef = 3EF2AABC283D016E009764F8 /* libassimp.5.dylib */; };
		3EF2AAC0283D0175009764F8 /* OpenGL.framework in Frameworks */ = {isa = PBXBuildFile; fileRef = 3EF2AABF283D0175009764F8 /* OpenGL.framework */; };
		3EF2AAC2283D0179009764F8 /* IOKit.framework in Frameworks */ = {isa = PBXBuildFile; fileRef = 3EF2AAC1283D0179009764F8 /* IOKit.framework */; };
		3EF2AAC4283D017D009764F8 /* Cocoa.framework in Frameworks */ = {isa = PBXBuildFile; fileRef = 3EF2AAC3283D017D009764F8 /* Cocoa.framework */; };
		3EF2AB16283D0248009764F8 /* ChessApp.cpp in Sources */ = {isa = PBXBuildFile; fileRef = 3EF2AAD3283D0247009764F8 /* ChessApp.cpp */; };
		3EF2AB17283D0248009764F8 /* ChessLayer.cpp in Sources */ = {isa = PBXBuildFile; fileRef = 3EF2AAD6283D0247009764F8 /* ChessLayer.cpp */; };
		3EF2AB18283D0248009764F8 /* main.cpp in Sources */ = {isa = PBXBuildFile; fileRef = 3EF2AAD8283D0247009764F8 /* main.cpp */; };
/* End PBXBuildFile section */

/* Begin PBXCopyFilesBuildPhase section */
		3EF2AA86283D0111009764F8 /* CopyFiles */ = {
			isa = PBXCopyFilesBuildPhase;
			buildActionMask = 2147483647;
			dstPath = /usr/share/man/man1/;
			dstSubfolderSpec = 0;
			files = (
			);
			runOnlyForDeploymentPostprocessing = 1;
		};
/* End PBXCopyFilesBuildPhase section */

/* Begin PBXFileReference section */
		3EF2AA88283D0111009764F8 /* Chess */ = {isa = PBXFileReference; explicitFileType = "compiled.mach-o.executable"; includeInIndex = 0; path = Chess; sourceTree = BUILT_PRODUCTS_DIR; };
		3EF2AAB9283D015B009764F8 /* libiKan.a */ = {isa = PBXFileReference; explicitFileType = archive.ar; path = libiKan.a; sourceTree = BUILT_PRODUCTS_DIR; };
		3EF2AABB283D016E009764F8 /* libIrrXML.dylib */ = {isa = PBXFileReference; lastKnownFileType = "compiled.mach-o.dylib"; name = libIrrXML.dylib; path = ../iKan/vendors/assimp/lib/libIrrXML.dylib; sourceTree = "<group>"; };
		3EF2AABC283D016E009764F8 /* libassimp.5.dylib */ = {isa = PBXFileReference; lastKnownFileType = "compiled.mach-o.dylib"; name = libassimp.5.dylib; path = ../iKan/vendors/assimp/lib/libassimp.5.dylib; sourceTree = "<group>"; };
		3EF2AABF283D0175009764F8 /* OpenGL.framework */ = {isa = PBXFileReference; lastKnownFileType = wrapper.framework; name = OpenGL.framework; path = System/Library/Frameworks/OpenGL.framework; sourceTree = SDKROOT; };
		3EF2AAC1283D0179009764F8 /* IOKit.framework */ = {isa = PBXFileReference; lastKnownFileType = wrapper.framework; name = IOKit.framework; path = System/Library/Frameworks/IOKit.framework; sourceTree = SDKROOT; };
		3EF2AAC3283D017D009764F8 /* Cocoa.framework */ = {isa = PBXFileReference; lastKnownFileType = wrapper.framework; name = Cocoa.framework; path = System/Library/Frameworks/Cocoa.framework; sourceTree = SDKROOT; };
		3EF2AAD3283D0247009764F8 /* ChessApp.cpp */ = {isa = PBXFileReference; fileEncoding = 4; lastKnownFileType = sourcecode.cpp.cpp; path = ChessApp.cpp; sourceTree = "<group>"; };
		3EF2AAD5283D0247009764F8 /* ChessLayer.hpp */ = {isa = PBXFileReference; fileEncoding = 4; lastKnownFileType = sourcecode.cpp.h; path = ChessLayer.hpp; sourceTree = "<group>"; };
		3EF2AAD6283D0247009764F8 /* ChessLayer.cpp */ = {isa = PBXFileReference; fileEncoding = 4; lastKnownFileType = sourcecode.cpp.cpp; path = ChessLayer.cpp; sourceTree = "<group>"; };
		3EF2AAD8283D0247009764F8 /* main.cpp */ = {isa = PBXFileReference; fileEncoding = 4; lastKnownFileType = sourcecode.cpp.cpp; path = main.cpp; sourceTree = "<group>"; };
		3EF2AB61283D0D60009764F8 /* king.png */ = {isa = PBXFileReference; lastKnownFileType = image.png; path = king.png; sourceTree = "<group>"; };
		3EF2AB62283D0D60009764F8 /* queen.png */ = {isa = PBXFileReference; lastKnownFileType = image.png; path = queen.png; sourceTree = "<group>"; };
		3EF2AB63283D0D60009764F8 /* rook.png */ = {isa = PBXFileReference; lastKnownFileType = image.png; path = rook.png; sourceTree = "<group>"; };
		3EF2AB64283D0D60009764F8 /* knight.png */ = {isa = PBXFileReference; lastKnownFileType = image.png; path = knight.png; sourceTree = "<group>"; };
		3EF2AB65283D0D60009764F8 /* block.png */ = {isa = PBXFileReference; lastKnownFileType = image.png; path = block.png; sourceTree = "<group>"; };
		3EF2AB66283D0D60009764F8 /* bishop.png */ = {isa = PBXFileReference; lastKnownFileType = image.png; path = bishop.png; sourceTree = "<group>"; };
		3EF2AB67283D0D60009764F8 /* pawn.png */ = {isa = PBXFileReference; lastKnownFileType = image.png; path = pawn.png; sourceTree = "<group>"; };
		3EF2AB69283D0D60009764F8 /* king.png */ = {isa = PBXFileReference; lastKnownFileType = image.png; path = king.png; sourceTree = "<group>"; };
		3EF2AB6A283D0D60009764F8 /* queen.png */ = {isa = PBXFileReference; lastKnownFileType = image.png; path = queen.png; sourceTree = "<group>"; };
		3EF2AB6B283D0D60009764F8 /* rook.png */ = {isa = PBXFileReference; lastKnownFileType = image.png; path = rook.png; sourceTree = "<group>"; };
		3EF2AB6C283D0D60009764F8 /* knight.png */ = {isa = PBXFileReference; lastKnownFileType = image.png; path = knight.png; sourceTree = "<group>"; };
		3EF2AB6D283D0D60009764F8 /* block.png */ = {isa = PBXFileReference; lastKnownFileType = image.png; path = block.png; sourceTree = "<group>"; };
		3EF2AB6E283D0D60009764F8 /* bishop.png */ = {isa = PBXFileReference; lastKnownFileType = image.png; path = bishop.png; sourceTree = "<group>"; };
		3EF2AB6F283D0D60009764F8 /* pawn.png */ = {isa = PBXFileReference; lastKnownFileType = image.png; path = pawn.png; sourceTree = "<group>"; };
		3EF2AB70283D1090009764F8 /* ChessApp.hpp */ = {isa = PBXFileReference; lastKnownFileType = sourcecode.cpp.h; path = ChessApp.hpp; sourceTree = "<group>"; };
		3EF689B7284A4717001E1883 /* Common.hpp */ = {isa = PBXFileReference; lastKnownFileType = sourcecode.cpp.h; path = Common.hpp; sourceTree = "<group>"; };
		3EF689BA284A4721001E1883 /* Block.hpp */ = {isa = PBXFileReference; lastKnownFileType = sourcecode.cpp.h; path = Block.hpp; sourceTree = "<group>"; };
		3EF689BD284A472B001E1883 /* Player.hpp */ = {isa = PBXFileReference; lastKnownFileType = sourcecode.cpp.h; path = Player.hpp; sourceTree = "<group>"; };
		3EF689C0284A4732001E1883 /* Piece.hpp */ = {isa = PBXFileReference; lastKnownFileType = sourcecode.cpp.h; path = Piece.hpp; sourceTree = "<group>"; };
/* End PBXFileReference section */

/* Begin PBXFrameworksBuildPhase section */
		3EF2AA85283D0111009764F8 /* Frameworks */ = {
			isa = PBXFrameworksBuildPhase;
			buildActionMask = 2147483647;
			files = (
				3EF2AAC4283D017D009764F8 /* Cocoa.framework in Frameworks */,
				3EF2AAC2283D0179009764F8 /* IOKit.framework in Frameworks */,
				3EF2AAC0283D0175009764F8 /* OpenGL.framework in Frameworks */,
				3EF2AABD283D016E009764F8 /* libIrrXML.dylib in Frameworks */,
				3EF2AABE283D016E009764F8 /* libassimp.5.dylib in Frameworks */,
				3EF2AABA283D015B009764F8 /* libiKan.a in Frameworks */,
			);
			runOnlyForDeploymentPostprocessing = 0;
		};
/* End PBXFrameworksBuildPhase section */

/* Begin PBXGroup section */
		3EF2AA7F283D0111009764F8 = {
			isa = PBXGroup;
			children = (
				3EF689C2284A4798001E1883 /* src */,
				3EF2AAD9283D0247009764F8 /* assets */,
				3EF2AA89283D0111009764F8 /* Products */,
				3EF2AAB8283D015B009764F8 /* Frameworks */,
			);
			sourceTree = "<group>";
		};
		3EF2AA89283D0111009764F8 /* Products */ = {
			isa = PBXGroup;
			children = (
				3EF2AA88283D0111009764F8 /* Chess */,
			);
			name = Products;
			sourceTree = "<group>";
		};
		3EF2AAB8283D015B009764F8 /* Frameworks */ = {
			isa = PBXGroup;
			children = (
				3EF2AAC3283D017D009764F8 /* Cocoa.framework */,
				3EF2AAC1283D0179009764F8 /* IOKit.framework */,
				3EF2AABF283D0175009764F8 /* OpenGL.framework */,
				3EF2AABC283D016E009764F8 /* libassimp.5.dylib */,
				3EF2AABB283D016E009764F8 /* libIrrXML.dylib */,
				3EF2AAB9283D015B009764F8 /* libiKan.a */,
			);
			name = Frameworks;
			sourceTree = "<group>";
		};
		3EF2AAD2283D0247009764F8 /* application */ = {
			isa = PBXGroup;
			children = (
				3EF2AAD3283D0247009764F8 /* ChessApp.cpp */,
				3EF2AB70283D1090009764F8 /* ChessApp.hpp */,
			);
			path = application;
			sourceTree = "<group>";
		};
		3EF2AAD4283D0247009764F8 /* layer */ = {
			isa = PBXGroup;
			children = (
				3EF2AAD6283D0247009764F8 /* ChessLayer.cpp */,
				3EF2AAD5283D0247009764F8 /* ChessLayer.hpp */,
			);
			path = layer;
			sourceTree = "<group>";
		};
		3EF2AAD7283D0247009764F8 /* main */ = {
			isa = PBXGroup;
			children = (
				3EF2AAD8283D0247009764F8 /* main.cpp */,
			);
			path = main;
			sourceTree = "<group>";
		};
		3EF2AAD9283D0247009764F8 /* assets */ = {
			isa = PBXGroup;
			children = (
				3EF2AADA283D0247009764F8 /* models */,
				3EF2AB01283D0247009764F8 /* texture */,
			);
			path = assets;
			sourceTree = "<group>";
		};
		3EF2AADA283D0247009764F8 /* models */ = {
			isa = PBXGroup;
			children = (
			);
			path = models;
			sourceTree = "<group>";
		};
		3EF2AB01283D0247009764F8 /* texture */ = {
			isa = PBXGroup;
			children = (
				3EF2AB60283D0D60009764F8 /* black */,
				3EF2AB68283D0D60009764F8 /* white */,
			);
			path = texture;
			sourceTree = "<group>";
		};
		3EF2AB60283D0D60009764F8 /* black */ = {
			isa = PBXGroup;
			children = (
				3EF2AB61283D0D60009764F8 /* king.png */,
				3EF2AB62283D0D60009764F8 /* queen.png */,
				3EF2AB63283D0D60009764F8 /* rook.png */,
				3EF2AB64283D0D60009764F8 /* knight.png */,
				3EF2AB65283D0D60009764F8 /* block.png */,
				3EF2AB66283D0D60009764F8 /* bishop.png */,
				3EF2AB67283D0D60009764F8 /* pawn.png */,
			);
			path = black;
			sourceTree = "<group>";
		};
		3EF2AB68283D0D60009764F8 /* white */ = {
			isa = PBXGroup;
			children = (
				3EF2AB69283D0D60009764F8 /* king.png */,
				3EF2AB6A283D0D60009764F8 /* queen.png */,
				3EF2AB6B283D0D60009764F8 /* rook.png */,
				3EF2AB6C283D0D60009764F8 /* knight.png */,
				3EF2AB6D283D0D60009764F8 /* block.png */,
				3EF2AB6E283D0D60009764F8 /* bishop.png */,
				3EF2AB6F283D0D60009764F8 /* pawn.png */,
			);
			path = white;
			sourceTree = "<group>";
		};
		3EF689B5284A46FD001E1883 /* chess */ = {
			isa = PBXGroup;
			children = (
				3EF689B7284A4717001E1883 /* Common.hpp */,
				3EF689BA284A4721001E1883 /* Block.hpp */,
				3EF689BD284A472B001E1883 /* Player.hpp */,
				3EF689C0284A4732001E1883 /* Piece.hpp */,
			);
			path = chess;
			sourceTree = "<group>";
		};
		3EF689C2284A4798001E1883 /* src */ = {
			isa = PBXGroup;
			children = (
				3EF2AAD2283D0247009764F8 /* application */,
				3EF689B5284A46FD001E1883 /* chess */,
				3EF2AAD4283D0247009764F8 /* layer */,
				3EF2AAD7283D0247009764F8 /* main */,
			);
			path = src;
			sourceTree = "<group>";
		};
/* End PBXGroup section */

/* Begin PBXNativeTarget section */
		3EF2AA87283D0111009764F8 /* Chess */ = {
			isa = PBXNativeTarget;
			buildConfigurationList = 3EF2AA8F283D0111009764F8 /* Build configuration list for PBXNativeTarget "Chess" */;
			buildPhases = (
				3EF2AA84283D0111009764F8 /* Sources */,
				3EF2AA85283D0111009764F8 /* Frameworks */,
				3EF2AA86283D0111009764F8 /* CopyFiles */,
			);
			buildRules = (
			);
			dependencies = (
			);
			name = Chess;
			productName = Chess;
			productReference = 3EF2AA88283D0111009764F8 /* Chess */;
			productType = "com.apple.product-type.tool";
		};
/* End PBXNativeTarget section */

/* Begin PBXProject section */
		3EF2AA80283D0111009764F8 /* Project object */ = {
			isa = PBXProject;
			attributes = {
				BuildIndependentTargetsInParallel = 1;
				DefaultBuildSystemTypeForWorkspace = Original;
				LastUpgradeCheck = 1340;
				TargetAttributes = {
					3EF2AA87283D0111009764F8 = {
						CreatedOnToolsVersion = 13.4;
					};
				};
			};
			buildConfigurationList = 3EF2AA83283D0111009764F8 /* Build configuration list for PBXProject "Chess" */;
			compatibilityVersion = "Xcode 13.0";
			developmentRegion = en;
			hasScannedForEncodings = 0;
			knownRegions = (
				en,
				Base,
			);
			mainGroup = 3EF2AA7F283D0111009764F8;
			productRefGroup = 3EF2AA89283D0111009764F8 /* Products */;
			projectDirPath = "";
			projectRoot = "";
			targets = (
				3EF2AA87283D0111009764F8 /* Chess */,
			);
		};
/* End PBXProject section */

/* Begin PBXSourcesBuildPhase section */
		3EF2AA84283D0111009764F8 /* Sources */ = {
			isa = PBXSourcesBuildPhase;
			buildActionMask = 2147483647;
			files = (
				3EF2AB16283D0248009764F8 /* ChessApp.cpp in Sources */,
				3EF2AB17283D0248009764F8 /* ChessLayer.cpp in Sources */,
				3EF2AB18283D0248009764F8 /* main.cpp in Sources */,
			);
			runOnlyForDeploymentPostprocessing = 0;
		};
/* End PBXSourcesBuildPhase section */

/* Begin XCBuildConfiguration section */
		3EF2AA8D283D0111009764F8 /* Debug */ = {
			isa = XCBuildConfiguration;
			buildSettings = {
				ALWAYS_SEARCH_USER_PATHS = NO;
				CLANG_ANALYZER_NONNULL = YES;
				CLANG_ANALYZER_NUMBER_OBJECT_CONVERSION = YES_AGGRESSIVE;
				CLANG_CXX_LANGUAGE_STANDARD = "gnu++17";
				CLANG_ENABLE_MODULES = YES;
				CLANG_ENABLE_OBJC_ARC = YES;
				CLANG_ENABLE_OBJC_WEAK = YES;
				CLANG_WARN_BLOCK_CAPTURE_AUTORELEASING = YES;
				CLANG_WARN_BOOL_CONVERSION = YES;
				CLANG_WARN_COMMA = YES;
				CLANG_WARN_CONSTANT_CONVERSION = YES;
				CLANG_WARN_DEPRECATED_OBJC_IMPLEMENTATIONS = YES;
				CLANG_WARN_DIRECT_OBJC_ISA_USAGE = YES_ERROR;
				CLANG_WARN_DOCUMENTATION_COMMENTS = YES;
				CLANG_WARN_EMPTY_BODY = YES;
				CLANG_WARN_ENUM_CONVERSION = YES;
				CLANG_WARN_INFINITE_RECURSION = YES;
				CLANG_WARN_INT_CONVERSION = YES;
				CLANG_WARN_NON_LITERAL_NULL_CONVERSION = YES;
				CLANG_WARN_OBJC_IMPLICIT_RETAIN_SELF = YES;
				CLANG_WARN_OBJC_LITERAL_CONVERSION = YES;
				CLANG_WARN_OBJC_ROOT_CLASS = YES_ERROR;
				CLANG_WARN_QUOTED_INCLUDE_IN_FRAMEWORK_HEADER = YES;
				CLANG_WARN_RANGE_LOOP_ANALYSIS = YES;
				CLANG_WARN_STRICT_PROTOTYPES = YES;
				CLANG_WARN_SUSPICIOUS_MOVE = YES;
				CLANG_WARN_UNGUARDED_AVAILABILITY = YES_AGGRESSIVE;
				CLANG_WARN_UNREACHABLE_CODE = YES;
				CLANG_WARN__DUPLICATE_METHOD_MATCH = YES;
				COPY_PHASE_STRIP = NO;
				DEBUG_INFORMATION_FORMAT = dwarf;
				ENABLE_STRICT_OBJC_MSGSEND = YES;
				ENABLE_TESTABILITY = YES;
				GCC_C_LANGUAGE_STANDARD = gnu11;
				GCC_DYNAMIC_NO_PIC = NO;
				GCC_NO_COMMON_BLOCKS = YES;
				GCC_OPTIMIZATION_LEVEL = 0;
				GCC_PREPROCESSOR_DEFINITIONS = (
					"DEBUG=1",
					"$(inherited)",
				);
				GCC_WARN_64_TO_32_BIT_CONVERSION = YES;
				GCC_WARN_ABOUT_RETURN_TYPE = YES_ERROR;
				GCC_WARN_UNDECLARED_SELECTOR = YES;
				GCC_WARN_UNINITIALIZED_AUTOS = YES_AGGRESSIVE;
				GCC_WARN_UNUSED_FUNCTION = YES;
				GCC_WARN_UNUSED_VARIABLE = YES;
				MACOSX_DEPLOYMENT_TARGET = 12.3;
				MTL_ENABLE_DEBUG_INFO = INCLUDE_SOURCE;
				MTL_FAST_MATH = YES;
				ONLY_ACTIVE_ARCH = YES;
				SDKROOT = macosx;
			};
			name = Debug;
		};
		3EF2AA8E283D0111009764F8 /* Release */ = {
			isa = XCBuildConfiguration;
			buildSettings = {
				ALWAYS_SEARCH_USER_PATHS = NO;
				CLANG_ANALYZER_NONNULL = YES;
				CLANG_ANALYZER_NUMBER_OBJECT_CONVERSION = YES_AGGRESSIVE;
				CLANG_CXX_LANGUAGE_STANDARD = "gnu++17";
				CLANG_ENABLE_MODULES = YES;
				CLANG_ENABLE_OBJC_ARC = YES;
				CLANG_ENABLE_OBJC_WEAK = YES;
				CLANG_WARN_BLOCK_CAPTURE_AUTORELEASING = YES;
				CLANG_WARN_BOOL_CONVERSION = YES;
				CLANG_WARN_COMMA = YES;
				CLANG_WARN_CONSTANT_CONVERSION = YES;
				CLANG_WARN_DEPRECATED_OBJC_IMPLEMENTATIONS = YES;
				CLANG_WARN_DIRECT_OBJC_ISA_USAGE = YES_ERROR;
				CLANG_WARN_DOCUMENTATION_COMMENTS = YES;
				CLANG_WARN_EMPTY_BODY = YES;
				CLANG_WARN_ENUM_CONVERSION = YES;
				CLANG_WARN_INFINITE_RECURSION = YES;
				CLANG_WARN_INT_CONVERSION = YES;
				CLANG_WARN_NON_LITERAL_NULL_CONVERSION = YES;
				CLANG_WARN_OBJC_IMPLICIT_RETAIN_SELF = YES;
				CLANG_WARN_OBJC_LITERAL_CONVERSION = YES;
				CLANG_WARN_OBJC_ROOT_CLASS = YES_ERROR;
				CLANG_WARN_QUOTED_INCLUDE_IN_FRAMEWORK_HEADER = YES;
				CLANG_WARN_RANGE_LOOP_ANALYSIS = YES;
				CLANG_WARN_STRICT_PROTOTYPES = YES;
				CLANG_WARN_SUSPICIOUS_MOVE = YES;
				CLANG_WARN_UNGUARDED_AVAILABILITY = YES_AGGRESSIVE;
				CLANG_WARN_UNREACHABLE_CODE = YES;
				CLANG_WARN__DUPLICATE_METHOD_MATCH = YES;
				COPY_PHASE_STRIP = NO;
				DEBUG_INFORMATION_FORMAT = "dwarf-with-dsym";
				ENABLE_NS_ASSERTIONS = NO;
				ENABLE_STRICT_OBJC_MSGSEND = YES;
				GCC_C_LANGUAGE_STANDARD = gnu11;
				GCC_NO_COMMON_BLOCKS = YES;
				GCC_WARN_64_TO_32_BIT_CONVERSION = YES;
				GCC_WARN_ABOUT_RETURN_TYPE = YES_ERROR;
				GCC_WARN_UNDECLARED_SELECTOR = YES;
				GCC_WARN_UNINITIALIZED_AUTOS = YES_AGGRESSIVE;
				GCC_WARN_UNUSED_FUNCTION = YES;
				GCC_WARN_UNUSED_VARIABLE = YES;
				MACOSX_DEPLOYMENT_TARGET = 12.3;
				MTL_ENABLE_DEBUG_INFO = NO;
				MTL_FAST_MATH = YES;
				SDKROOT = macosx;
			};
			name = Release;
		};
		3EF2AA90283D0111009764F8 /* Debug */ = {
			isa = XCBuildConfiguration;
			buildSettings = {
				CODE_SIGN_STYLE = Automatic;
				GCC_PREPROCESSOR_DEFINITIONS = (
					"DEBUG=1",
					"$(inherited)",
					IK_DEBUG_FEATURE,
					IK_ENABLE_LOG,
				);
				HEADER_SEARCH_PATHS = (
					"${PROJECT_DIR}/../iKan/interface",
					"${PROJECT_DIR}/../iKan/vendors/spdlog/include",
					"${PROJECT_DIR}/../iKan/vendors/glm",
					"${PROJECT_DIR}/../iKan/vendors/gui/gui",
					"${PROJECT_DIR}/../iKan/vendors/enTT/include",
					"${PROJECT_DIR}/../iKan/vendors/gui/guizmo",
					"${PROJECT_DIR}/src",
				);
				LIBRARY_SEARCH_PATHS = "${PROJECT_DIR}/../iKan/vendors/assimp/lib";
				PRODUCT_NAME = "$(TARGET_NAME)";
			};
			name = Debug;
		};
		3EF2AA91283D0111009764F8 /* Release */ = {
			isa = XCBuildConfiguration;
			buildSettings = {
				CODE_SIGN_STYLE = Automatic;
				HEADER_SEARCH_PATHS = (
					"${PROJECT_DIR}/../iKan/interface",
					"${PROJECT_DIR}/../iKan/vendors/spdlog/include",
					"${PROJECT_DIR}/../iKan/vendors/glm",
					"${PROJECT_DIR}/../iKan/vendors/gui/gui",
					"${PROJECT_DIR}/../iKan/vendors/enTT/include",
					"${PROJECT_DIR}/../iKan/vendors/gui/guizmo",
					"${PROJECT_DIR}/src",
				);
				LIBRARY_SEARCH_PATHS = "${PROJECT_DIR}/../iKan/vendors/assimp/lib";
				PRODUCT_NAME = "$(TARGET_NAME)";
			};
			name = Release;
		};
/* End XCBuildConfiguration section */

/* Begin XCConfigurationList section */
		3EF2AA83283D0111009764F8 /* Build configuration list for PBXProject "Chess" */ = {
			isa = XCConfigurationList;
			buildConfigurations = (
				3EF2AA8D283D0111009764F8 /* Debug */,
				3EF2AA8E283D0111009764F8 /* Release */,
			);
			defaultConfigurationIsVisible = 0;
			defaultConfigurationName = Release;
		};
		3EF2AA8F283D0111009764F8 /* Build configuration list for PBXNativeTarget "Chess" */ = {
			isa = XCConfigurationList;
			buildConfigurations = (
				3EF2AA90283D0111009764F8 /* Debug */,
				3EF2AA91283D0111009764F8 /* Release */,
			);
			defaultConfigurationIsVisible = 0;
			defaultConfigurationName = Release;
		};
/* End XCConfigurationList section */
	};
	rootObject = 3EF2AA80283D0111009764F8 /* Project object */;
}
