// !$*UTF8*$!
{
	archiveVersion = 1;
	classes = {
	};
	objectVersion = 56;
	objects = {

/* Begin PBXBuildFile section */
		B20D5E362999484C0089069D /* block_script.cpp in Sources */ = {isa = PBXBuildFile; fileRef = B20D5E352999484C0089069D /* block_script.cpp */; };
		B21E4417299406F900D6CDFD /* create_game_data.cpp in Sources */ = {isa = PBXBuildFile; fileRef = B21E4415299406F900D6CDFD /* create_game_data.cpp */; };
		B21E441B299408E500D6CDFD /* mario.cpp in Sources */ = {isa = PBXBuildFile; fileRef = B21E441A299408E500D6CDFD /* mario.cpp */; };
		B2250CD7295860BC0067C43B /* entry_point.cpp in Sources */ = {isa = PBXBuildFile; fileRef = B2250CD6295860BC0067C43B /* entry_point.cpp */; };
		B2250CE3295863840067C43B /* kreator_application.cpp in Sources */ = {isa = PBXBuildFile; fileRef = B2250CE2295863840067C43B /* kreator_application.cpp */; };
		B2262960296C5DB600EBE59B /* piece.cpp in Sources */ = {isa = PBXBuildFile; fileRef = B226295F296C5DB600EBE59B /* piece.cpp */; };
		B24DD82F2962FFEE00525941 /* chess_main.cpp in Sources */ = {isa = PBXBuildFile; fileRef = B24DD82D2962FFEE00525941 /* chess_main.cpp */; };
		B24DD8322963000100525941 /* mario_main.cpp in Sources */ = {isa = PBXBuildFile; fileRef = B24DD8302963000100525941 /* mario_main.cpp */; };
		B2581113295ACCF800B0EDA7 /* libikan.a in Frameworks */ = {isa = PBXBuildFile; fileRef = B2250CCC29584D1A0067C43B /* libikan.a */; };
		B2584ED9295B826900234714 /* libfreetype.6.dylib in Frameworks */ = {isa = PBXBuildFile; fileRef = B2584ED8295B826900234714 /* libfreetype.6.dylib */; };
		B25F617C2969A4A90042FE09 /* background.cpp in Sources */ = {isa = PBXBuildFile; fileRef = B25F617A2969A40F0042FE09 /* background.cpp */; };
		B25F618B2969A9CF0042FE09 /* player.cpp in Sources */ = {isa = PBXBuildFile; fileRef = B25F61892969A9CF0042FE09 /* player.cpp */; };
		B275570A29601F650020D552 /* renderer_layer.cpp in Sources */ = {isa = PBXBuildFile; fileRef = B275570829601F650020D552 /* renderer_layer.cpp */; };
		B28D963E299643A00089F98F /* player.cpp in Sources */ = {isa = PBXBuildFile; fileRef = B28D963C299643A00089F98F /* player.cpp */; };
		B2A7FA69299257350039C996 /* renderer_layer.cpp in Sources */ = {isa = PBXBuildFile; fileRef = B2A7FA67299257350039C996 /* renderer_layer.cpp */; };
		B2BD9DC7295C7C290076A2F9 /* libfreetype.6.dylib in CopyFiles */ = {isa = PBXBuildFile; fileRef = B2584ED8295B826900234714 /* libfreetype.6.dylib */; settings = {ATTRIBUTES = (CodeSignOnCopy, ); }; };
		B2BD9DDC295C83030076A2F9 /* libpng16.16.dylib in CopyFiles */ = {isa = PBXBuildFile; fileRef = B2BD9DD4295C7E120076A2F9 /* libpng16.16.dylib */; settings = {ATTRIBUTES = (CodeSignOnCopy, ); }; };
		B2BD9DFE295C8A320076A2F9 /* editor_layer.cpp in Sources */ = {isa = PBXBuildFile; fileRef = B2BD9DFC295C8A320076A2F9 /* editor_layer.cpp */; };
		B2C3BFAD296486D100D6D7C3 /* libvulkan.1.3.236.dylib in Frameworks */ = {isa = PBXBuildFile; fileRef = B2C3BFAC296486D100D6D7C3 /* libvulkan.1.3.236.dylib */; };
		B2C3BFAE296486D900D6D7C3 /* libvulkan.1.3.236.dylib in CopyFiles */ = {isa = PBXBuildFile; fileRef = B2C3BFAC296486D100D6D7C3 /* libvulkan.1.3.236.dylib */; settings = {ATTRIBUTES = (CodeSignOnCopy, ); }; };
		B2C3BFB02964872700D6D7C3 /* libvulkan.1.dylib in Frameworks */ = {isa = PBXBuildFile; fileRef = B2C3BFAF2964872700D6D7C3 /* libvulkan.1.dylib */; };
		B2C3BFB12964872C00D6D7C3 /* libvulkan.1.dylib in CopyFiles */ = {isa = PBXBuildFile; fileRef = B2C3BFAF2964872700D6D7C3 /* libvulkan.1.dylib */; settings = {ATTRIBUTES = (CodeSignOnCopy, ); }; };
		B2C3BFB32964876F00D6D7C3 /* libMoltenVK.dylib in Frameworks */ = {isa = PBXBuildFile; fileRef = B2C3BFB22964876F00D6D7C3 /* libMoltenVK.dylib */; };
		B2C3BFB42964877300D6D7C3 /* libMoltenVK.dylib in CopyFiles */ = {isa = PBXBuildFile; fileRef = B2C3BFB22964876F00D6D7C3 /* libMoltenVK.dylib */; settings = {ATTRIBUTES = (CodeSignOnCopy, ); }; };
		B2E047DF2998B5F900EE71D0 /* game_data.cpp in Sources */ = {isa = PBXBuildFile; fileRef = B2E047DD2998B5F900EE71D0 /* game_data.cpp */; };
		B2E047E22998BB5900EE71D0 /* sprite_manager.cpp in Sources */ = {isa = PBXBuildFile; fileRef = B2E047E02998BB5900EE71D0 /* sprite_manager.cpp */; };
/* End PBXBuildFile section */

/* Begin PBXCopyFilesBuildPhase section */
		B2250CA829584CE00067C43B /* CopyFiles */ = {
			isa = PBXCopyFilesBuildPhase;
			buildActionMask = 12;
			dstPath = "";
			dstSubfolderSpec = 6;
			files = (
				B2C3BFB42964877300D6D7C3 /* libMoltenVK.dylib in CopyFiles */,
				B2C3BFB12964872C00D6D7C3 /* libvulkan.1.dylib in CopyFiles */,
				B2C3BFAE296486D900D6D7C3 /* libvulkan.1.3.236.dylib in CopyFiles */,
				B2BD9DDC295C83030076A2F9 /* libpng16.16.dylib in CopyFiles */,
				B2BD9DC7295C7C290076A2F9 /* libfreetype.6.dylib in CopyFiles */,
			);
			runOnlyForDeploymentPostprocessing = 0;
		};
/* End PBXCopyFilesBuildPhase section */

/* Begin PBXFileReference section */
		B20D5E352999484C0089069D /* block_script.cpp */ = {isa = PBXFileReference; lastKnownFileType = sourcecode.cpp.cpp; path = block_script.cpp; sourceTree = "<group>"; };
		B21E44112993FC6C00D6CDFD /* mario.hpp */ = {isa = PBXFileReference; lastKnownFileType = sourcecode.cpp.h; path = mario.hpp; sourceTree = "<group>"; };
		B21E4415299406F900D6CDFD /* create_game_data.cpp */ = {isa = PBXFileReference; lastKnownFileType = sourcecode.cpp.cpp; path = create_game_data.cpp; sourceTree = "<group>"; };
		B21E441A299408E500D6CDFD /* mario.cpp */ = {isa = PBXFileReference; lastKnownFileType = sourcecode.cpp.cpp; path = mario.cpp; sourceTree = "<group>"; wrapsLines = 0; };
		B2250CAA29584CE00067C43B /* kreator */ = {isa = PBXFileReference; explicitFileType = "compiled.mach-o.executable"; includeInIndex = 0; path = kreator; sourceTree = BUILT_PRODUCTS_DIR; };
		B2250CCC29584D1A0067C43B /* libikan.a */ = {isa = PBXFileReference; explicitFileType = archive.ar; path = libikan.a; sourceTree = BUILT_PRODUCTS_DIR; };
		B2250CD029585E890067C43B /* prefix_header.pch */ = {isa = PBXFileReference; lastKnownFileType = sourcecode.c.h; path = prefix_header.pch; sourceTree = "<group>"; };
		B2250CD6295860BC0067C43B /* entry_point.cpp */ = {isa = PBXFileReference; lastKnownFileType = sourcecode.cpp.cpp; path = entry_point.cpp; sourceTree = "<group>"; };
		B2250CE2295863840067C43B /* kreator_application.cpp */ = {isa = PBXFileReference; lastKnownFileType = sourcecode.cpp.cpp; path = kreator_application.cpp; sourceTree = "<group>"; };
		B2262959296C517800EBE59B /* block.hpp */ = {isa = PBXFileReference; lastKnownFileType = sourcecode.cpp.h; path = block.hpp; sourceTree = "<group>"; };
		B226295C296C517E00EBE59B /* piece.hpp */ = {isa = PBXFileReference; lastKnownFileType = sourcecode.cpp.h; path = piece.hpp; sourceTree = "<group>"; };
		B226295E296C54E800EBE59B /* common.h */ = {isa = PBXFileReference; lastKnownFileType = sourcecode.c.h; path = common.h; sourceTree = "<group>"; };
		B226295F296C5DB600EBE59B /* piece.cpp */ = {isa = PBXFileReference; lastKnownFileType = sourcecode.cpp.cpp; path = piece.cpp; sourceTree = "<group>"; };
		B232147C2978052700845848 /* ikan_log.ikan_log */ = {isa = PBXFileReference; lastKnownFileType = text; path = ikan_log.ikan_log; sourceTree = "<group>"; wrapsLines = 0; };
		B24DD82D2962FFEE00525941 /* chess_main.cpp */ = {isa = PBXFileReference; lastKnownFileType = sourcecode.cpp.cpp; path = chess_main.cpp; sourceTree = "<group>"; };
		B24DD82E2962FFEE00525941 /* chess_main.hpp */ = {isa = PBXFileReference; lastKnownFileType = sourcecode.cpp.h; path = chess_main.hpp; sourceTree = "<group>"; };
		B24DD8302963000100525941 /* mario_main.cpp */ = {isa = PBXFileReference; lastKnownFileType = sourcecode.cpp.cpp; path = mario_main.cpp; sourceTree = "<group>"; };
		B24DD8312963000100525941 /* mario_main.hpp */ = {isa = PBXFileReference; lastKnownFileType = sourcecode.cpp.h; path = mario_main.hpp; sourceTree = "<group>"; };
		B2584ED8295B826900234714 /* libfreetype.6.dylib */ = {isa = PBXFileReference; lastKnownFileType = "compiled.mach-o.dylib"; name = libfreetype.6.dylib; path = ../ikan/vendors/freetype/lib/libfreetype.6.dylib; sourceTree = "<group>"; };
		B25A1532296EDE6600250AF1 /* common.h */ = {isa = PBXFileReference; lastKnownFileType = sourcecode.c.h; path = common.h; sourceTree = "<group>"; };
		B25F616929698F930042FE09 /* background.hpp */ = {isa = PBXFileReference; lastKnownFileType = sourcecode.cpp.h; path = background.hpp; sourceTree = "<group>"; };
		B25F61792969A3360042FE09 /* camera_controller.h */ = {isa = PBXFileReference; lastKnownFileType = sourcecode.c.h; path = camera_controller.h; sourceTree = "<group>"; };
		B25F617A2969A40F0042FE09 /* background.cpp */ = {isa = PBXFileReference; lastKnownFileType = sourcecode.cpp.cpp; path = background.cpp; sourceTree = "<group>"; };
		B25F61892969A9CF0042FE09 /* player.cpp */ = {isa = PBXFileReference; lastKnownFileType = sourcecode.cpp.cpp; path = player.cpp; sourceTree = "<group>"; };
		B25F618A2969A9CF0042FE09 /* player.hpp */ = {isa = PBXFileReference; lastKnownFileType = sourcecode.cpp.h; path = player.hpp; sourceTree = "<group>"; };
		B275570829601F650020D552 /* renderer_layer.cpp */ = {isa = PBXFileReference; lastKnownFileType = sourcecode.cpp.cpp; path = renderer_layer.cpp; sourceTree = "<group>"; };
		B275570929601F650020D552 /* renderer_layer.hpp */ = {isa = PBXFileReference; lastKnownFileType = sourcecode.cpp.h; path = renderer_layer.hpp; sourceTree = "<group>"; };
		B28D963C299643A00089F98F /* player.cpp */ = {isa = PBXFileReference; lastKnownFileType = sourcecode.cpp.cpp; path = player.cpp; sourceTree = "<group>"; };
		B28D963D299643A00089F98F /* player.hpp */ = {isa = PBXFileReference; lastKnownFileType = sourcecode.cpp.h; path = player.hpp; sourceTree = "<group>"; };
		B28D963F299644770089F98F /* common.h */ = {isa = PBXFileReference; lastKnownFileType = sourcecode.c.h; path = common.h; sourceTree = "<group>"; };
		B295CFA32992AF4400174D0F /* bridge.png */ = {isa = PBXFileReference; lastKnownFileType = image.png; path = bridge.png; sourceTree = "<group>"; };
		B295CFA42992AF4400174D0F /* castel.png */ = {isa = PBXFileReference; lastKnownFileType = image.png; path = castel.png; sourceTree = "<group>"; };
		B295CFA52992AF4400174D0F /* pipe_y.png */ = {isa = PBXFileReference; lastKnownFileType = image.png; path = pipe_y.png; sourceTree = "<group>"; };
		B295CFA62992AF4400174D0F /* pipe_|.png */ = {isa = PBXFileReference; lastKnownFileType = image.png; path = "pipe_|.png"; sourceTree = "<group>"; };
		B295CFA72992AF4400174D0F /* bonus.png */ = {isa = PBXFileReference; lastKnownFileType = image.png; path = bonus.png; sourceTree = "<group>"; };
		B295CFA82992AF4400174D0F /* background.png */ = {isa = PBXFileReference; lastKnownFileType = image.png; path = background.png; sourceTree = "<group>"; };
		B295CFA92992AF4400174D0F /* block.png */ = {isa = PBXFileReference; lastKnownFileType = image.png; path = block.png; sourceTree = "<group>"; };
		B295CFAA2992AF4400174D0F /* grass.png */ = {isa = PBXFileReference; lastKnownFileType = image.png; path = grass.png; sourceTree = "<group>"; };
		B295CFAB2992AF4400174D0F /* cloud.png */ = {isa = PBXFileReference; lastKnownFileType = image.png; path = cloud.png; sourceTree = "<group>"; };
		B295CFAC2992AF4400174D0F /* tree.png */ = {isa = PBXFileReference; lastKnownFileType = image.png; path = tree.png; sourceTree = "<group>"; };
		B295CFAD2992AF4400174D0F /* ground.png */ = {isa = PBXFileReference; lastKnownFileType = image.png; path = ground.png; sourceTree = "<group>"; };
		B295CFAE2992AF4400174D0F /* star.png */ = {isa = PBXFileReference; lastKnownFileType = image.png; path = star.png; sourceTree = "<group>"; };
		B295CFAF2992AF4400174D0F /* brick_block.png */ = {isa = PBXFileReference; lastKnownFileType = image.png; path = brick_block.png; sourceTree = "<group>"; };
		B295CFB02992AF4400174D0F /* brick.png */ = {isa = PBXFileReference; lastKnownFileType = image.png; path = brick.png; sourceTree = "<group>"; };
		B295CFB12992AF4400174D0F /* tiles.png */ = {isa = PBXFileReference; lastKnownFileType = image.png; path = tiles.png; sourceTree = "<group>"; };
		B295CFB32992AF4400174D0F /* Mario_Scene.ikanScene */ = {isa = PBXFileReference; lastKnownFileType = text; path = Mario_Scene.ikanScene; sourceTree = "<group>"; };
		B295CFB62992AF4400174D0F /* mario.ttf */ = {isa = PBXFileReference; lastKnownFileType = file; path = mario.ttf; sourceTree = "<group>"; };
		B2A7FA67299257350039C996 /* renderer_layer.cpp */ = {isa = PBXFileReference; lastKnownFileType = sourcecode.cpp.cpp; path = renderer_layer.cpp; sourceTree = "<group>"; };
		B2A7FA68299257350039C996 /* renderer_layer.hpp */ = {isa = PBXFileReference; lastKnownFileType = sourcecode.cpp.h; path = renderer_layer.hpp; sourceTree = "<group>"; };
		B2BD9DCB295C7D3C0076A2F9 /* libfreetype.dylib */ = {isa = PBXFileReference; lastKnownFileType = "compiled.mach-o.dylib"; path = libfreetype.dylib; sourceTree = "<group>"; };
		B2BD9DCD295C7D3C0076A2F9 /* libpng16.pc */ = {isa = PBXFileReference; lastKnownFileType = text; path = libpng16.pc; sourceTree = "<group>"; };
		B2BD9DCE295C7D3C0076A2F9 /* libpng.pc */ = {isa = PBXFileReference; lastKnownFileType = text; path = libpng.pc; sourceTree = "<group>"; };
		B2BD9DCF295C7D3C0076A2F9 /* libpng16.a */ = {isa = PBXFileReference; lastKnownFileType = archive.ar; path = libpng16.a; sourceTree = "<group>"; };
		B2BD9DD0295C7D3C0076A2F9 /* libpng.a */ = {isa = PBXFileReference; lastKnownFileType = archive.ar; path = libpng.a; sourceTree = "<group>"; };
		B2BD9DD1295C7D3C0076A2F9 /* libfreetype.6.dylib */ = {isa = PBXFileReference; lastKnownFileType = "compiled.mach-o.dylib"; path = libfreetype.6.dylib; sourceTree = "<group>"; };
		B2BD9DD2295C7D3C0076A2F9 /* libpng.dylib */ = {isa = PBXFileReference; lastKnownFileType = "compiled.mach-o.dylib"; path = libpng.dylib; sourceTree = "<group>"; };
		B2BD9DD3295C7D3C0076A2F9 /* libpng16.dylib */ = {isa = PBXFileReference; lastKnownFileType = "compiled.mach-o.dylib"; path = libpng16.dylib; sourceTree = "<group>"; };
		B2BD9DD4295C7E120076A2F9 /* libpng16.16.dylib */ = {isa = PBXFileReference; lastKnownFileType = "compiled.mach-o.dylib"; name = libpng16.16.dylib; path = ../ikan/vendors/freetype/libpng/1.6.39/lib/libpng16.16.dylib; sourceTree = "<group>"; };
		B2BD9DFC295C8A320076A2F9 /* editor_layer.cpp */ = {isa = PBXFileReference; fileEncoding = 4; lastKnownFileType = sourcecode.cpp.cpp; path = editor_layer.cpp; sourceTree = "<group>"; };
		B2BD9DFD295C8A320076A2F9 /* editor_layer.hpp */ = {isa = PBXFileReference; fileEncoding = 4; lastKnownFileType = sourcecode.cpp.h; path = editor_layer.hpp; sourceTree = "<group>"; };
		B2C3BFAC296486D100D6D7C3 /* libvulkan.1.3.236.dylib */ = {isa = PBXFileReference; lastKnownFileType = "compiled.mach-o.dylib"; name = libvulkan.1.3.236.dylib; path = ../../../../../../../usr/local/macOS/lib/libvulkan.1.3.236.dylib; sourceTree = "<group>"; };
		B2C3BFAF2964872700D6D7C3 /* libvulkan.1.dylib */ = {isa = PBXFileReference; lastKnownFileType = "compiled.mach-o.dylib"; name = libvulkan.1.dylib; path = ../../../../../../../usr/local/macOS/lib/libvulkan.1.dylib; sourceTree = "<group>"; };
		B2C3BFB22964876F00D6D7C3 /* libMoltenVK.dylib */ = {isa = PBXFileReference; lastKnownFileType = "compiled.mach-o.dylib"; name = libMoltenVK.dylib; path = ../../../../../../../usr/local/macOS/lib/libMoltenVK.dylib; sourceTree = "<group>"; };
		B2DAAB76296544CB003578D9 /* vulkan_entry_point.h */ = {isa = PBXFileReference; lastKnownFileType = sourcecode.c.h; path = vulkan_entry_point.h; sourceTree = "<group>"; };
		B2E047DD2998B5F900EE71D0 /* game_data.cpp */ = {isa = PBXFileReference; lastKnownFileType = sourcecode.cpp.cpp; path = game_data.cpp; sourceTree = "<group>"; };
		B2E047DE2998B5F900EE71D0 /* game_data.hpp */ = {isa = PBXFileReference; lastKnownFileType = sourcecode.cpp.h; path = game_data.hpp; sourceTree = "<group>"; };
		B2E047E02998BB5900EE71D0 /* sprite_manager.cpp */ = {isa = PBXFileReference; lastKnownFileType = sourcecode.cpp.cpp; path = sprite_manager.cpp; sourceTree = "<group>"; };
		B2E047E12998BB5900EE71D0 /* sprite_manager.hpp */ = {isa = PBXFileReference; lastKnownFileType = sourcecode.cpp.h; path = sprite_manager.hpp; sourceTree = "<group>"; };
		B2E047E92998C0B400EE71D0 /* enums.h */ = {isa = PBXFileReference; lastKnownFileType = sourcecode.c.h; path = enums.h; sourceTree = "<group>"; };
		B2EB5AFD2999206600BEBFC6 /* block_script.hpp */ = {isa = PBXFileReference; lastKnownFileType = sourcecode.cpp.h; path = block_script.hpp; sourceTree = "<group>"; };
/* End PBXFileReference section */

/* Begin PBXFrameworksBuildPhase section */
		B2250CA729584CE00067C43B /* Frameworks */ = {
			isa = PBXFrameworksBuildPhase;
			buildActionMask = 2147483647;
			files = (
				B2C3BFB32964876F00D6D7C3 /* libMoltenVK.dylib in Frameworks */,
				B2C3BFAD296486D100D6D7C3 /* libvulkan.1.3.236.dylib in Frameworks */,
				B2584ED9295B826900234714 /* libfreetype.6.dylib in Frameworks */,
				B2C3BFB02964872700D6D7C3 /* libvulkan.1.dylib in Frameworks */,
				B2581113295ACCF800B0EDA7 /* libikan.a in Frameworks */,
			);
			runOnlyForDeploymentPostprocessing = 0;
		};
/* End PBXFrameworksBuildPhase section */

/* Begin PBXGroup section */
		B21E44132994061F00D6CDFD /* ikan_game */ = {
			isa = PBXGroup;
			children = (
				B21E44192994071E00D6CDFD /* src */,
				B21E44182994070300D6CDFD /* client */,
			);
			path = ikan_game;
			sourceTree = "<group>";
		};
		B21E44182994070300D6CDFD /* client */ = {
			isa = PBXGroup;
			children = (
				B21E4415299406F900D6CDFD /* create_game_data.cpp */,
			);
			path = client;
			sourceTree = "<group>";
		};
		B21E44192994071E00D6CDFD /* src */ = {
			isa = PBXGroup;
			children = (
				B2A7FA67299257350039C996 /* renderer_layer.cpp */,
				B2A7FA68299257350039C996 /* renderer_layer.hpp */,
				B2E047DD2998B5F900EE71D0 /* game_data.cpp */,
				B2E047DE2998B5F900EE71D0 /* game_data.hpp */,
			);
			path = src;
			sourceTree = "<group>";
		};
		B2250CA129584CE00067C43B = {
			isa = PBXGroup;
			children = (
				B2250CD029585E890067C43B /* prefix_header.pch */,
				B232147B2978052700845848 /* log */,
				B2250CD5295860700067C43B /* entry_point */,
				B2250CE12958636C0067C43B /* application */,
				B24DD82A2962FF5000525941 /* layers */,
				B2250CAB29584CE00067C43B /* Products */,
				B2250CCB29584D1A0067C43B /* Frameworks */,
			);
			sourceTree = "<group>";
		};
		B2250CAB29584CE00067C43B /* Products */ = {
			isa = PBXGroup;
			children = (
				B2250CAA29584CE00067C43B /* kreator */,
			);
			name = Products;
			sourceTree = "<group>";
		};
		B2250CCB29584D1A0067C43B /* Frameworks */ = {
			isa = PBXGroup;
			children = (
				B2C3BFB22964876F00D6D7C3 /* libMoltenVK.dylib */,
				B2C3BFAF2964872700D6D7C3 /* libvulkan.1.dylib */,
				B2C3BFAC296486D100D6D7C3 /* libvulkan.1.3.236.dylib */,
				B2BD9DCA295C7D3C0076A2F9 /* lib */,
				B2BD9DD4295C7E120076A2F9 /* libpng16.16.dylib */,
				B2584ED8295B826900234714 /* libfreetype.6.dylib */,
				B2250CCC29584D1A0067C43B /* libikan.a */,
			);
			name = Frameworks;
			sourceTree = "<group>";
		};
		B2250CD5295860700067C43B /* entry_point */ = {
			isa = PBXGroup;
			children = (
				B2250CD6295860BC0067C43B /* entry_point.cpp */,
				B2DAAB76296544CB003578D9 /* vulkan_entry_point.h */,
			);
			path = entry_point;
			sourceTree = "<group>";
		};
		B2250CE12958636C0067C43B /* application */ = {
			isa = PBXGroup;
			children = (
				B2250CE2295863840067C43B /* kreator_application.cpp */,
			);
			path = application;
			sourceTree = "<group>";
		};
		B232147B2978052700845848 /* log */ = {
			isa = PBXGroup;
			children = (
				B232147C2978052700845848 /* ikan_log.ikan_log */,
			);
			name = log;
			path = ../log;
			sourceTree = "<group>";
		};
		B24DD82A2962FF5000525941 /* layers */ = {
			isa = PBXGroup;
			children = (
				B21E44132994061F00D6CDFD /* ikan_game */,
				B24DD82C2962FFDC00525941 /* chess */,
				B24DD82B2962FFD700525941 /* mario */,
				B251B3E9295E13EE00508210 /* ray_tracing */,
				B2BD9DF7295C88B70076A2F9 /* ecs_editor */,
			);
			path = layers;
			sourceTree = "<group>";
		};
		B24DD82B2962FFD700525941 /* mario */ = {
			isa = PBXGroup;
			children = (
				B295CFA02992AF4400174D0F /* assets */,
				B2A7FA66299257150039C996 /* new_game */,
				B24DD8352963020E00525941 /* src */,
			);
			path = mario;
			sourceTree = "<group>";
		};
		B24DD82C2962FFDC00525941 /* chess */ = {
			isa = PBXGroup;
			children = (
				B24DD8332963020000525941 /* src */,
			);
			path = chess;
			sourceTree = "<group>";
		};
		B24DD8332963020000525941 /* src */ = {
			isa = PBXGroup;
			children = (
				B24DD82D2962FFEE00525941 /* chess_main.cpp */,
				B24DD82E2962FFEE00525941 /* chess_main.hpp */,
				B2262959296C517800EBE59B /* block.hpp */,
				B226295C296C517E00EBE59B /* piece.hpp */,
				B226295F296C5DB600EBE59B /* piece.cpp */,
				B226295E296C54E800EBE59B /* common.h */,
			);
			path = src;
			sourceTree = "<group>";
		};
		B24DD8352963020E00525941 /* src */ = {
			isa = PBXGroup;
			children = (
				B24DD8302963000100525941 /* mario_main.cpp */,
				B24DD8312963000100525941 /* mario_main.hpp */,
				B25F617A2969A40F0042FE09 /* background.cpp */,
				B25F616929698F930042FE09 /* background.hpp */,
				B25F61792969A3360042FE09 /* camera_controller.h */,
				B25F61892969A9CF0042FE09 /* player.cpp */,
				B25F618A2969A9CF0042FE09 /* player.hpp */,
				B25A1532296EDE6600250AF1 /* common.h */,
			);
			path = src;
			sourceTree = "<group>";
		};
		B251B3E9295E13EE00508210 /* ray_tracing */ = {
			isa = PBXGroup;
			children = (
				B251B3ED295E144900508210 /* src */,
			);
			path = ray_tracing;
			sourceTree = "<group>";
		};
		B251B3ED295E144900508210 /* src */ = {
			isa = PBXGroup;
			children = (
				B275570829601F650020D552 /* renderer_layer.cpp */,
				B275570929601F650020D552 /* renderer_layer.hpp */,
			);
			path = src;
			sourceTree = "<group>";
		};
		B295CFA02992AF4400174D0F /* assets */ = {
			isa = PBXGroup;
			children = (
				B295CFA12992AF4400174D0F /* textures */,
				B295CFB22992AF4400174D0F /* scenes */,
				B295CFB52992AF4400174D0F /* fonts */,
			);
			path = assets;
			sourceTree = "<group>";
		};
		B295CFA12992AF4400174D0F /* textures */ = {
			isa = PBXGroup;
			children = (
				B295CFA22992AF4400174D0F /* background */,
				B295CFB12992AF4400174D0F /* tiles.png */,
			);
			path = textures;
			sourceTree = "<group>";
		};
		B295CFA22992AF4400174D0F /* background */ = {
			isa = PBXGroup;
			children = (
				B295CFA32992AF4400174D0F /* bridge.png */,
				B295CFA42992AF4400174D0F /* castel.png */,
				B295CFA52992AF4400174D0F /* pipe_y.png */,
				B295CFA62992AF4400174D0F /* pipe_|.png */,
				B295CFA72992AF4400174D0F /* bonus.png */,
				B295CFA82992AF4400174D0F /* background.png */,
				B295CFA92992AF4400174D0F /* block.png */,
				B295CFAA2992AF4400174D0F /* grass.png */,
				B295CFAB2992AF4400174D0F /* cloud.png */,
				B295CFAC2992AF4400174D0F /* tree.png */,
				B295CFAD2992AF4400174D0F /* ground.png */,
				B295CFAE2992AF4400174D0F /* star.png */,
				B295CFAF2992AF4400174D0F /* brick_block.png */,
				B295CFB02992AF4400174D0F /* brick.png */,
			);
			path = background;
			sourceTree = "<group>";
		};
		B295CFB22992AF4400174D0F /* scenes */ = {
			isa = PBXGroup;
			children = (
				B295CFB32992AF4400174D0F /* Mario_Scene.ikanScene */,
			);
			path = scenes;
			sourceTree = "<group>";
		};
		B295CFB52992AF4400174D0F /* fonts */ = {
			isa = PBXGroup;
			children = (
				B295CFB62992AF4400174D0F /* mario.ttf */,
			);
			path = fonts;
			sourceTree = "<group>";
		};
		B2A7FA66299257150039C996 /* new_game */ = {
			isa = PBXGroup;
			children = (
				B28D963F299644770089F98F /* common.h */,
				B2E047E92998C0B400EE71D0 /* enums.h */,
				B2EB5AFD2999206600BEBFC6 /* block_script.hpp */,
				B20D5E352999484C0089069D /* block_script.cpp */,
				B21E44112993FC6C00D6CDFD /* mario.hpp */,
				B21E441A299408E500D6CDFD /* mario.cpp */,
				B28D963D299643A00089F98F /* player.hpp */,
				B28D963C299643A00089F98F /* player.cpp */,
				B2E047E12998BB5900EE71D0 /* sprite_manager.hpp */,
				B2E047E02998BB5900EE71D0 /* sprite_manager.cpp */,
			);
			path = new_game;
			sourceTree = "<group>";
		};
		B2BD9DCA295C7D3C0076A2F9 /* lib */ = {
			isa = PBXGroup;
			children = (
				B2BD9DCB295C7D3C0076A2F9 /* libfreetype.dylib */,
				B2BD9DCC295C7D3C0076A2F9 /* pkgconfig */,
				B2BD9DCF295C7D3C0076A2F9 /* libpng16.a */,
				B2BD9DD0295C7D3C0076A2F9 /* libpng.a */,
				B2BD9DD1295C7D3C0076A2F9 /* libfreetype.6.dylib */,
				B2BD9DD2295C7D3C0076A2F9 /* libpng.dylib */,
				B2BD9DD3295C7D3C0076A2F9 /* libpng16.dylib */,
			);
			name = lib;
			path = ../ikan/vendors/freetype/libpng/1.6.39/lib;
			sourceTree = "<group>";
		};
		B2BD9DCC295C7D3C0076A2F9 /* pkgconfig */ = {
			isa = PBXGroup;
			children = (
				B2BD9DCD295C7D3C0076A2F9 /* libpng16.pc */,
				B2BD9DCE295C7D3C0076A2F9 /* libpng.pc */,
			);
			path = pkgconfig;
			sourceTree = "<group>";
		};
		B2BD9DF7295C88B70076A2F9 /* ecs_editor */ = {
			isa = PBXGroup;
			children = (
				B2BD9DFB295C8A320076A2F9 /* src */,
			);
			path = ecs_editor;
			sourceTree = "<group>";
		};
		B2BD9DFB295C8A320076A2F9 /* src */ = {
			isa = PBXGroup;
			children = (
				B2BD9DFC295C8A320076A2F9 /* editor_layer.cpp */,
				B2BD9DFD295C8A320076A2F9 /* editor_layer.hpp */,
			);
			path = src;
			sourceTree = "<group>";
		};
/* End PBXGroup section */

/* Begin PBXNativeTarget section */
		B2250CA929584CE00067C43B /* kreator */ = {
			isa = PBXNativeTarget;
			buildConfigurationList = B2250CB129584CE00067C43B /* Build configuration list for PBXNativeTarget "kreator" */;
			buildPhases = (
				B2250CA829584CE00067C43B /* CopyFiles */,
				B2250CA629584CE00067C43B /* Sources */,
				B2250CA729584CE00067C43B /* Frameworks */,
			);
			buildRules = (
			);
			dependencies = (
			);
			name = kreator;
			productName = kreator;
			productReference = B2250CAA29584CE00067C43B /* kreator */;
			productType = "com.apple.product-type.tool";
		};
/* End PBXNativeTarget section */

/* Begin PBXProject section */
		B2250CA229584CE00067C43B /* Project object */ = {
			isa = PBXProject;
			attributes = {
				BuildIndependentTargetsInParallel = 1;
				LastUpgradeCheck = 1420;
				TargetAttributes = {
					B2250CA929584CE00067C43B = {
						CreatedOnToolsVersion = 14.2;
					};
				};
			};
			buildConfigurationList = B2250CA529584CE00067C43B /* Build configuration list for PBXProject "kreator" */;
			compatibilityVersion = "Xcode 14.0";
			developmentRegion = en;
			hasScannedForEncodings = 0;
			knownRegions = (
				en,
				Base,
			);
			mainGroup = B2250CA129584CE00067C43B;
			productRefGroup = B2250CAB29584CE00067C43B /* Products */;
			projectDirPath = "";
			projectRoot = "";
			targets = (
				B2250CA929584CE00067C43B /* kreator */,
			);
		};
/* End PBXProject section */

/* Begin PBXSourcesBuildPhase section */
		B2250CA629584CE00067C43B /* Sources */ = {
			isa = PBXSourcesBuildPhase;
			buildActionMask = 2147483647;
			files = (
				B20D5E362999484C0089069D /* block_script.cpp in Sources */,
				B2262960296C5DB600EBE59B /* piece.cpp in Sources */,
				B24DD8322963000100525941 /* mario_main.cpp in Sources */,
				B2250CD7295860BC0067C43B /* entry_point.cpp in Sources */,
				B25F618B2969A9CF0042FE09 /* player.cpp in Sources */,
				B2A7FA69299257350039C996 /* renderer_layer.cpp in Sources */,
				B2E047DF2998B5F900EE71D0 /* game_data.cpp in Sources */,
				B24DD82F2962FFEE00525941 /* chess_main.cpp in Sources */,
				B2E047E22998BB5900EE71D0 /* sprite_manager.cpp in Sources */,
				B21E441B299408E500D6CDFD /* mario.cpp in Sources */,
				B275570A29601F650020D552 /* renderer_layer.cpp in Sources */,
				B28D963E299643A00089F98F /* player.cpp in Sources */,
				B2BD9DFE295C8A320076A2F9 /* editor_layer.cpp in Sources */,
				B2250CE3295863840067C43B /* kreator_application.cpp in Sources */,
				B25F617C2969A4A90042FE09 /* background.cpp in Sources */,
				B21E4417299406F900D6CDFD /* create_game_data.cpp in Sources */,
			);
			runOnlyForDeploymentPostprocessing = 0;
		};
/* End PBXSourcesBuildPhase section */

/* Begin XCBuildConfiguration section */
		B2250CAF29584CE00067C43B /* Debug */ = {
			isa = XCBuildConfiguration;
			buildSettings = {
				ALWAYS_SEARCH_USER_PATHS = NO;
				CLANG_ANALYZER_NONNULL = YES;
				CLANG_ANALYZER_NUMBER_OBJECT_CONVERSION = YES_AGGRESSIVE;
				CLANG_CXX_LANGUAGE_STANDARD = "gnu++20";
				CLANG_ENABLE_MODULES = YES;
				CLANG_ENABLE_OBJC_ARC = YES;
				CLANG_ENABLE_OBJC_WEAK = YES;
				CLANG_WARN_BLOCK_CAPTURE_AUTORELEASING = YES;
				CLANG_WARN_BOOL_CONVERSION = YES;
				CLANG_WARN_COMMA = YES;
				CLANG_WARN_CONSTANT_CONVERSION = YES;
				CLANG_WARN_DEPRECATED_OBJC_IMPLEMENTATIONS = YES;
				CLANG_WARN_DIRECT_OBJC_ISA_USAGE = YES_ERROR;
				CLANG_WARN_DOCUMENTATION_COMMENTS = YES;
				CLANG_WARN_EMPTY_BODY = YES;
				CLANG_WARN_ENUM_CONVERSION = YES;
				CLANG_WARN_INFINITE_RECURSION = YES;
				CLANG_WARN_INT_CONVERSION = YES;
				CLANG_WARN_NON_LITERAL_NULL_CONVERSION = YES;
				CLANG_WARN_OBJC_IMPLICIT_RETAIN_SELF = YES;
				CLANG_WARN_OBJC_LITERAL_CONVERSION = YES;
				CLANG_WARN_OBJC_ROOT_CLASS = YES_ERROR;
				CLANG_WARN_QUOTED_INCLUDE_IN_FRAMEWORK_HEADER = YES;
				CLANG_WARN_RANGE_LOOP_ANALYSIS = YES;
				CLANG_WARN_STRICT_PROTOTYPES = YES;
				CLANG_WARN_SUSPICIOUS_MOVE = YES;
				CLANG_WARN_UNGUARDED_AVAILABILITY = YES_AGGRESSIVE;
				CLANG_WARN_UNREACHABLE_CODE = YES;
				CLANG_WARN__DUPLICATE_METHOD_MATCH = YES;
				COPY_PHASE_STRIP = NO;
				DEBUG_INFORMATION_FORMAT = dwarf;
				ENABLE_STRICT_OBJC_MSGSEND = YES;
				ENABLE_TESTABILITY = YES;
				GCC_C_LANGUAGE_STANDARD = gnu11;
				GCC_DYNAMIC_NO_PIC = NO;
				GCC_NO_COMMON_BLOCKS = YES;
				GCC_OPTIMIZATION_LEVEL = 0;
				GCC_PREPROCESSOR_DEFINITIONS = (
					"DEBUG=1",
					"$(inherited)",
				);
				GCC_WARN_64_TO_32_BIT_CONVERSION = YES;
				GCC_WARN_ABOUT_RETURN_TYPE = YES_ERROR;
				GCC_WARN_UNDECLARED_SELECTOR = YES;
				GCC_WARN_UNINITIALIZED_AUTOS = YES_AGGRESSIVE;
				GCC_WARN_UNUSED_FUNCTION = YES;
				GCC_WARN_UNUSED_VARIABLE = YES;
				MACOSX_DEPLOYMENT_TARGET = 12.3;
				MTL_ENABLE_DEBUG_INFO = INCLUDE_SOURCE;
				MTL_FAST_MATH = YES;
				ONLY_ACTIVE_ARCH = YES;
				SDKROOT = macosx;
			};
			name = Debug;
		};
		B2250CB029584CE00067C43B /* Release */ = {
			isa = XCBuildConfiguration;
			buildSettings = {
				ALWAYS_SEARCH_USER_PATHS = NO;
				CLANG_ANALYZER_NONNULL = YES;
				CLANG_ANALYZER_NUMBER_OBJECT_CONVERSION = YES_AGGRESSIVE;
				CLANG_CXX_LANGUAGE_STANDARD = "gnu++20";
				CLANG_ENABLE_MODULES = YES;
				CLANG_ENABLE_OBJC_ARC = YES;
				CLANG_ENABLE_OBJC_WEAK = YES;
				CLANG_WARN_BLOCK_CAPTURE_AUTORELEASING = YES;
				CLANG_WARN_BOOL_CONVERSION = YES;
				CLANG_WARN_COMMA = YES;
				CLANG_WARN_CONSTANT_CONVERSION = YES;
				CLANG_WARN_DEPRECATED_OBJC_IMPLEMENTATIONS = YES;
				CLANG_WARN_DIRECT_OBJC_ISA_USAGE = YES_ERROR;
				CLANG_WARN_DOCUMENTATION_COMMENTS = YES;
				CLANG_WARN_EMPTY_BODY = YES;
				CLANG_WARN_ENUM_CONVERSION = YES;
				CLANG_WARN_INFINITE_RECURSION = YES;
				CLANG_WARN_INT_CONVERSION = YES;
				CLANG_WARN_NON_LITERAL_NULL_CONVERSION = YES;
				CLANG_WARN_OBJC_IMPLICIT_RETAIN_SELF = YES;
				CLANG_WARN_OBJC_LITERAL_CONVERSION = YES;
				CLANG_WARN_OBJC_ROOT_CLASS = YES_ERROR;
				CLANG_WARN_QUOTED_INCLUDE_IN_FRAMEWORK_HEADER = YES;
				CLANG_WARN_RANGE_LOOP_ANALYSIS = YES;
				CLANG_WARN_STRICT_PROTOTYPES = YES;
				CLANG_WARN_SUSPICIOUS_MOVE = YES;
				CLANG_WARN_UNGUARDED_AVAILABILITY = YES_AGGRESSIVE;
				CLANG_WARN_UNREACHABLE_CODE = YES;
				CLANG_WARN__DUPLICATE_METHOD_MATCH = YES;
				COPY_PHASE_STRIP = NO;
				DEBUG_INFORMATION_FORMAT = "dwarf-with-dsym";
				ENABLE_NS_ASSERTIONS = NO;
				ENABLE_STRICT_OBJC_MSGSEND = YES;
				GCC_C_LANGUAGE_STANDARD = gnu11;
				GCC_NO_COMMON_BLOCKS = YES;
				GCC_WARN_64_TO_32_BIT_CONVERSION = YES;
				GCC_WARN_ABOUT_RETURN_TYPE = YES_ERROR;
				GCC_WARN_UNDECLARED_SELECTOR = YES;
				GCC_WARN_UNINITIALIZED_AUTOS = YES_AGGRESSIVE;
				GCC_WARN_UNUSED_FUNCTION = YES;
				GCC_WARN_UNUSED_VARIABLE = YES;
				MACOSX_DEPLOYMENT_TARGET = 12.3;
				MTL_ENABLE_DEBUG_INFO = NO;
				MTL_FAST_MATH = YES;
				SDKROOT = macosx;
			};
			name = Release;
		};
		B2250CB229584CE00067C43B /* Debug */ = {
			isa = XCBuildConfiguration;
			buildSettings = {
				CLANG_CXX_LANGUAGE_STANDARD = "c++20";
				CODE_SIGN_STYLE = Automatic;
				DEVELOPMENT_TEAM = 78KTXZ99TW;
				ENABLE_HARDENED_RUNTIME = YES;
				FRAMEWORK_SEARCH_PATHS = (
					"$(inherited)",
					/usr/local/macOS/Frameworks,
				);
				GCC_PRECOMPILE_PREFIX_HEADER = YES;
				GCC_PREFIX_HEADER = "${PROJECT_DIR}/prefix_header.pch";
				GCC_PREPROCESSOR_DEFINITIONS = (
					"DEBUG=1",
					"$(inherited)",
					IK_ENABLE_LOG,
					IK_DEBUG_FEATURE,
				);
				HEADER_SEARCH_PATHS = (
					"${PROJECT_DIR}",
					"${PROJECT_DIR}/../ikan/interface",
					"${PROJECT_DIR}/../ecs/interface",
					"${PROJECT_DIR}/../ikan/vendors/spd_log/include",
					"${PROJECT_DIR}/../ikan/vendors/imgui/imgui",
					"${PROJECT_DIR}/../ikan/vendors/glm",
					"${PROJECT_DIR}/../ikan/vendors/open_gl/glad/include",
					"${PROJECT_DIR}/../ikan/vendors/glfw/glfw/include",
					"${PROJECT_DIR}/../ikan/vendors/freetype/include/freetype2",
					"${PROJECT_DIR}/../ikan/vendors/entt/include",
					/usr/local/macOS/include,
					"${PROJECT_DIR}/../ikan/vendors/imguizmo/imguizmo",
					"${PROJECT_DIR}/../ikan/vendors/physics_2d/box_2d/include",
				);
				LIBRARY_SEARCH_PATHS = (
					"${PROJECT_DIR}/../ikan/vendors/freetype/lib",
					"${PROJECT_DIR}/../ikan/vendors/freetype/libpng/1.6.39/lib",
					/usr/local/macOS/lib,
				);
				MACOSX_DEPLOYMENT_TARGET = 13.1;
				PRODUCT_NAME = "$(TARGET_NAME)";
			};
			name = Debug;
		};
		B2250CB329584CE00067C43B /* Release */ = {
			isa = XCBuildConfiguration;
			buildSettings = {
				CLANG_CXX_LANGUAGE_STANDARD = "c++20";
				CODE_SIGN_STYLE = Automatic;
				DEVELOPMENT_TEAM = 78KTXZ99TW;
				ENABLE_HARDENED_RUNTIME = YES;
				FRAMEWORK_SEARCH_PATHS = (
					"$(inherited)",
					/usr/local/macOS/Frameworks,
				);
				GCC_OPTIMIZATION_LEVEL = fast;
				GCC_PRECOMPILE_PREFIX_HEADER = YES;
				GCC_PREFIX_HEADER = "${PROJECT_DIR}/prefix_header.pch";
				GCC_PREPROCESSOR_DEFINITIONS = "";
				HEADER_SEARCH_PATHS = (
					"${PROJECT_DIR}",
					"${PROJECT_DIR}/../ikan/interface",
					"${PROJECT_DIR}/../ecs/interface",
					"${PROJECT_DIR}/../ikan/vendors/spd_log/include",
					"${PROJECT_DIR}/../ikan/vendors/imgui/imgui",
					"${PROJECT_DIR}/../ikan/vendors/glm",
					"${PROJECT_DIR}/../ikan/vendors/open_gl/glad/include",
					"${PROJECT_DIR}/../ikan/vendors/glfw/glfw/include",
					"${PROJECT_DIR}/../ikan/vendors/freetype/include/freetype2",
					"${PROJECT_DIR}/../ikan/vendors/entt/include",
					/usr/local/macOS/include,
					"${PROJECT_DIR}/../ikan/vendors/imguizmo/imguizmo",
					"${PROJECT_DIR}/../ikan/vendors/physics_2d/box_2d/include",
				);
				LIBRARY_SEARCH_PATHS = (
					"${PROJECT_DIR}/../ikan/vendors/freetype/lib",
					"${PROJECT_DIR}/../ikan/vendors/freetype/libpng/1.6.39/lib",
					/usr/local/macOS/lib,
				);
				MACOSX_DEPLOYMENT_TARGET = 13.1;
				ONLY_ACTIVE_ARCH = YES;
				PRODUCT_NAME = "$(TARGET_NAME)";
			};
			name = Release;
		};
/* End XCBuildConfiguration section */

/* Begin XCConfigurationList section */
		B2250CA529584CE00067C43B /* Build configuration list for PBXProject "kreator" */ = {
			isa = XCConfigurationList;
			buildConfigurations = (
				B2250CAF29584CE00067C43B /* Debug */,
				B2250CB029584CE00067C43B /* Release */,
			);
			defaultConfigurationIsVisible = 0;
			defaultConfigurationName = Release;
		};
		B2250CB129584CE00067C43B /* Build configuration list for PBXNativeTarget "kreator" */ = {
			isa = XCConfigurationList;
			buildConfigurations = (
				B2250CB229584CE00067C43B /* Debug */,
				B2250CB329584CE00067C43B /* Release */,
			);
			defaultConfigurationIsVisible = 0;
			defaultConfigurationName = Release;
		};
/* End XCConfigurationList section */
	};
	rootObject = B2250CA229584CE00067C43B /* Project object */;
}
