// !$*UTF8*$!
{
	archiveVersion = 1;
	classes = {
	};
	objectVersion = 56;
	objects = {

/* Begin PBXBuildFile section */
		B2250CD7295860BC0067C43B /* entry_point.cpp in Sources */ = {isa = PBXBuildFile; fileRef = B2250CD6295860BC0067C43B /* entry_point.cpp */; };
		B2250CE3295863840067C43B /* kreator_application.cpp in Sources */ = {isa = PBXBuildFile; fileRef = B2250CE2295863840067C43B /* kreator_application.cpp */; };
		B2565EFE299E41E40087BCEC /* block.cpp in Sources */ = {isa = PBXBuildFile; fileRef = B2565EFC299E41E40087BCEC /* block.cpp */; };
		B2565F01299E47990087BCEC /* runtime_item.cpp in Sources */ = {isa = PBXBuildFile; fileRef = B2565EFF299E47990087BCEC /* runtime_item.cpp */; };
		B2565F04299E59D30087BCEC /* enemy.cpp in Sources */ = {isa = PBXBuildFile; fileRef = B2565F02299E59D30087BCEC /* enemy.cpp */; };
		B2581113295ACCF800B0EDA7 /* libikan.a in Frameworks */ = {isa = PBXBuildFile; fileRef = B2250CCC29584D1A0067C43B /* libikan.a */; };
		B2584ED9295B826900234714 /* libfreetype.6.dylib in Frameworks */ = {isa = PBXBuildFile; fileRef = B2584ED8295B826900234714 /* libfreetype.6.dylib */; };
		B2918462299CEFCB008B9D71 /* create_game_data.cpp in Sources */ = {isa = PBXBuildFile; fileRef = B2918452299CEFCB008B9D71 /* create_game_data.cpp */; };
		B2918464299CEFCB008B9D71 /* renderer_layer.cpp in Sources */ = {isa = PBXBuildFile; fileRef = B2918457299CEFCB008B9D71 /* renderer_layer.cpp */; };
		B2918465299CEFCB008B9D71 /* renderer_layer.cpp in Sources */ = {isa = PBXBuildFile; fileRef = B2918461299CEFCB008B9D71 /* renderer_layer.cpp */; };
		B2918476299CF8AA008B9D71 /* mario.cpp in Sources */ = {isa = PBXBuildFile; fileRef = B2918474299CF8AA008B9D71 /* mario.cpp */; };
		B2918487299D0FF9008B9D71 /* sprite_manager.cpp in Sources */ = {isa = PBXBuildFile; fileRef = B2918485299D0FF9008B9D71 /* sprite_manager.cpp */; };
		B291848F299D414E008B9D71 /* player.cpp in Sources */ = {isa = PBXBuildFile; fileRef = B291848D299D414E008B9D71 /* player.cpp */; };
		B2BD9DC7295C7C290076A2F9 /* libfreetype.6.dylib in CopyFiles */ = {isa = PBXBuildFile; fileRef = B2584ED8295B826900234714 /* libfreetype.6.dylib */; settings = {ATTRIBUTES = (CodeSignOnCopy, ); }; };
		B2BD9DDC295C83030076A2F9 /* libpng16.16.dylib in CopyFiles */ = {isa = PBXBuildFile; fileRef = B2BD9DD4295C7E120076A2F9 /* libpng16.16.dylib */; settings = {ATTRIBUTES = (CodeSignOnCopy, ); }; };
		B2C3BFAD296486D100D6D7C3 /* libvulkan.1.3.236.dylib in Frameworks */ = {isa = PBXBuildFile; fileRef = B2C3BFAC296486D100D6D7C3 /* libvulkan.1.3.236.dylib */; };
		B2C3BFAE296486D900D6D7C3 /* libvulkan.1.3.236.dylib in CopyFiles */ = {isa = PBXBuildFile; fileRef = B2C3BFAC296486D100D6D7C3 /* libvulkan.1.3.236.dylib */; settings = {ATTRIBUTES = (CodeSignOnCopy, ); }; };
		B2C3BFB02964872700D6D7C3 /* libvulkan.1.dylib in Frameworks */ = {isa = PBXBuildFile; fileRef = B2C3BFAF2964872700D6D7C3 /* libvulkan.1.dylib */; };
		B2C3BFB12964872C00D6D7C3 /* libvulkan.1.dylib in CopyFiles */ = {isa = PBXBuildFile; fileRef = B2C3BFAF2964872700D6D7C3 /* libvulkan.1.dylib */; settings = {ATTRIBUTES = (CodeSignOnCopy, ); }; };
		B2C3BFB32964876F00D6D7C3 /* libMoltenVK.dylib in Frameworks */ = {isa = PBXBuildFile; fileRef = B2C3BFB22964876F00D6D7C3 /* libMoltenVK.dylib */; };
		B2C3BFB42964877300D6D7C3 /* libMoltenVK.dylib in CopyFiles */ = {isa = PBXBuildFile; fileRef = B2C3BFB22964876F00D6D7C3 /* libMoltenVK.dylib */; settings = {ATTRIBUTES = (CodeSignOnCopy, ); }; };
/* End PBXBuildFile section */

/* Begin PBXCopyFilesBuildPhase section */
		B2250CA829584CE00067C43B /* CopyFiles */ = {
			isa = PBXCopyFilesBuildPhase;
			buildActionMask = 12;
			dstPath = "";
			dstSubfolderSpec = 6;
			files = (
				B2C3BFB42964877300D6D7C3 /* libMoltenVK.dylib in CopyFiles */,
				B2C3BFB12964872C00D6D7C3 /* libvulkan.1.dylib in CopyFiles */,
				B2C3BFAE296486D900D6D7C3 /* libvulkan.1.3.236.dylib in CopyFiles */,
				B2BD9DDC295C83030076A2F9 /* libpng16.16.dylib in CopyFiles */,
				B2BD9DC7295C7C290076A2F9 /* libfreetype.6.dylib in CopyFiles */,
			);
			runOnlyForDeploymentPostprocessing = 0;
		};
/* End PBXCopyFilesBuildPhase section */

/* Begin PBXFileReference section */
		B2250CAA29584CE00067C43B /* kreator */ = {isa = PBXFileReference; explicitFileType = "compiled.mach-o.executable"; includeInIndex = 0; path = kreator; sourceTree = BUILT_PRODUCTS_DIR; };
		B2250CCC29584D1A0067C43B /* libikan.a */ = {isa = PBXFileReference; explicitFileType = archive.ar; path = libikan.a; sourceTree = BUILT_PRODUCTS_DIR; };
		B2250CD029585E890067C43B /* prefix_header.pch */ = {isa = PBXFileReference; lastKnownFileType = sourcecode.c.h; path = prefix_header.pch; sourceTree = "<group>"; };
		B2250CD6295860BC0067C43B /* entry_point.cpp */ = {isa = PBXFileReference; lastKnownFileType = sourcecode.cpp.cpp; path = entry_point.cpp; sourceTree = "<group>"; };
		B2250CE2295863840067C43B /* kreator_application.cpp */ = {isa = PBXFileReference; lastKnownFileType = sourcecode.cpp.cpp; path = kreator_application.cpp; sourceTree = "<group>"; };
		B232147C2978052700845848 /* ikan_log.ikan_log */ = {isa = PBXFileReference; lastKnownFileType = text; path = ikan_log.ikan_log; sourceTree = "<group>"; wrapsLines = 0; };
		B2565EFA299E238C0087BCEC /* Mario_Scene.ikanScene */ = {isa = PBXFileReference; lastKnownFileType = text; path = Mario_Scene.ikanScene; sourceTree = "<group>"; };
		B2565EFC299E41E40087BCEC /* block.cpp */ = {isa = PBXFileReference; lastKnownFileType = sourcecode.cpp.cpp; path = block.cpp; sourceTree = "<group>"; };
		B2565EFD299E41E40087BCEC /* block.hpp */ = {isa = PBXFileReference; lastKnownFileType = sourcecode.cpp.h; path = block.hpp; sourceTree = "<group>"; };
		B2565EFF299E47990087BCEC /* runtime_item.cpp */ = {isa = PBXFileReference; lastKnownFileType = sourcecode.cpp.cpp; path = runtime_item.cpp; sourceTree = "<group>"; };
		B2565F00299E47990087BCEC /* runtime_item.hpp */ = {isa = PBXFileReference; lastKnownFileType = sourcecode.cpp.h; path = runtime_item.hpp; sourceTree = "<group>"; };
		B2565F02299E59D30087BCEC /* enemy.cpp */ = {isa = PBXFileReference; lastKnownFileType = sourcecode.cpp.cpp; path = enemy.cpp; sourceTree = "<group>"; };
		B2565F03299E59D30087BCEC /* enemy.hpp */ = {isa = PBXFileReference; lastKnownFileType = sourcecode.cpp.h; path = enemy.hpp; sourceTree = "<group>"; };
		B2584ED8295B826900234714 /* libfreetype.6.dylib */ = {isa = PBXFileReference; lastKnownFileType = "compiled.mach-o.dylib"; name = libfreetype.6.dylib; path = ../ikan/vendors/freetype/lib/libfreetype.6.dylib; sourceTree = "<group>"; };
		B2918437299CEFCA008B9D71 /* LightItalic.ttf */ = {isa = PBXFileReference; lastKnownFileType = file; path = LightItalic.ttf; sourceTree = "<group>"; };
		B2918438299CEFCA008B9D71 /* SemiMedium.ttf */ = {isa = PBXFileReference; lastKnownFileType = file; path = SemiMedium.ttf; sourceTree = "<group>"; };
		B2918439299CEFCA008B9D71 /* BlackItalic.ttf */ = {isa = PBXFileReference; lastKnownFileType = file; path = BlackItalic.ttf; sourceTree = "<group>"; };
		B291843A299CEFCA008B9D71 /* Light.ttf */ = {isa = PBXFileReference; lastKnownFileType = file; path = Light.ttf; sourceTree = "<group>"; };
		B291843B299CEFCA008B9D71 /* Italic.ttf */ = {isa = PBXFileReference; lastKnownFileType = file; path = Italic.ttf; sourceTree = "<group>"; };
		B291843C299CEFCA008B9D71 /* MediumItalic.ttf */ = {isa = PBXFileReference; lastKnownFileType = file; path = MediumItalic.ttf; sourceTree = "<group>"; };
		B291843D299CEFCA008B9D71 /* BoldItalic.ttf */ = {isa = PBXFileReference; lastKnownFileType = file; path = BoldItalic.ttf; sourceTree = "<group>"; };
		B291843E299CEFCA008B9D71 /* ThinItalic.ttf */ = {isa = PBXFileReference; lastKnownFileType = file; path = ThinItalic.ttf; sourceTree = "<group>"; };
		B291843F299CEFCA008B9D71 /* Medium.ttf */ = {isa = PBXFileReference; lastKnownFileType = file; path = Medium.ttf; sourceTree = "<group>"; };
		B2918440299CEFCA008B9D71 /* Black.ttf */ = {isa = PBXFileReference; lastKnownFileType = file; path = Black.ttf; sourceTree = "<group>"; };
		B2918441299CEFCA008B9D71 /* Bold.ttf */ = {isa = PBXFileReference; lastKnownFileType = file; path = Bold.ttf; sourceTree = "<group>"; };
		B2918442299CEFCB008B9D71 /* LICENSE.txt */ = {isa = PBXFileReference; fileEncoding = 4; lastKnownFileType = text; path = LICENSE.txt; sourceTree = "<group>"; };
		B2918443299CEFCB008B9D71 /* Regular.ttf */ = {isa = PBXFileReference; lastKnownFileType = file; path = Regular.ttf; sourceTree = "<group>"; };
		B2918444299CEFCB008B9D71 /* Thin.ttf */ = {isa = PBXFileReference; lastKnownFileType = file; path = Thin.ttf; sourceTree = "<group>"; };
		B2918446299CEFCB008B9D71 /* LightItalic.ttf */ = {isa = PBXFileReference; lastKnownFileType = file; path = LightItalic.ttf; sourceTree = "<group>"; };
		B2918447299CEFCB008B9D71 /* Light.ttf */ = {isa = PBXFileReference; lastKnownFileType = file; path = Light.ttf; sourceTree = "<group>"; };
		B2918448299CEFCB008B9D71 /* SemiBold.ttf */ = {isa = PBXFileReference; lastKnownFileType = file; path = SemiBold.ttf; sourceTree = "<group>"; };
		B2918449299CEFCB008B9D71 /* Italic.ttf */ = {isa = PBXFileReference; lastKnownFileType = file; path = Italic.ttf; sourceTree = "<group>"; };
		B291844A299CEFCB008B9D71 /* BoldItalic.ttf */ = {isa = PBXFileReference; lastKnownFileType = file; path = BoldItalic.ttf; sourceTree = "<group>"; };
		B291844B299CEFCB008B9D71 /* ExtraBoldItalic.ttf */ = {isa = PBXFileReference; lastKnownFileType = file; path = ExtraBoldItalic.ttf; sourceTree = "<group>"; };
		B291844C299CEFCB008B9D71 /* ExtraBold.ttf */ = {isa = PBXFileReference; lastKnownFileType = file; path = ExtraBold.ttf; sourceTree = "<group>"; };
		B291844D299CEFCB008B9D71 /* Bold.ttf */ = {isa = PBXFileReference; lastKnownFileType = file; path = Bold.ttf; sourceTree = "<group>"; };
		B291844E299CEFCB008B9D71 /* LICENSE.txt */ = {isa = PBXFileReference; fileEncoding = 4; lastKnownFileType = text; path = LICENSE.txt; sourceTree = "<group>"; };
		B291844F299CEFCB008B9D71 /* Regular.ttf */ = {isa = PBXFileReference; lastKnownFileType = file; path = Regular.ttf; sourceTree = "<group>"; };
		B2918450299CEFCB008B9D71 /* SemiBoldItalic.ttf */ = {isa = PBXFileReference; lastKnownFileType = file; path = SemiBoldItalic.ttf; sourceTree = "<group>"; };
		B2918452299CEFCB008B9D71 /* create_game_data.cpp */ = {isa = PBXFileReference; fileEncoding = 4; lastKnownFileType = sourcecode.cpp.cpp; path = create_game_data.cpp; sourceTree = "<group>"; };
		B2918454299CEFCB008B9D71 /* renderer_layer.hpp */ = {isa = PBXFileReference; fileEncoding = 4; lastKnownFileType = sourcecode.cpp.h; path = renderer_layer.hpp; sourceTree = "<group>"; };
		B2918455299CEFCB008B9D71 /* game_data.hpp */ = {isa = PBXFileReference; fileEncoding = 4; lastKnownFileType = sourcecode.cpp.h; path = game_data.hpp; sourceTree = "<group>"; };
		B2918457299CEFCB008B9D71 /* renderer_layer.cpp */ = {isa = PBXFileReference; fileEncoding = 4; lastKnownFileType = sourcecode.cpp.cpp; path = renderer_layer.cpp; sourceTree = "<group>"; };
		B291845A299CEFCB008B9D71 /* ray_tracing.png */ = {isa = PBXFileReference; lastKnownFileType = image.png; path = ray_tracing.png; sourceTree = "<group>"; };
		B291845C299CEFCB008B9D71 /* ray_tracing_1.jpg */ = {isa = PBXFileReference; lastKnownFileType = image.jpeg; path = ray_tracing_1.jpg; sourceTree = "<group>"; };
		B291845D299CEFCB008B9D71 /* ray_tracing.ini */ = {isa = PBXFileReference; fileEncoding = 4; lastKnownFileType = text; path = ray_tracing.ini; sourceTree = "<group>"; };
		B2918460299CEFCB008B9D71 /* renderer_layer.hpp */ = {isa = PBXFileReference; fileEncoding = 4; lastKnownFileType = sourcecode.cpp.h; path = renderer_layer.hpp; sourceTree = "<group>"; };
		B2918461299CEFCB008B9D71 /* renderer_layer.cpp */ = {isa = PBXFileReference; fileEncoding = 4; lastKnownFileType = sourcecode.cpp.cpp; path = renderer_layer.cpp; sourceTree = "<group>"; };
		B2918470299CF85A008B9D71 /* ikan_mario.ini */ = {isa = PBXFileReference; fileEncoding = 4; lastKnownFileType = text; path = ikan_mario.ini; sourceTree = "<group>"; };
		B2918474299CF8AA008B9D71 /* mario.cpp */ = {isa = PBXFileReference; lastKnownFileType = sourcecode.cpp.cpp; path = mario.cpp; sourceTree = "<group>"; };
		B2918475299CF8AA008B9D71 /* mario.hpp */ = {isa = PBXFileReference; lastKnownFileType = sourcecode.cpp.h; path = mario.hpp; sourceTree = "<group>"; };
		B2918485299D0FF9008B9D71 /* sprite_manager.cpp */ = {isa = PBXFileReference; lastKnownFileType = sourcecode.cpp.cpp; path = sprite_manager.cpp; sourceTree = "<group>"; };
		B2918486299D0FF9008B9D71 /* sprite_manager.hpp */ = {isa = PBXFileReference; lastKnownFileType = sourcecode.cpp.h; path = sprite_manager.hpp; sourceTree = "<group>"; };
		B291848D299D414E008B9D71 /* player.cpp */ = {isa = PBXFileReference; lastKnownFileType = sourcecode.cpp.cpp; path = player.cpp; sourceTree = "<group>"; };
		B291848E299D414E008B9D71 /* player.hpp */ = {isa = PBXFileReference; lastKnownFileType = sourcecode.cpp.h; path = player.hpp; sourceTree = "<group>"; };
		B2BD9DCB295C7D3C0076A2F9 /* libfreetype.dylib */ = {isa = PBXFileReference; lastKnownFileType = "compiled.mach-o.dylib"; path = libfreetype.dylib; sourceTree = "<group>"; };
		B2BD9DCD295C7D3C0076A2F9 /* libpng16.pc */ = {isa = PBXFileReference; lastKnownFileType = text; path = libpng16.pc; sourceTree = "<group>"; };
		B2BD9DCE295C7D3C0076A2F9 /* libpng.pc */ = {isa = PBXFileReference; lastKnownFileType = text; path = libpng.pc; sourceTree = "<group>"; };
		B2BD9DCF295C7D3C0076A2F9 /* libpng16.a */ = {isa = PBXFileReference; lastKnownFileType = archive.ar; path = libpng16.a; sourceTree = "<group>"; };
		B2BD9DD0295C7D3C0076A2F9 /* libpng.a */ = {isa = PBXFileReference; lastKnownFileType = archive.ar; path = libpng.a; sourceTree = "<group>"; };
		B2BD9DD1295C7D3C0076A2F9 /* libfreetype.6.dylib */ = {isa = PBXFileReference; lastKnownFileType = "compiled.mach-o.dylib"; path = libfreetype.6.dylib; sourceTree = "<group>"; };
		B2BD9DD2295C7D3C0076A2F9 /* libpng.dylib */ = {isa = PBXFileReference; lastKnownFileType = "compiled.mach-o.dylib"; path = libpng.dylib; sourceTree = "<group>"; };
		B2BD9DD3295C7D3C0076A2F9 /* libpng16.dylib */ = {isa = PBXFileReference; lastKnownFileType = "compiled.mach-o.dylib"; path = libpng16.dylib; sourceTree = "<group>"; };
		B2BD9DD4295C7E120076A2F9 /* libpng16.16.dylib */ = {isa = PBXFileReference; lastKnownFileType = "compiled.mach-o.dylib"; name = libpng16.16.dylib; path = ../ikan/vendors/freetype/libpng/1.6.39/lib/libpng16.16.dylib; sourceTree = "<group>"; };
		B2C3BFAC296486D100D6D7C3 /* libvulkan.1.3.236.dylib */ = {isa = PBXFileReference; lastKnownFileType = "compiled.mach-o.dylib"; name = libvulkan.1.3.236.dylib; path = ../../../../../../../usr/local/macOS/lib/libvulkan.1.3.236.dylib; sourceTree = "<group>"; };
		B2C3BFAF2964872700D6D7C3 /* libvulkan.1.dylib */ = {isa = PBXFileReference; lastKnownFileType = "compiled.mach-o.dylib"; name = libvulkan.1.dylib; path = ../../../../../../../usr/local/macOS/lib/libvulkan.1.dylib; sourceTree = "<group>"; };
		B2C3BFB22964876F00D6D7C3 /* libMoltenVK.dylib */ = {isa = PBXFileReference; lastKnownFileType = "compiled.mach-o.dylib"; name = libMoltenVK.dylib; path = ../../../../../../../usr/local/macOS/lib/libMoltenVK.dylib; sourceTree = "<group>"; };
		B2DAAB76296544CB003578D9 /* vulkan_entry_point.h */ = {isa = PBXFileReference; lastKnownFileType = sourcecode.c.h; path = vulkan_entry_point.h; sourceTree = "<group>"; };
/* End PBXFileReference section */

/* Begin PBXFrameworksBuildPhase section */
		B2250CA729584CE00067C43B /* Frameworks */ = {
			isa = PBXFrameworksBuildPhase;
			buildActionMask = 2147483647;
			files = (
				B2C3BFB32964876F00D6D7C3 /* libMoltenVK.dylib in Frameworks */,
				B2C3BFAD296486D100D6D7C3 /* libvulkan.1.3.236.dylib in Frameworks */,
				B2584ED9295B826900234714 /* libfreetype.6.dylib in Frameworks */,
				B2C3BFB02964872700D6D7C3 /* libvulkan.1.dylib in Frameworks */,
				B2581113295ACCF800B0EDA7 /* libikan.a in Frameworks */,
			);
			runOnlyForDeploymentPostprocessing = 0;
		};
/* End PBXFrameworksBuildPhase section */

/* Begin PBXGroup section */
		B2250CA129584CE00067C43B = {
			isa = PBXGroup;
			children = (
				B2250CD029585E890067C43B /* prefix_header.pch */,
				B232147B2978052700845848 /* log */,
				B2250CD5295860700067C43B /* entry_point */,
				B2250CE12958636C0067C43B /* application */,
				B2918432299CEFCA008B9D71 /* layers */,
				B2250CAB29584CE00067C43B /* Products */,
				B2250CCB29584D1A0067C43B /* Frameworks */,
			);
			sourceTree = "<group>";
		};
		B2250CAB29584CE00067C43B /* Products */ = {
			isa = PBXGroup;
			children = (
				B2250CAA29584CE00067C43B /* kreator */,
			);
			name = Products;
			sourceTree = "<group>";
		};
		B2250CCB29584D1A0067C43B /* Frameworks */ = {
			isa = PBXGroup;
			children = (
				B2C3BFB22964876F00D6D7C3 /* libMoltenVK.dylib */,
				B2C3BFAF2964872700D6D7C3 /* libvulkan.1.dylib */,
				B2C3BFAC296486D100D6D7C3 /* libvulkan.1.3.236.dylib */,
				B2BD9DCA295C7D3C0076A2F9 /* lib */,
				B2BD9DD4295C7E120076A2F9 /* libpng16.16.dylib */,
				B2584ED8295B826900234714 /* libfreetype.6.dylib */,
				B2250CCC29584D1A0067C43B /* libikan.a */,
			);
			name = Frameworks;
			sourceTree = "<group>";
		};
		B2250CD5295860700067C43B /* entry_point */ = {
			isa = PBXGroup;
			children = (
				B2250CD6295860BC0067C43B /* entry_point.cpp */,
				B2DAAB76296544CB003578D9 /* vulkan_entry_point.h */,
			);
			path = entry_point;
			sourceTree = "<group>";
		};
		B2250CE12958636C0067C43B /* application */ = {
			isa = PBXGroup;
			children = (
				B2250CE2295863840067C43B /* kreator_application.cpp */,
			);
			path = application;
			sourceTree = "<group>";
		};
		B232147B2978052700845848 /* log */ = {
			isa = PBXGroup;
			children = (
				B232147C2978052700845848 /* ikan_log.ikan_log */,
			);
			name = log;
			path = ../log;
			sourceTree = "<group>";
		};
		B2565EF8299E238C0087BCEC /* scenes */ = {
			isa = PBXGroup;
			children = (
				B2565EFA299E238C0087BCEC /* Mario_Scene.ikanScene */,
			);
			path = scenes;
			sourceTree = "<group>";
		};
		B2918432299CEFCA008B9D71 /* layers */ = {
			isa = PBXGroup;
			children = (
				B2918433299CEFCA008B9D71 /* ikan_game_editor */,
				B2918458299CEFCB008B9D71 /* ray_tracing */,
			);
			path = layers;
			sourceTree = SOURCE_ROOT;
		};
		B2918433299CEFCA008B9D71 /* ikan_game_editor */ = {
			isa = PBXGroup;
			children = (
				B2918434299CEFCA008B9D71 /* game_assets */,
				B2918451299CEFCB008B9D71 /* client */,
				B2918453299CEFCB008B9D71 /* src */,
				B291846C299CF85A008B9D71 /* games */,
			);
			path = ikan_game_editor;
			sourceTree = "<group>";
		};
		B2918434299CEFCA008B9D71 /* game_assets */ = {
			isa = PBXGroup;
			children = (
				B2918435299CEFCA008B9D71 /* fonts */,
			);
			path = game_assets;
			sourceTree = "<group>";
		};
		B2918435299CEFCA008B9D71 /* fonts */ = {
			isa = PBXGroup;
			children = (
				B2918436299CEFCA008B9D71 /* Roboto */,
				B2918445299CEFCB008B9D71 /* Opensans */,
			);
			path = fonts;
			sourceTree = "<group>";
		};
		B2918436299CEFCA008B9D71 /* Roboto */ = {
			isa = PBXGroup;
			children = (
				B2918437299CEFCA008B9D71 /* LightItalic.ttf */,
				B2918438299CEFCA008B9D71 /* SemiMedium.ttf */,
				B2918439299CEFCA008B9D71 /* BlackItalic.ttf */,
				B291843A299CEFCA008B9D71 /* Light.ttf */,
				B291843B299CEFCA008B9D71 /* Italic.ttf */,
				B291843C299CEFCA008B9D71 /* MediumItalic.ttf */,
				B291843D299CEFCA008B9D71 /* BoldItalic.ttf */,
				B291843E299CEFCA008B9D71 /* ThinItalic.ttf */,
				B291843F299CEFCA008B9D71 /* Medium.ttf */,
				B2918440299CEFCA008B9D71 /* Black.ttf */,
				B2918441299CEFCA008B9D71 /* Bold.ttf */,
				B2918442299CEFCB008B9D71 /* LICENSE.txt */,
				B2918443299CEFCB008B9D71 /* Regular.ttf */,
				B2918444299CEFCB008B9D71 /* Thin.ttf */,
			);
			path = Roboto;
			sourceTree = "<group>";
		};
		B2918445299CEFCB008B9D71 /* Opensans */ = {
			isa = PBXGroup;
			children = (
				B2918446299CEFCB008B9D71 /* LightItalic.ttf */,
				B2918447299CEFCB008B9D71 /* Light.ttf */,
				B2918448299CEFCB008B9D71 /* SemiBold.ttf */,
				B2918449299CEFCB008B9D71 /* Italic.ttf */,
				B291844A299CEFCB008B9D71 /* BoldItalic.ttf */,
				B291844B299CEFCB008B9D71 /* ExtraBoldItalic.ttf */,
				B291844C299CEFCB008B9D71 /* ExtraBold.ttf */,
				B291844D299CEFCB008B9D71 /* Bold.ttf */,
				B291844E299CEFCB008B9D71 /* LICENSE.txt */,
				B291844F299CEFCB008B9D71 /* Regular.ttf */,
				B2918450299CEFCB008B9D71 /* SemiBoldItalic.ttf */,
			);
			path = Opensans;
			sourceTree = "<group>";
		};
		B2918451299CEFCB008B9D71 /* client */ = {
			isa = PBXGroup;
			children = (
				B2918452299CEFCB008B9D71 /* create_game_data.cpp */,
			);
			path = client;
			sourceTree = "<group>";
		};
		B2918453299CEFCB008B9D71 /* src */ = {
			isa = PBXGroup;
			children = (
				B2918457299CEFCB008B9D71 /* renderer_layer.cpp */,
				B2918454299CEFCB008B9D71 /* renderer_layer.hpp */,
				B2918455299CEFCB008B9D71 /* game_data.hpp */,
			);
			path = src;
			sourceTree = "<group>";
		};
		B2918458299CEFCB008B9D71 /* ray_tracing */ = {
			isa = PBXGroup;
			children = (
				B2918459299CEFCB008B9D71 /* output */,
				B291845B299CEFCB008B9D71 /* document */,
				B291845D299CEFCB008B9D71 /* ray_tracing.ini */,
				B291845E299CEFCB008B9D71 /* assets */,
				B291845F299CEFCB008B9D71 /* src */,
			);
			path = ray_tracing;
			sourceTree = "<group>";
		};
		B2918459299CEFCB008B9D71 /* output */ = {
			isa = PBXGroup;
			children = (
				B291845A299CEFCB008B9D71 /* ray_tracing.png */,
			);
			path = output;
			sourceTree = "<group>";
		};
		B291845B299CEFCB008B9D71 /* document */ = {
			isa = PBXGroup;
			children = (
				B291845C299CEFCB008B9D71 /* ray_tracing_1.jpg */,
			);
			path = document;
			sourceTree = "<group>";
		};
		B291845E299CEFCB008B9D71 /* assets */ = {
			isa = PBXGroup;
			children = (
			);
			path = assets;
			sourceTree = "<group>";
		};
		B291845F299CEFCB008B9D71 /* src */ = {
			isa = PBXGroup;
			children = (
				B2918460299CEFCB008B9D71 /* renderer_layer.hpp */,
				B2918461299CEFCB008B9D71 /* renderer_layer.cpp */,
			);
			path = src;
			sourceTree = "<group>";
		};
		B291846C299CF85A008B9D71 /* games */ = {
			isa = PBXGroup;
			children = (
				B291846D299CF85A008B9D71 /* mario */,
			);
			name = games;
			path = layers/ikan_game_editor/games;
			sourceTree = SOURCE_ROOT;
		};
		B291846D299CF85A008B9D71 /* mario */ = {
			isa = PBXGroup;
			children = (
				B291846E299CF85A008B9D71 /* assets */,
				B2918471299CF873008B9D71 /* src */,
			);
			path = mario;
			sourceTree = "<group>";
		};
		B291846E299CF85A008B9D71 /* assets */ = {
			isa = PBXGroup;
			children = (
				B2565EF8299E238C0087BCEC /* scenes */,
				B291846F299CF85A008B9D71 /* ini */,
			);
			path = assets;
			sourceTree = "<group>";
		};
		B291846F299CF85A008B9D71 /* ini */ = {
			isa = PBXGroup;
			children = (
				B2918470299CF85A008B9D71 /* ikan_mario.ini */,
			);
			path = ini;
			sourceTree = "<group>";
		};
		B2918471299CF873008B9D71 /* src */ = {
			isa = PBXGroup;
			children = (
				B2918474299CF8AA008B9D71 /* mario.cpp */,
				B2918475299CF8AA008B9D71 /* mario.hpp */,
				B2918485299D0FF9008B9D71 /* sprite_manager.cpp */,
				B2918486299D0FF9008B9D71 /* sprite_manager.hpp */,
				B291848D299D414E008B9D71 /* player.cpp */,
				B291848E299D414E008B9D71 /* player.hpp */,
				B2565EFC299E41E40087BCEC /* block.cpp */,
				B2565EFD299E41E40087BCEC /* block.hpp */,
				B2565EFF299E47990087BCEC /* runtime_item.cpp */,
				B2565F00299E47990087BCEC /* runtime_item.hpp */,
				B2565F02299E59D30087BCEC /* enemy.cpp */,
				B2565F03299E59D30087BCEC /* enemy.hpp */,
			);
			path = src;
			sourceTree = "<group>";
		};
		B2BD9DCA295C7D3C0076A2F9 /* lib */ = {
			isa = PBXGroup;
			children = (
				B2BD9DCB295C7D3C0076A2F9 /* libfreetype.dylib */,
				B2BD9DCC295C7D3C0076A2F9 /* pkgconfig */,
				B2BD9DCF295C7D3C0076A2F9 /* libpng16.a */,
				B2BD9DD0295C7D3C0076A2F9 /* libpng.a */,
				B2BD9DD1295C7D3C0076A2F9 /* libfreetype.6.dylib */,
				B2BD9DD2295C7D3C0076A2F9 /* libpng.dylib */,
				B2BD9DD3295C7D3C0076A2F9 /* libpng16.dylib */,
			);
			name = lib;
			path = ../ikan/vendors/freetype/libpng/1.6.39/lib;
			sourceTree = "<group>";
		};
		B2BD9DCC295C7D3C0076A2F9 /* pkgconfig */ = {
			isa = PBXGroup;
			children = (
				B2BD9DCD295C7D3C0076A2F9 /* libpng16.pc */,
				B2BD9DCE295C7D3C0076A2F9 /* libpng.pc */,
			);
			path = pkgconfig;
			sourceTree = "<group>";
		};
/* End PBXGroup section */

/* Begin PBXNativeTarget section */
		B2250CA929584CE00067C43B /* kreator */ = {
			isa = PBXNativeTarget;
			buildConfigurationList = B2250CB129584CE00067C43B /* Build configuration list for PBXNativeTarget "kreator" */;
			buildPhases = (
				B2250CA829584CE00067C43B /* CopyFiles */,
				B2250CA629584CE00067C43B /* Sources */,
				B2250CA729584CE00067C43B /* Frameworks */,
			);
			buildRules = (
			);
			dependencies = (
			);
			name = kreator;
			productName = kreator;
			productReference = B2250CAA29584CE00067C43B /* kreator */;
			productType = "com.apple.product-type.tool";
		};
/* End PBXNativeTarget section */

/* Begin PBXProject section */
		B2250CA229584CE00067C43B /* Project object */ = {
			isa = PBXProject;
			attributes = {
				BuildIndependentTargetsInParallel = 1;
				LastUpgradeCheck = 1420;
				TargetAttributes = {
					B2250CA929584CE00067C43B = {
						CreatedOnToolsVersion = 14.2;
					};
				};
			};
			buildConfigurationList = B2250CA529584CE00067C43B /* Build configuration list for PBXProject "kreator" */;
			compatibilityVersion = "Xcode 14.0";
			developmentRegion = en;
			hasScannedForEncodings = 0;
			knownRegions = (
				en,
				Base,
			);
			mainGroup = B2250CA129584CE00067C43B;
			productRefGroup = B2250CAB29584CE00067C43B /* Products */;
			projectDirPath = "";
			projectRoot = "";
			targets = (
				B2250CA929584CE00067C43B /* kreator */,
			);
		};
/* End PBXProject section */

/* Begin PBXSourcesBuildPhase section */
		B2250CA629584CE00067C43B /* Sources */ = {
			isa = PBXSourcesBuildPhase;
			buildActionMask = 2147483647;
			files = (
				B291848F299D414E008B9D71 /* player.cpp in Sources */,
				B2918476299CF8AA008B9D71 /* mario.cpp in Sources */,
				B2565EFE299E41E40087BCEC /* block.cpp in Sources */,
				B2250CD7295860BC0067C43B /* entry_point.cpp in Sources */,
				B2918465299CEFCB008B9D71 /* renderer_layer.cpp in Sources */,
				B2565F01299E47990087BCEC /* runtime_item.cpp in Sources */,
				B2250CE3295863840067C43B /* kreator_application.cpp in Sources */,
				B2565F04299E59D30087BCEC /* enemy.cpp in Sources */,
				B2918464299CEFCB008B9D71 /* renderer_layer.cpp in Sources */,
				B2918462299CEFCB008B9D71 /* create_game_data.cpp in Sources */,
				B2918487299D0FF9008B9D71 /* sprite_manager.cpp in Sources */,
			);
			runOnlyForDeploymentPostprocessing = 0;
		};
/* End PBXSourcesBuildPhase section */

/* Begin XCBuildConfiguration section */
		B2250CAF29584CE00067C43B /* Debug */ = {
			isa = XCBuildConfiguration;
			buildSettings = {
				ALWAYS_SEARCH_USER_PATHS = NO;
				CLANG_ANALYZER_NONNULL = YES;
				CLANG_ANALYZER_NUMBER_OBJECT_CONVERSION = YES_AGGRESSIVE;
				CLANG_CXX_LANGUAGE_STANDARD = "gnu++20";
				CLANG_ENABLE_MODULES = YES;
				CLANG_ENABLE_OBJC_ARC = YES;
				CLANG_ENABLE_OBJC_WEAK = YES;
				CLANG_WARN_BLOCK_CAPTURE_AUTORELEASING = YES;
				CLANG_WARN_BOOL_CONVERSION = YES;
				CLANG_WARN_COMMA = YES;
				CLANG_WARN_CONSTANT_CONVERSION = YES;
				CLANG_WARN_DEPRECATED_OBJC_IMPLEMENTATIONS = YES;
				CLANG_WARN_DIRECT_OBJC_ISA_USAGE = YES_ERROR;
				CLANG_WARN_DOCUMENTATION_COMMENTS = YES;
				CLANG_WARN_EMPTY_BODY = YES;
				CLANG_WARN_ENUM_CONVERSION = YES;
				CLANG_WARN_INFINITE_RECURSION = YES;
				CLANG_WARN_INT_CONVERSION = YES;
				CLANG_WARN_NON_LITERAL_NULL_CONVERSION = YES;
				CLANG_WARN_OBJC_IMPLICIT_RETAIN_SELF = YES;
				CLANG_WARN_OBJC_LITERAL_CONVERSION = YES;
				CLANG_WARN_OBJC_ROOT_CLASS = YES_ERROR;
				CLANG_WARN_QUOTED_INCLUDE_IN_FRAMEWORK_HEADER = YES;
				CLANG_WARN_RANGE_LOOP_ANALYSIS = YES;
				CLANG_WARN_STRICT_PROTOTYPES = YES;
				CLANG_WARN_SUSPICIOUS_MOVE = YES;
				CLANG_WARN_UNGUARDED_AVAILABILITY = YES_AGGRESSIVE;
				CLANG_WARN_UNREACHABLE_CODE = YES;
				CLANG_WARN__DUPLICATE_METHOD_MATCH = YES;
				COPY_PHASE_STRIP = NO;
				DEBUG_INFORMATION_FORMAT = dwarf;
				ENABLE_STRICT_OBJC_MSGSEND = YES;
				ENABLE_TESTABILITY = YES;
				GCC_C_LANGUAGE_STANDARD = gnu11;
				GCC_DYNAMIC_NO_PIC = NO;
				GCC_NO_COMMON_BLOCKS = YES;
				GCC_OPTIMIZATION_LEVEL = 0;
				GCC_PREPROCESSOR_DEFINITIONS = (
					"DEBUG=1",
					"$(inherited)",
				);
				GCC_WARN_64_TO_32_BIT_CONVERSION = YES;
				GCC_WARN_ABOUT_RETURN_TYPE = YES_ERROR;
				GCC_WARN_UNDECLARED_SELECTOR = YES;
				GCC_WARN_UNINITIALIZED_AUTOS = YES_AGGRESSIVE;
				GCC_WARN_UNUSED_FUNCTION = YES;
				GCC_WARN_UNUSED_VARIABLE = YES;
				MACOSX_DEPLOYMENT_TARGET = 12.3;
				MTL_ENABLE_DEBUG_INFO = INCLUDE_SOURCE;
				MTL_FAST_MATH = YES;
				ONLY_ACTIVE_ARCH = YES;
				SDKROOT = macosx;
			};
			name = Debug;
		};
		B2250CB029584CE00067C43B /* Release */ = {
			isa = XCBuildConfiguration;
			buildSettings = {
				ALWAYS_SEARCH_USER_PATHS = NO;
				CLANG_ANALYZER_NONNULL = YES;
				CLANG_ANALYZER_NUMBER_OBJECT_CONVERSION = YES_AGGRESSIVE;
				CLANG_CXX_LANGUAGE_STANDARD = "gnu++20";
				CLANG_ENABLE_MODULES = YES;
				CLANG_ENABLE_OBJC_ARC = YES;
				CLANG_ENABLE_OBJC_WEAK = YES;
				CLANG_WARN_BLOCK_CAPTURE_AUTORELEASING = YES;
				CLANG_WARN_BOOL_CONVERSION = YES;
				CLANG_WARN_COMMA = YES;
				CLANG_WARN_CONSTANT_CONVERSION = YES;
				CLANG_WARN_DEPRECATED_OBJC_IMPLEMENTATIONS = YES;
				CLANG_WARN_DIRECT_OBJC_ISA_USAGE = YES_ERROR;
				CLANG_WARN_DOCUMENTATION_COMMENTS = YES;
				CLANG_WARN_EMPTY_BODY = YES;
				CLANG_WARN_ENUM_CONVERSION = YES;
				CLANG_WARN_INFINITE_RECURSION = YES;
				CLANG_WARN_INT_CONVERSION = YES;
				CLANG_WARN_NON_LITERAL_NULL_CONVERSION = YES;
				CLANG_WARN_OBJC_IMPLICIT_RETAIN_SELF = YES;
				CLANG_WARN_OBJC_LITERAL_CONVERSION = YES;
				CLANG_WARN_OBJC_ROOT_CLASS = YES_ERROR;
				CLANG_WARN_QUOTED_INCLUDE_IN_FRAMEWORK_HEADER = YES;
				CLANG_WARN_RANGE_LOOP_ANALYSIS = YES;
				CLANG_WARN_STRICT_PROTOTYPES = YES;
				CLANG_WARN_SUSPICIOUS_MOVE = YES;
				CLANG_WARN_UNGUARDED_AVAILABILITY = YES_AGGRESSIVE;
				CLANG_WARN_UNREACHABLE_CODE = YES;
				CLANG_WARN__DUPLICATE_METHOD_MATCH = YES;
				COPY_PHASE_STRIP = NO;
				DEBUG_INFORMATION_FORMAT = "dwarf-with-dsym";
				ENABLE_NS_ASSERTIONS = NO;
				ENABLE_STRICT_OBJC_MSGSEND = YES;
				GCC_C_LANGUAGE_STANDARD = gnu11;
				GCC_NO_COMMON_BLOCKS = YES;
				GCC_WARN_64_TO_32_BIT_CONVERSION = YES;
				GCC_WARN_ABOUT_RETURN_TYPE = YES_ERROR;
				GCC_WARN_UNDECLARED_SELECTOR = YES;
				GCC_WARN_UNINITIALIZED_AUTOS = YES_AGGRESSIVE;
				GCC_WARN_UNUSED_FUNCTION = YES;
				GCC_WARN_UNUSED_VARIABLE = YES;
				MACOSX_DEPLOYMENT_TARGET = 12.3;
				MTL_ENABLE_DEBUG_INFO = NO;
				MTL_FAST_MATH = YES;
				SDKROOT = macosx;
			};
			name = Release;
		};
		B2250CB229584CE00067C43B /* Debug */ = {
			isa = XCBuildConfiguration;
			buildSettings = {
				CLANG_CXX_LANGUAGE_STANDARD = "c++20";
				CODE_SIGN_STYLE = Automatic;
				DEVELOPMENT_TEAM = 78KTXZ99TW;
				ENABLE_HARDENED_RUNTIME = YES;
				FRAMEWORK_SEARCH_PATHS = (
					"$(inherited)",
					/usr/local/macOS/Frameworks,
				);
				GCC_PRECOMPILE_PREFIX_HEADER = YES;
				GCC_PREFIX_HEADER = "${PROJECT_DIR}/prefix_header.pch";
				GCC_PREPROCESSOR_DEFINITIONS = (
					"DEBUG=1",
					"$(inherited)",
					IK_ENABLE_LOG,
					IK_DEBUG_FEATURE,
				);
				HEADER_SEARCH_PATHS = (
					"${PROJECT_DIR}",
					"${PROJECT_DIR}/../ikan/interface",
					"${PROJECT_DIR}/../ecs/interface",
					"${PROJECT_DIR}/../ikan/vendors/spd_log/include",
					"${PROJECT_DIR}/../ikan/vendors/imgui/imgui",
					"${PROJECT_DIR}/../ikan/vendors/glm",
					"${PROJECT_DIR}/../ikan/vendors/open_gl/glad/include",
					"${PROJECT_DIR}/../ikan/vendors/glfw/glfw/include",
					"${PROJECT_DIR}/../ikan/vendors/freetype/include/freetype2",
					"${PROJECT_DIR}/../ikan/vendors/entt/include",
					/usr/local/macOS/include,
					"${PROJECT_DIR}/../ikan/vendors/imguizmo/imguizmo",
					"${PROJECT_DIR}/../ikan/vendors/physics_2d/box_2d/include",
				);
				LIBRARY_SEARCH_PATHS = (
					"${PROJECT_DIR}/../ikan/vendors/freetype/lib",
					"${PROJECT_DIR}/../ikan/vendors/freetype/libpng/1.6.39/lib",
					/usr/local/macOS/lib,
				);
				MACOSX_DEPLOYMENT_TARGET = 13.1;
				PRODUCT_NAME = "$(TARGET_NAME)";
			};
			name = Debug;
		};
		B2250CB329584CE00067C43B /* Release */ = {
			isa = XCBuildConfiguration;
			buildSettings = {
				CLANG_CXX_LANGUAGE_STANDARD = "c++20";
				CODE_SIGN_STYLE = Automatic;
				DEVELOPMENT_TEAM = 78KTXZ99TW;
				ENABLE_HARDENED_RUNTIME = YES;
				FRAMEWORK_SEARCH_PATHS = (
					"$(inherited)",
					/usr/local/macOS/Frameworks,
				);
				GCC_OPTIMIZATION_LEVEL = fast;
				GCC_PRECOMPILE_PREFIX_HEADER = YES;
				GCC_PREFIX_HEADER = "${PROJECT_DIR}/prefix_header.pch";
				GCC_PREPROCESSOR_DEFINITIONS = "";
				HEADER_SEARCH_PATHS = (
					"${PROJECT_DIR}",
					"${PROJECT_DIR}/../ikan/interface",
					"${PROJECT_DIR}/../ecs/interface",
					"${PROJECT_DIR}/../ikan/vendors/spd_log/include",
					"${PROJECT_DIR}/../ikan/vendors/imgui/imgui",
					"${PROJECT_DIR}/../ikan/vendors/glm",
					"${PROJECT_DIR}/../ikan/vendors/open_gl/glad/include",
					"${PROJECT_DIR}/../ikan/vendors/glfw/glfw/include",
					"${PROJECT_DIR}/../ikan/vendors/freetype/include/freetype2",
					"${PROJECT_DIR}/../ikan/vendors/entt/include",
					/usr/local/macOS/include,
					"${PROJECT_DIR}/../ikan/vendors/imguizmo/imguizmo",
					"${PROJECT_DIR}/../ikan/vendors/physics_2d/box_2d/include",
				);
				LIBRARY_SEARCH_PATHS = (
					"${PROJECT_DIR}/../ikan/vendors/freetype/lib",
					"${PROJECT_DIR}/../ikan/vendors/freetype/libpng/1.6.39/lib",
					/usr/local/macOS/lib,
				);
				MACOSX_DEPLOYMENT_TARGET = 13.1;
				ONLY_ACTIVE_ARCH = YES;
				PRODUCT_NAME = "$(TARGET_NAME)";
			};
			name = Release;
		};
/* End XCBuildConfiguration section */

/* Begin XCConfigurationList section */
		B2250CA529584CE00067C43B /* Build configuration list for PBXProject "kreator" */ = {
			isa = XCConfigurationList;
			buildConfigurations = (
				B2250CAF29584CE00067C43B /* Debug */,
				B2250CB029584CE00067C43B /* Release */,
			);
			defaultConfigurationIsVisible = 0;
			defaultConfigurationName = Release;
		};
		B2250CB129584CE00067C43B /* Build configuration list for PBXNativeTarget "kreator" */ = {
			isa = XCConfigurationList;
			buildConfigurations = (
				B2250CB229584CE00067C43B /* Debug */,
				B2250CB329584CE00067C43B /* Release */,
			);
			defaultConfigurationIsVisible = 0;
			defaultConfigurationName = Release;
		};
/* End XCConfigurationList section */
	};
	rootObject = B2250CA229584CE00067C43B /* Project object */;
}
